{
  "version": 4,
  "terraform_version": "1.14.3",
  "serial": 80,
  "lineage": "fef57420-2982-4f4a-4b69-cf4bc7378629",
  "outputs": {
    "api_service_account_email": {
      "value": "hauslet-api-sa@hauslet-486322.iam.gserviceaccount.com",
      "type": "string"
    },
    "artifact_registry_url": {
      "value": "africa-south1-docker.pkg.dev/hauslet-486322/hauslet",
      "type": "string"
    },
    "build_artifacts_bucket": {
      "value": "hauslet-486322-build-artifacts",
      "type": "string"
    },
    "load_balancer_ip": {
      "value": "136.110.176.204",
      "type": "string"
    },
    "scheduler_jobs": {
      "value": {
        "booking_completion": {
          "endpoint": "https://hauslet-worker-staging-oamvq4ho4a-bq.a.run.app/tasks/booking/completion",
          "name": "booking-completion-scheduler",
          "schedule": "0 * * * *"
        },
        "booking_expiry": {
          "endpoint": "https://hauslet-worker-staging-oamvq4ho4a-bq.a.run.app/tasks/booking/expiry",
          "name": "booking-expiry-scheduler",
          "schedule": "*/2 * * * *"
        },
        "disbursement_retry": {
          "endpoint": "https://hauslet-worker-staging-oamvq4ho4a-bq.a.run.app/tasks/finance/payout/retry",
          "name": "disbursement-retry-scheduler",
          "schedule": "*/15 * * * *"
        },
        "finance_reconciliation": {
          "endpoint": "https://hauslet-worker-staging-oamvq4ho4a-bq.a.run.app/tasks/finance/reconciliation",
          "name": "finance-reconciliation-scheduler",
          "schedule": "0 2 * * *"
        },
        "media_cleanup": {
          "endpoint": "https://hauslet-worker-staging-oamvq4ho4a-bq.a.run.app/tasks/media/cleanup",
          "name": "media-cleanup-scheduler",
          "schedule": "*/15 * * * *"
        },
        "payout_process": {
          "endpoint": "https://hauslet-worker-staging-oamvq4ho4a-bq.a.run.app/tasks/finance/payout/process",
          "name": "payout-process-scheduler",
          "schedule": "0 * * * *"
        },
        "penalty_debt_collection": {
          "endpoint": "https://hauslet-worker-staging-oamvq4ho4a-bq.a.run.app/tasks/finance/penalty-debt/collection",
          "name": "penalty-debt-collection-scheduler",
          "schedule": "*/30 * * * *"
        },
        "review_publish_standoffs": {
          "endpoint": "https://hauslet-worker-staging-oamvq4ho4a-bq.a.run.app/tasks/review/standoff/publish",
          "name": "review-publish-standoffs-scheduler",
          "schedule": "0 0 * * *"
        },
        "review_send_reminders": {
          "endpoint": "https://hauslet-worker-staging-oamvq4ho4a-bq.a.run.app/tasks/review/reminders",
          "name": "review-send-reminders-scheduler",
          "schedule": "0 10 * * *"
        }
      },
      "type": [
        "object",
        {
          "booking_completion": [
            "object",
            {
              "endpoint": "string",
              "name": "string",
              "schedule": "string"
            }
          ],
          "booking_expiry": [
            "object",
            {
              "endpoint": "string",
              "name": "string",
              "schedule": "string"
            }
          ],
          "disbursement_retry": [
            "object",
            {
              "endpoint": "string",
              "name": "string",
              "schedule": "string"
            }
          ],
          "finance_reconciliation": [
            "object",
            {
              "endpoint": "string",
              "name": "string",
              "schedule": "string"
            }
          ],
          "media_cleanup": [
            "object",
            {
              "endpoint": "string",
              "name": "string",
              "schedule": "string"
            }
          ],
          "payout_process": [
            "object",
            {
              "endpoint": "string",
              "name": "string",
              "schedule": "string"
            }
          ],
          "penalty_debt_collection": [
            "object",
            {
              "endpoint": "string",
              "name": "string",
              "schedule": "string"
            }
          ],
          "review_publish_standoffs": [
            "object",
            {
              "endpoint": "string",
              "name": "string",
              "schedule": "string"
            }
          ],
          "review_send_reminders": [
            "object",
            {
              "endpoint": "string",
              "name": "string",
              "schedule": "string"
            }
          ]
        }
      ]
    },
    "worker_service_account_email": {
      "value": "hauslet-worker-sa@hauslet-486322.iam.gserviceaccount.com",
      "type": "string"
    }
  },
  "resources": [
    {
      "mode": "data",
      "type": "google_project",
      "name": "project",
      "provider": "provider[\"registry.terraform.io/hashicorp/google\"]",
      "instances": [
        {
          "schema_version": 0,
          "attributes": {
            "auto_create_network": null,
            "billing_account": "01A657-219036-08B4CA",
            "deletion_policy": "PREVENT",
            "effective_labels": {},
            "folder_id": "",
            "id": "projects/hauslet-486322",
            "labels": {},
            "name": "Hauslet",
            "number": "119839697225",
            "org_id": "158239303484",
            "project_id": "hauslet-486322",
            "tags": null,
            "terraform_labels": {}
          },
          "sensitive_attributes": [],
          "identity_schema_version": 0
        }
      ]
    },
    {
      "mode": "managed",
      "type": "google_artifact_registry_repository",
      "name": "hauslet",
      "provider": "provider[\"registry.terraform.io/hashicorp/google\"]",
      "instances": [
        {
          "schema_version": 0,
          "attributes": {
            "cleanup_policies": [
              {
                "action": "DELETE",
                "condition": [
                  {
                    "newer_than": "",
                    "older_than": "2592000s",
                    "package_name_prefixes": [],
                    "tag_prefixes": [],
                    "tag_state": "UNTAGGED",
                    "version_name_prefixes": []
                  }
                ],
                "id": "keep-recent-20",
                "most_recent_versions": []
              },
              {
                "action": "KEEP",
                "condition": [],
                "id": "keep-tagged-90-days",
                "most_recent_versions": [
                  {
                    "keep_count": 20,
                    "package_name_prefixes": []
                  }
                ]
              }
            ],
            "cleanup_policy_dry_run": false,
            "create_time": "2026-02-03T23:38:37.096116Z",
            "description": "Hauslet Docker images for API and Worker services",
            "docker_config": [],
            "effective_labels": {},
            "format": "DOCKER",
            "id": "projects/hauslet-486322/locations/africa-south1/repositories/hauslet",
            "kms_key_name": "",
            "labels": {},
            "location": "africa-south1",
            "maven_config": [],
            "mode": "STANDARD_REPOSITORY",
            "name": "hauslet",
            "project": "hauslet-486322",
            "registry_uri": "africa-south1-docker.pkg.dev/hauslet-486322/hauslet",
            "remote_repository_config": [],
            "repository_id": "hauslet",
            "terraform_labels": {},
            "timeouts": null,
            "update_time": "2026-02-22T23:21:48.632474Z",
            "virtual_repository_config": [],
            "vulnerability_scanning_config": [
              {
                "enablement_config": "",
                "enablement_state": "SCANNING_DISABLED",
                "enablement_state_reason": "API containerscanning.googleapis.com is not enabled."
              }
            ]
          },
          "sensitive_attributes": [],
          "identity_schema_version": 0,
          "private": "eyJlMmJmYjczMC1lY2FhLTExZTYtOGY4OC0zNDM2M2JjN2M0YzAiOnsiY3JlYXRlIjoxMjAwMDAwMDAwMDAwLCJkZWxldGUiOjEyMDAwMDAwMDAwMDAsInVwZGF0ZSI6MTIwMDAwMDAwMDAwMH19",
          "dependencies": [
            "google_project_service.artifactregistry"
          ]
        }
      ]
    },
    {
      "mode": "managed",
      "type": "google_artifact_registry_repository_iam_member",
      "name": "cloudbuild_writer",
      "provider": "provider[\"registry.terraform.io/hashicorp/google\"]",
      "instances": [
        {
          "schema_version": 0,
          "attributes": {
            "condition": [],
            "etag": "BwZJ/BFDbmQ=",
            "id": "projects/hauslet-486322/locations/africa-south1/repositories/hauslet/roles/artifactregistry.writer/serviceAccount:119839697225@cloudbuild.gserviceaccount.com",
            "location": "africa-south1",
            "member": "serviceAccount:119839697225@cloudbuild.gserviceaccount.com",
            "project": "hauslet-486322",
            "repository": "projects/hauslet-486322/locations/africa-south1/repositories/hauslet",
            "role": "roles/artifactregistry.writer"
          },
          "sensitive_attributes": [],
          "identity_schema_version": 0,
          "private": "bnVsbA==",
          "dependencies": [
            "data.google_project.project",
            "google_artifact_registry_repository.hauslet",
            "google_project_service.artifactregistry"
          ]
        }
      ]
    },
    {
      "mode": "managed",
      "type": "google_cloud_run_service_iam_member",
      "name": "scheduler_invoker",
      "provider": "provider[\"registry.terraform.io/hashicorp/google\"]",
      "instances": [
        {
          "schema_version": 0,
          "attributes": {
            "condition": [],
            "etag": "BwZJ/BCU7NY=",
            "id": "v1/projects/hauslet-486322/locations/africa-south1/services/hauslet-worker-staging/roles/run.invoker/serviceAccount:hauslet-worker-staging-sa@hauslet-486322.iam.gserviceaccount.com",
            "location": "africa-south1",
            "member": "serviceAccount:hauslet-worker-staging-sa@hauslet-486322.iam.gserviceaccount.com",
            "project": "hauslet-486322",
            "role": "roles/run.invoker",
            "service": "v1/projects/hauslet-486322/locations/africa-south1/services/hauslet-worker-staging"
          },
          "sensitive_attributes": [],
          "identity_schema_version": 0,
          "private": "bnVsbA=="
        }
      ]
    },
    {
      "mode": "managed",
      "type": "google_cloud_run_service_iam_member",
      "name": "worker_invoker",
      "provider": "provider[\"registry.terraform.io/hashicorp/google\"]",
      "instances": [
        {
          "schema_version": 0,
          "attributes": {
            "condition": [],
            "etag": "BwZJ/BCU7NY=",
            "id": "v1/projects/hauslet-486322/locations/africa-south1/services/hauslet-worker-staging/roles/run.invoker/serviceAccount:hauslet-worker-sa@hauslet-486322.iam.gserviceaccount.com",
            "location": "africa-south1",
            "member": "serviceAccount:hauslet-worker-sa@hauslet-486322.iam.gserviceaccount.com",
            "project": "hauslet-486322",
            "role": "roles/run.invoker",
            "service": "v1/projects/hauslet-486322/locations/africa-south1/services/hauslet-worker-staging"
          },
          "sensitive_attributes": [],
          "identity_schema_version": 0,
          "private": "bnVsbA==",
          "dependencies": [
            "google_service_account.worker"
          ]
        }
      ]
    },
    {
      "mode": "managed",
      "type": "google_cloud_scheduler_job",
      "name": "booking_checkin_out",
      "provider": "provider[\"registry.terraform.io/hashicorp/google\"]",
      "instances": [
        {
          "schema_version": 0,
          "attributes": {
            "app_engine_http_target": [],
            "attempt_deadline": "180s",
            "description": "Auto-populates booking check-in/out timestamps every hour",
            "http_target": [
              {
                "body": "e30=",
                "headers": {
                  "Content-Type": "application/json"
                },
                "http_method": "POST",
                "oauth_token": [],
                "oidc_token": [
                  {
                    "audience": "https://hauslet-worker-staging-oamvq4ho4a-bq.a.run.app",
                    "service_account_email": "hauslet-worker-staging-sa@hauslet-486322.iam.gserviceaccount.com"
                  }
                ],
                "uri": "https://hauslet-worker-staging-oamvq4ho4a-bq.a.run.app/tasks/booking/checkin-out"
              }
            ],
            "id": "projects/hauslet-486322/locations/europe-west1/jobs/booking-checkin-out-scheduler",
            "name": "booking-checkin-out-scheduler",
            "paused": false,
            "project": "hauslet-486322",
            "pubsub_target": [],
            "region": "europe-west1",
            "retry_config": [
              {
                "max_backoff_duration": "60s",
                "max_doublings": 5,
                "max_retry_duration": "0s",
                "min_backoff_duration": "5s",
                "retry_count": 3
              }
            ],
            "schedule": "0 * * * *",
            "state": "ENABLED",
            "time_zone": "UTC",
            "timeouts": null
          },
          "sensitive_attributes": [],
          "identity_schema_version": 0,
          "private": "eyJlMmJmYjczMC1lY2FhLTExZTYtOGY4OC0zNDM2M2JjN2M0YzAiOnsiY3JlYXRlIjoxMjAwMDAwMDAwMDAwLCJkZWxldGUiOjEyMDAwMDAwMDAwMDAsInVwZGF0ZSI6MTIwMDAwMDAwMDAwMH19",
          "dependencies": [
            "google_project_service.cloudscheduler"
          ]
        }
      ]
    },
    {
      "mode": "managed",
      "type": "google_cloud_scheduler_job",
      "name": "booking_completion",
      "provider": "provider[\"registry.terraform.io/hashicorp/google\"]",
      "instances": [
        {
          "schema_version": 0,
          "attributes": {
            "app_engine_http_target": [],
            "attempt_deadline": "180s",
            "description": "Marks eligible bookings as completed every hour",
            "http_target": [
              {
                "body": "e30=",
                "headers": {
                  "Content-Type": "application/json"
                },
                "http_method": "POST",
                "oauth_token": [],
                "oidc_token": [
                  {
                    "audience": "https://hauslet-worker-staging-oamvq4ho4a-bq.a.run.app",
                    "service_account_email": "hauslet-worker-staging-sa@hauslet-486322.iam.gserviceaccount.com"
                  }
                ],
                "uri": "https://hauslet-worker-staging-oamvq4ho4a-bq.a.run.app/tasks/booking/completion"
              }
            ],
            "id": "projects/hauslet-486322/locations/europe-west1/jobs/booking-completion-scheduler",
            "name": "booking-completion-scheduler",
            "paused": false,
            "project": "hauslet-486322",
            "pubsub_target": [],
            "region": "europe-west1",
            "retry_config": [
              {
                "max_backoff_duration": "60s",
                "max_doublings": 5,
                "max_retry_duration": "0s",
                "min_backoff_duration": "5s",
                "retry_count": 3
              }
            ],
            "schedule": "0 * * * *",
            "state": "ENABLED",
            "time_zone": "UTC",
            "timeouts": null
          },
          "sensitive_attributes": [],
          "identity_schema_version": 0,
          "private": "eyJlMmJmYjczMC1lY2FhLTExZTYtOGY4OC0zNDM2M2JjN2M0YzAiOnsiY3JlYXRlIjoxMjAwMDAwMDAwMDAwLCJkZWxldGUiOjEyMDAwMDAwMDAwMDAsInVwZGF0ZSI6MTIwMDAwMDAwMDAwMH19",
          "dependencies": [
            "google_project_service.cloudscheduler"
          ]
        }
      ]
    },
    {
      "mode": "managed",
      "type": "google_cloud_scheduler_job",
      "name": "booking_expiry",
      "provider": "provider[\"registry.terraform.io/hashicorp/google\"]",
      "instances": [
        {
          "schema_version": 0,
          "attributes": {
            "app_engine_http_target": [],
            "attempt_deadline": "180s",
            "description": "Checks for expired bookings every 2 minutes",
            "http_target": [
              {
                "body": "e30=",
                "headers": {
                  "Content-Type": "application/json"
                },
                "http_method": "POST",
                "oauth_token": [],
                "oidc_token": [
                  {
                    "audience": "https://hauslet-worker-staging-oamvq4ho4a-bq.a.run.app",
                    "service_account_email": "hauslet-worker-staging-sa@hauslet-486322.iam.gserviceaccount.com"
                  }
                ],
                "uri": "https://hauslet-worker-staging-oamvq4ho4a-bq.a.run.app/tasks/booking/expiry"
              }
            ],
            "id": "projects/hauslet-486322/locations/europe-west1/jobs/booking-expiry-scheduler",
            "name": "booking-expiry-scheduler",
            "paused": false,
            "project": "hauslet-486322",
            "pubsub_target": [],
            "region": "europe-west1",
            "retry_config": [
              {
                "max_backoff_duration": "60s",
                "max_doublings": 5,
                "max_retry_duration": "0s",
                "min_backoff_duration": "5s",
                "retry_count": 3
              }
            ],
            "schedule": "*/2 * * * *",
            "state": "ENABLED",
            "time_zone": "UTC",
            "timeouts": null
          },
          "sensitive_attributes": [],
          "identity_schema_version": 0,
          "private": "eyJlMmJmYjczMC1lY2FhLTExZTYtOGY4OC0zNDM2M2JjN2M0YzAiOnsiY3JlYXRlIjoxMjAwMDAwMDAwMDAwLCJkZWxldGUiOjEyMDAwMDAwMDAwMDAsInVwZGF0ZSI6MTIwMDAwMDAwMDAwMH19",
          "dependencies": [
            "google_project_service.cloudscheduler"
          ]
        }
      ]
    },
    {
      "mode": "managed",
      "type": "google_cloud_scheduler_job",
      "name": "calendar_open_house_reminders_1h",
      "provider": "provider[\"registry.terraform.io/hashicorp/google\"]",
      "instances": [
        {
          "schema_version": 0,
          "attributes": {
            "app_engine_http_target": [],
            "attempt_deadline": "180s",
            "description": "Sends open house reminders 1 hour before event",
            "http_target": [
              {
                "body": "eyJyZW1pbmRlcl9taW51dGVzIjo2MH0=",
                "headers": {
                  "Content-Type": "application/json"
                },
                "http_method": "POST",
                "oauth_token": [],
                "oidc_token": [
                  {
                    "audience": "https://hauslet-worker-staging-oamvq4ho4a-bq.a.run.app",
                    "service_account_email": "hauslet-worker-staging-sa@hauslet-486322.iam.gserviceaccount.com"
                  }
                ],
                "uri": "https://hauslet-worker-staging-oamvq4ho4a-bq.a.run.app/tasks/calendar/open-house/reminders"
              }
            ],
            "id": "projects/hauslet-486322/locations/europe-west1/jobs/calendar-open-house-reminders-1h",
            "name": "calendar-open-house-reminders-1h",
            "paused": false,
            "project": "hauslet-486322",
            "pubsub_target": [],
            "region": "europe-west1",
            "retry_config": [
              {
                "max_backoff_duration": "60s",
                "max_doublings": 5,
                "max_retry_duration": "0s",
                "min_backoff_duration": "5s",
                "retry_count": 3
              }
            ],
            "schedule": "*/15 * * * *",
            "state": "ENABLED",
            "time_zone": "UTC",
            "timeouts": null
          },
          "sensitive_attributes": [],
          "identity_schema_version": 0,
          "private": "eyJlMmJmYjczMC1lY2FhLTExZTYtOGY4OC0zNDM2M2JjN2M0YzAiOnsiY3JlYXRlIjoxMjAwMDAwMDAwMDAwLCJkZWxldGUiOjEyMDAwMDAwMDAwMDAsInVwZGF0ZSI6MTIwMDAwMDAwMDAwMH19",
          "dependencies": [
            "google_project_service.cloudscheduler"
          ]
        }
      ]
    },
    {
      "mode": "managed",
      "type": "google_cloud_scheduler_job",
      "name": "calendar_open_house_reminders_24h",
      "provider": "provider[\"registry.terraform.io/hashicorp/google\"]",
      "instances": [
        {
          "schema_version": 0,
          "attributes": {
            "app_engine_http_target": [],
            "attempt_deadline": "180s",
            "description": "Sends open house reminders 24 hours before event",
            "http_target": [
              {
                "body": "eyJyZW1pbmRlcl9taW51dGVzIjoxNDQwfQ==",
                "headers": {
                  "Content-Type": "application/json"
                },
                "http_method": "POST",
                "oauth_token": [],
                "oidc_token": [
                  {
                    "audience": "https://hauslet-worker-staging-oamvq4ho4a-bq.a.run.app",
                    "service_account_email": "hauslet-worker-staging-sa@hauslet-486322.iam.gserviceaccount.com"
                  }
                ],
                "uri": "https://hauslet-worker-staging-oamvq4ho4a-bq.a.run.app/tasks/calendar/open-house/reminders"
              }
            ],
            "id": "projects/hauslet-486322/locations/europe-west1/jobs/calendar-open-house-reminders-24h",
            "name": "calendar-open-house-reminders-24h",
            "paused": false,
            "project": "hauslet-486322",
            "pubsub_target": [],
            "region": "europe-west1",
            "retry_config": [
              {
                "max_backoff_duration": "60s",
                "max_doublings": 5,
                "max_retry_duration": "0s",
                "min_backoff_duration": "5s",
                "retry_count": 3
              }
            ],
            "schedule": "0 */4 * * *",
            "state": "ENABLED",
            "time_zone": "UTC",
            "timeouts": null
          },
          "sensitive_attributes": [],
          "identity_schema_version": 0,
          "private": "eyJlMmJmYjczMC1lY2FhLTExZTYtOGY4OC0zNDM2M2JjN2M0YzAiOnsiY3JlYXRlIjoxMjAwMDAwMDAwMDAwLCJkZWxldGUiOjEyMDAwMDAwMDAwMDAsInVwZGF0ZSI6MTIwMDAwMDAwMDAwMH19",
          "dependencies": [
            "google_project_service.cloudscheduler"
          ]
        }
      ]
    },
    {
      "mode": "managed",
      "type": "google_cloud_scheduler_job",
      "name": "calendar_showing_reminders_1h",
      "provider": "provider[\"registry.terraform.io/hashicorp/google\"]",
      "instances": [
        {
          "schema_version": 0,
          "attributes": {
            "app_engine_http_target": [],
            "attempt_deadline": "180s",
            "description": "Sends showing reminders 1 hour before scheduled time",
            "http_target": [
              {
                "body": "eyJyZW1pbmRlcl9taW51dGVzIjo2MH0=",
                "headers": {
                  "Content-Type": "application/json"
                },
                "http_method": "POST",
                "oauth_token": [],
                "oidc_token": [
                  {
                    "audience": "https://hauslet-worker-staging-oamvq4ho4a-bq.a.run.app",
                    "service_account_email": "hauslet-worker-staging-sa@hauslet-486322.iam.gserviceaccount.com"
                  }
                ],
                "uri": "https://hauslet-worker-staging-oamvq4ho4a-bq.a.run.app/tasks/calendar/showing/reminders"
              }
            ],
            "id": "projects/hauslet-486322/locations/europe-west1/jobs/calendar-showing-reminders-1h",
            "name": "calendar-showing-reminders-1h",
            "paused": false,
            "project": "hauslet-486322",
            "pubsub_target": [],
            "region": "europe-west1",
            "retry_config": [
              {
                "max_backoff_duration": "60s",
                "max_doublings": 5,
                "max_retry_duration": "0s",
                "min_backoff_duration": "5s",
                "retry_count": 3
              }
            ],
            "schedule": "*/15 * * * *",
            "state": "ENABLED",
            "time_zone": "UTC",
            "timeouts": null
          },
          "sensitive_attributes": [],
          "identity_schema_version": 0,
          "private": "eyJlMmJmYjczMC1lY2FhLTExZTYtOGY4OC0zNDM2M2JjN2M0YzAiOnsiY3JlYXRlIjoxMjAwMDAwMDAwMDAwLCJkZWxldGUiOjEyMDAwMDAwMDAwMDAsInVwZGF0ZSI6MTIwMDAwMDAwMDAwMH19",
          "dependencies": [
            "google_project_service.cloudscheduler"
          ]
        }
      ]
    },
    {
      "mode": "managed",
      "type": "google_cloud_scheduler_job",
      "name": "calendar_showing_reminders_24h",
      "provider": "provider[\"registry.terraform.io/hashicorp/google\"]",
      "instances": [
        {
          "schema_version": 0,
          "attributes": {
            "app_engine_http_target": [],
            "attempt_deadline": "180s",
            "description": "Sends showing reminders 24 hours before scheduled time",
            "http_target": [
              {
                "body": "eyJyZW1pbmRlcl9taW51dGVzIjoxNDQwfQ==",
                "headers": {
                  "Content-Type": "application/json"
                },
                "http_method": "POST",
                "oauth_token": [],
                "oidc_token": [
                  {
                    "audience": "https://hauslet-worker-staging-oamvq4ho4a-bq.a.run.app",
                    "service_account_email": "hauslet-worker-staging-sa@hauslet-486322.iam.gserviceaccount.com"
                  }
                ],
                "uri": "https://hauslet-worker-staging-oamvq4ho4a-bq.a.run.app/tasks/calendar/showing/reminders"
              }
            ],
            "id": "projects/hauslet-486322/locations/europe-west1/jobs/calendar-showing-reminders-24h",
            "name": "calendar-showing-reminders-24h",
            "paused": false,
            "project": "hauslet-486322",
            "pubsub_target": [],
            "region": "europe-west1",
            "retry_config": [
              {
                "max_backoff_duration": "60s",
                "max_doublings": 5,
                "max_retry_duration": "0s",
                "min_backoff_duration": "5s",
                "retry_count": 3
              }
            ],
            "schedule": "0 */4 * * *",
            "state": "ENABLED",
            "time_zone": "UTC",
            "timeouts": null
          },
          "sensitive_attributes": [],
          "identity_schema_version": 0,
          "private": "eyJlMmJmYjczMC1lY2FhLTExZTYtOGY4OC0zNDM2M2JjN2M0YzAiOnsiY3JlYXRlIjoxMjAwMDAwMDAwMDAwLCJkZWxldGUiOjEyMDAwMDAwMDAwMDAsInVwZGF0ZSI6MTIwMDAwMDAwMDAwMH19",
          "dependencies": [
            "google_project_service.cloudscheduler"
          ]
        }
      ]
    },
    {
      "mode": "managed",
      "type": "google_cloud_scheduler_job",
      "name": "conversation_cleanup",
      "provider": "provider[\"registry.terraform.io/hashicorp/google\"]",
      "instances": [
        {
          "schema_version": 0,
          "attributes": {
            "app_engine_http_target": [],
            "attempt_deadline": "180s",
            "description": "Archives stale conversations and deletes old archived ones",
            "http_target": [
              {
                "body": "e30=",
                "headers": {
                  "Content-Type": "application/json"
                },
                "http_method": "POST",
                "oauth_token": [],
                "oidc_token": [
                  {
                    "audience": "https://hauslet-worker-staging-oamvq4ho4a-bq.a.run.app",
                    "service_account_email": "hauslet-worker-staging-sa@hauslet-486322.iam.gserviceaccount.com"
                  }
                ],
                "uri": "https://hauslet-worker-staging-oamvq4ho4a-bq.a.run.app/tasks/conversation/cleanup"
              }
            ],
            "id": "projects/hauslet-486322/locations/europe-west1/jobs/conversation-cleanup-scheduler",
            "name": "conversation-cleanup-scheduler",
            "paused": false,
            "project": "hauslet-486322",
            "pubsub_target": [],
            "region": "europe-west1",
            "retry_config": [
              {
                "max_backoff_duration": "120s",
                "max_doublings": 5,
                "max_retry_duration": "0s",
                "min_backoff_duration": "10s",
                "retry_count": 2
              }
            ],
            "schedule": "0 3 * * *",
            "state": "ENABLED",
            "time_zone": "UTC",
            "timeouts": null
          },
          "sensitive_attributes": [],
          "identity_schema_version": 0,
          "private": "eyJlMmJmYjczMC1lY2FhLTExZTYtOGY4OC0zNDM2M2JjN2M0YzAiOnsiY3JlYXRlIjoxMjAwMDAwMDAwMDAwLCJkZWxldGUiOjEyMDAwMDAwMDAwMDAsInVwZGF0ZSI6MTIwMDAwMDAwMDAwMH19",
          "dependencies": [
            "google_project_service.cloudscheduler"
          ]
        }
      ]
    },
    {
      "mode": "managed",
      "type": "google_cloud_scheduler_job",
      "name": "disbursement_retry",
      "provider": "provider[\"registry.terraform.io/hashicorp/google\"]",
      "instances": [
        {
          "schema_version": 0,
          "attributes": {
            "app_engine_http_target": [],
            "attempt_deadline": "180s",
            "description": "Retries failed disbursements every 15 minutes",
            "http_target": [
              {
                "body": "e30=",
                "headers": {
                  "Content-Type": "application/json"
                },
                "http_method": "POST",
                "oauth_token": [],
                "oidc_token": [
                  {
                    "audience": "https://hauslet-worker-staging-oamvq4ho4a-bq.a.run.app",
                    "service_account_email": "hauslet-worker-staging-sa@hauslet-486322.iam.gserviceaccount.com"
                  }
                ],
                "uri": "https://hauslet-worker-staging-oamvq4ho4a-bq.a.run.app/tasks/finance/payout/retry"
              }
            ],
            "id": "projects/hauslet-486322/locations/europe-west1/jobs/disbursement-retry-scheduler",
            "name": "disbursement-retry-scheduler",
            "paused": false,
            "project": "hauslet-486322",
            "pubsub_target": [],
            "region": "europe-west1",
            "retry_config": [
              {
                "max_backoff_duration": "300s",
                "max_doublings": 5,
                "max_retry_duration": "0s",
                "min_backoff_duration": "10s",
                "retry_count": 2
              }
            ],
            "schedule": "*/15 * * * *",
            "state": "ENABLED",
            "time_zone": "UTC",
            "timeouts": null
          },
          "sensitive_attributes": [],
          "identity_schema_version": 0,
          "private": "eyJlMmJmYjczMC1lY2FhLTExZTYtOGY4OC0zNDM2M2JjN2M0YzAiOnsiY3JlYXRlIjoxMjAwMDAwMDAwMDAwLCJkZWxldGUiOjEyMDAwMDAwMDAwMDAsInVwZGF0ZSI6MTIwMDAwMDAwMDAwMH19",
          "dependencies": [
            "google_project_service.cloudscheduler"
          ]
        }
      ]
    },
    {
      "mode": "managed",
      "type": "google_cloud_scheduler_job",
      "name": "finance_reconciliation",
      "provider": "provider[\"registry.terraform.io/hashicorp/google\"]",
      "instances": [
        {
          "schema_version": 0,
          "attributes": {
            "app_engine_http_target": [],
            "attempt_deadline": "180s",
            "description": "Runs daily financial reconciliation at 2 AM UTC",
            "http_target": [
              {
                "body": "e30=",
                "headers": {
                  "Content-Type": "application/json"
                },
                "http_method": "POST",
                "oauth_token": [],
                "oidc_token": [
                  {
                    "audience": "https://hauslet-worker-staging-oamvq4ho4a-bq.a.run.app",
                    "service_account_email": "hauslet-worker-staging-sa@hauslet-486322.iam.gserviceaccount.com"
                  }
                ],
                "uri": "https://hauslet-worker-staging-oamvq4ho4a-bq.a.run.app/tasks/finance/reconciliation"
              }
            ],
            "id": "projects/hauslet-486322/locations/europe-west1/jobs/finance-reconciliation-scheduler",
            "name": "finance-reconciliation-scheduler",
            "paused": false,
            "project": "hauslet-486322",
            "pubsub_target": [],
            "region": "europe-west1",
            "retry_config": [
              {
                "max_backoff_duration": "300s",
                "max_doublings": 5,
                "max_retry_duration": "0s",
                "min_backoff_duration": "30s",
                "retry_count": 1
              }
            ],
            "schedule": "0 2 * * *",
            "state": "ENABLED",
            "time_zone": "UTC",
            "timeouts": null
          },
          "sensitive_attributes": [],
          "identity_schema_version": 0,
          "private": "eyJlMmJmYjczMC1lY2FhLTExZTYtOGY4OC0zNDM2M2JjN2M0YzAiOnsiY3JlYXRlIjoxMjAwMDAwMDAwMDAwLCJkZWxldGUiOjEyMDAwMDAwMDAwMDAsInVwZGF0ZSI6MTIwMDAwMDAwMDAwMH19",
          "dependencies": [
            "google_project_service.cloudscheduler"
          ]
        }
      ]
    },
    {
      "mode": "managed",
      "type": "google_cloud_scheduler_job",
      "name": "interactions_aggregator",
      "provider": "provider[\"registry.terraform.io/hashicorp/google\"]",
      "instances": [
        {
          "schema_version": 0,
          "attributes": {
            "app_engine_http_target": [],
            "attempt_deadline": "180s",
            "description": "Aggregates raw interactions into analytics (hourly rollups)",
            "http_target": [
              {
                "body": "eyJwZXJpb2RfdHlwZSI6ImhvdXIifQ==",
                "headers": {
                  "Content-Type": "application/json"
                },
                "http_method": "POST",
                "oauth_token": [],
                "oidc_token": [
                  {
                    "audience": "https://hauslet-worker-staging-oamvq4ho4a-bq.a.run.app",
                    "service_account_email": "hauslet-worker-staging-sa@hauslet-486322.iam.gserviceaccount.com"
                  }
                ],
                "uri": "https://hauslet-worker-staging-oamvq4ho4a-bq.a.run.app/tasks/interactions/aggregate"
              }
            ],
            "id": "projects/hauslet-486322/locations/europe-west1/jobs/interactions-aggregator",
            "name": "interactions-aggregator",
            "paused": false,
            "project": "hauslet-486322",
            "pubsub_target": [],
            "region": "europe-west1",
            "retry_config": [
              {
                "max_backoff_duration": "120s",
                "max_doublings": 5,
                "max_retry_duration": "0s",
                "min_backoff_duration": "10s",
                "retry_count": 3
              }
            ],
            "schedule": "5 * * * *",
            "state": "ENABLED",
            "time_zone": "UTC",
            "timeouts": null
          },
          "sensitive_attributes": [],
          "identity_schema_version": 0,
          "private": "eyJlMmJmYjczMC1lY2FhLTExZTYtOGY4OC0zNDM2M2JjN2M0YzAiOnsiY3JlYXRlIjoxMjAwMDAwMDAwMDAwLCJkZWxldGUiOjEyMDAwMDAwMDAwMDAsInVwZGF0ZSI6MTIwMDAwMDAwMDAwMH19",
          "dependencies": [
            "google_project_service.cloudscheduler"
          ]
        }
      ]
    },
    {
      "mode": "managed",
      "type": "google_cloud_scheduler_job",
      "name": "interactions_batch_writer",
      "provider": "provider[\"registry.terraform.io/hashicorp/google\"]",
      "instances": [
        {
          "schema_version": 0,
          "attributes": {
            "app_engine_http_target": [],
            "attempt_deadline": "180s",
            "description": "Processes interactions from Redis queue to database",
            "http_target": [
              {
                "body": "e30=",
                "headers": {
                  "Content-Type": "application/json"
                },
                "http_method": "POST",
                "oauth_token": [],
                "oidc_token": [
                  {
                    "audience": "https://hauslet-worker-staging-oamvq4ho4a-bq.a.run.app",
                    "service_account_email": "hauslet-worker-staging-sa@hauslet-486322.iam.gserviceaccount.com"
                  }
                ],
                "uri": "https://hauslet-worker-staging-oamvq4ho4a-bq.a.run.app/tasks/interactions/batch"
              }
            ],
            "id": "projects/hauslet-486322/locations/europe-west1/jobs/interactions-batch-writer",
            "name": "interactions-batch-writer",
            "paused": false,
            "project": "hauslet-486322",
            "pubsub_target": [],
            "region": "europe-west1",
            "retry_config": [
              {
                "max_backoff_duration": "60s",
                "max_doublings": 5,
                "max_retry_duration": "0s",
                "min_backoff_duration": "5s",
                "retry_count": 3
              }
            ],
            "schedule": "*/2 * * * *",
            "state": "ENABLED",
            "time_zone": "UTC",
            "timeouts": null
          },
          "sensitive_attributes": [],
          "identity_schema_version": 0,
          "private": "eyJlMmJmYjczMC1lY2FhLTExZTYtOGY4OC0zNDM2M2JjN2M0YzAiOnsiY3JlYXRlIjoxMjAwMDAwMDAwMDAwLCJkZWxldGUiOjEyMDAwMDAwMDAwMDAsInVwZGF0ZSI6MTIwMDAwMDAwMDAwMH19",
          "dependencies": [
            "google_project_service.cloudscheduler"
          ]
        }
      ]
    },
    {
      "mode": "managed",
      "type": "google_cloud_scheduler_job",
      "name": "listing_embedding",
      "provider": "provider[\"registry.terraform.io/hashicorp/google\"]",
      "instances": [
        {
          "schema_version": 0,
          "attributes": {
            "app_engine_http_target": [],
            "attempt_deadline": "180s",
            "description": "Generates embeddings for listings without them daily",
            "http_target": [
              {
                "body": "eyJiYXRjaF9zaXplIjo1MH0=",
                "headers": {
                  "Content-Type": "application/json"
                },
                "http_method": "POST",
                "oauth_token": [],
                "oidc_token": [
                  {
                    "audience": "https://hauslet-worker-staging-oamvq4ho4a-bq.a.run.app",
                    "service_account_email": "hauslet-worker-staging-sa@hauslet-486322.iam.gserviceaccount.com"
                  }
                ],
                "uri": "https://hauslet-worker-staging-oamvq4ho4a-bq.a.run.app/tasks/listing/embedding"
              }
            ],
            "id": "projects/hauslet-486322/locations/europe-west1/jobs/listing-embedding-scheduler",
            "name": "listing-embedding-scheduler",
            "paused": false,
            "project": "hauslet-486322",
            "pubsub_target": [],
            "region": "europe-west1",
            "retry_config": [
              {
                "max_backoff_duration": "300s",
                "max_doublings": 5,
                "max_retry_duration": "0s",
                "min_backoff_duration": "10s",
                "retry_count": 3
              }
            ],
            "schedule": "0 0 * * *",
            "state": "ENABLED",
            "time_zone": "UTC",
            "timeouts": null
          },
          "sensitive_attributes": [],
          "identity_schema_version": 0,
          "private": "eyJlMmJmYjczMC1lY2FhLTExZTYtOGY4OC0zNDM2M2JjN2M0YzAiOnsiY3JlYXRlIjoxMjAwMDAwMDAwMDAwLCJkZWxldGUiOjEyMDAwMDAwMDAwMDAsInVwZGF0ZSI6MTIwMDAwMDAwMDAwMH19",
          "dependencies": [
            "google_project_service.cloudscheduler"
          ]
        }
      ]
    },
    {
      "mode": "managed",
      "type": "google_cloud_scheduler_job",
      "name": "media_cleanup",
      "provider": "provider[\"registry.terraform.io/hashicorp/google\"]",
      "instances": [
        {
          "schema_version": 0,
          "attributes": {
            "app_engine_http_target": [],
            "attempt_deadline": "180s",
            "description": "Triggers media cleanup job every 15 minutes",
            "http_target": [
              {
                "body": "eyJsaW1pdCI6MjAwLCJvbGRlcl90aGFuX21pbnV0ZXMiOjEyMH0=",
                "headers": {
                  "Content-Type": "application/json"
                },
                "http_method": "POST",
                "oauth_token": [],
                "oidc_token": [
                  {
                    "audience": "https://hauslet-worker-staging-oamvq4ho4a-bq.a.run.app",
                    "service_account_email": "hauslet-worker-staging-sa@hauslet-486322.iam.gserviceaccount.com"
                  }
                ],
                "uri": "https://hauslet-worker-staging-oamvq4ho4a-bq.a.run.app/tasks/media/cleanup"
              }
            ],
            "id": "projects/hauslet-486322/locations/europe-west1/jobs/media-cleanup-scheduler",
            "name": "media-cleanup-scheduler",
            "paused": false,
            "project": "hauslet-486322",
            "pubsub_target": [],
            "region": "europe-west1",
            "retry_config": [
              {
                "max_backoff_duration": "60s",
                "max_doublings": 5,
                "max_retry_duration": "0s",
                "min_backoff_duration": "5s",
                "retry_count": 3
              }
            ],
            "schedule": "*/15 * * * *",
            "state": "ENABLED",
            "time_zone": "UTC",
            "timeouts": null
          },
          "sensitive_attributes": [],
          "identity_schema_version": 0,
          "private": "eyJlMmJmYjczMC1lY2FhLTExZTYtOGY4OC0zNDM2M2JjN2M0YzAiOnsiY3JlYXRlIjoxMjAwMDAwMDAwMDAwLCJkZWxldGUiOjEyMDAwMDAwMDAwMDAsInVwZGF0ZSI6MTIwMDAwMDAwMDAwMH19",
          "dependencies": [
            "google_project_service.cloudscheduler"
          ]
        }
      ]
    },
    {
      "mode": "managed",
      "type": "google_cloud_scheduler_job",
      "name": "payout_process",
      "provider": "provider[\"registry.terraform.io/hashicorp/google\"]",
      "instances": [
        {
          "schema_version": 0,
          "attributes": {
            "app_engine_http_target": [],
            "attempt_deadline": "180s",
            "description": "Processes pending payouts every hour",
            "http_target": [
              {
                "body": "e30=",
                "headers": {
                  "Content-Type": "application/json"
                },
                "http_method": "POST",
                "oauth_token": [],
                "oidc_token": [
                  {
                    "audience": "https://hauslet-worker-staging-oamvq4ho4a-bq.a.run.app",
                    "service_account_email": "hauslet-worker-staging-sa@hauslet-486322.iam.gserviceaccount.com"
                  }
                ],
                "uri": "https://hauslet-worker-staging-oamvq4ho4a-bq.a.run.app/tasks/finance/payout/process"
              }
            ],
            "id": "projects/hauslet-486322/locations/europe-west1/jobs/payout-process-scheduler",
            "name": "payout-process-scheduler",
            "paused": false,
            "project": "hauslet-486322",
            "pubsub_target": [],
            "region": "europe-west1",
            "retry_config": [
              {
                "max_backoff_duration": "300s",
                "max_doublings": 5,
                "max_retry_duration": "0s",
                "min_backoff_duration": "10s",
                "retry_count": 2
              }
            ],
            "schedule": "0 * * * *",
            "state": "ENABLED",
            "time_zone": "UTC",
            "timeouts": null
          },
          "sensitive_attributes": [],
          "identity_schema_version": 0,
          "private": "eyJlMmJmYjczMC1lY2FhLTExZTYtOGY4OC0zNDM2M2JjN2M0YzAiOnsiY3JlYXRlIjoxMjAwMDAwMDAwMDAwLCJkZWxldGUiOjEyMDAwMDAwMDAwMDAsInVwZGF0ZSI6MTIwMDAwMDAwMDAwMH19",
          "dependencies": [
            "google_project_service.cloudscheduler"
          ]
        }
      ]
    },
    {
      "mode": "managed",
      "type": "google_cloud_scheduler_job",
      "name": "penalty_debt_collection",
      "provider": "provider[\"registry.terraform.io/hashicorp/google\"]",
      "instances": [
        {
          "schema_version": 0,
          "attributes": {
            "app_engine_http_target": [],
            "attempt_deadline": "180s",
            "description": "Collects outstanding host cancellation penalty debts every 30 minutes",
            "http_target": [
              {
                "body": "e30=",
                "headers": {
                  "Content-Type": "application/json"
                },
                "http_method": "POST",
                "oauth_token": [],
                "oidc_token": [
                  {
                    "audience": "https://hauslet-worker-staging-oamvq4ho4a-bq.a.run.app",
                    "service_account_email": "hauslet-worker-staging-sa@hauslet-486322.iam.gserviceaccount.com"
                  }
                ],
                "uri": "https://hauslet-worker-staging-oamvq4ho4a-bq.a.run.app/tasks/finance/penalty-debt/collection"
              }
            ],
            "id": "projects/hauslet-486322/locations/europe-west1/jobs/penalty-debt-collection-scheduler",
            "name": "penalty-debt-collection-scheduler",
            "paused": false,
            "project": "hauslet-486322",
            "pubsub_target": [],
            "region": "europe-west1",
            "retry_config": [
              {
                "max_backoff_duration": "300s",
                "max_doublings": 5,
                "max_retry_duration": "0s",
                "min_backoff_duration": "10s",
                "retry_count": 2
              }
            ],
            "schedule": "*/30 * * * *",
            "state": "ENABLED",
            "time_zone": "UTC",
            "timeouts": null
          },
          "sensitive_attributes": [],
          "identity_schema_version": 0,
          "private": "eyJlMmJmYjczMC1lY2FhLTExZTYtOGY4OC0zNDM2M2JjN2M0YzAiOnsiY3JlYXRlIjoxMjAwMDAwMDAwMDAwLCJkZWxldGUiOjEyMDAwMDAwMDAwMDAsInVwZGF0ZSI6MTIwMDAwMDAwMDAwMH19",
          "dependencies": [
            "google_project_service.cloudscheduler"
          ]
        }
      ]
    },
    {
      "mode": "managed",
      "type": "google_cloud_scheduler_job",
      "name": "promotion_expiry",
      "provider": "provider[\"registry.terraform.io/hashicorp/google\"]",
      "instances": [
        {
          "schema_version": 0,
          "attributes": {
            "app_engine_http_target": [],
            "attempt_deadline": "180s",
            "description": "Expires promotions that have passed their end date",
            "http_target": [
              {
                "body": "e30=",
                "headers": {
                  "Content-Type": "application/json"
                },
                "http_method": "POST",
                "oauth_token": [],
                "oidc_token": [
                  {
                    "audience": "https://hauslet-worker-staging-oamvq4ho4a-bq.a.run.app",
                    "service_account_email": "hauslet-worker-staging-sa@hauslet-486322.iam.gserviceaccount.com"
                  }
                ],
                "uri": "https://hauslet-worker-staging-oamvq4ho4a-bq.a.run.app/tasks/promotion/expiry"
              }
            ],
            "id": "projects/hauslet-486322/locations/europe-west1/jobs/promotion-expiry-scheduler",
            "name": "promotion-expiry-scheduler",
            "paused": false,
            "project": "hauslet-486322",
            "pubsub_target": [],
            "region": "europe-west1",
            "retry_config": [
              {
                "max_backoff_duration": "60s",
                "max_doublings": 5,
                "max_retry_duration": "0s",
                "min_backoff_duration": "5s",
                "retry_count": 2
              }
            ],
            "schedule": "0 1 * * *",
            "state": "ENABLED",
            "time_zone": "UTC",
            "timeouts": null
          },
          "sensitive_attributes": [],
          "identity_schema_version": 0,
          "private": "eyJlMmJmYjczMC1lY2FhLTExZTYtOGY4OC0zNDM2M2JjN2M0YzAiOnsiY3JlYXRlIjoxMjAwMDAwMDAwMDAwLCJkZWxldGUiOjEyMDAwMDAwMDAwMDAsInVwZGF0ZSI6MTIwMDAwMDAwMDAwMH19",
          "dependencies": [
            "google_project_service.cloudscheduler"
          ]
        }
      ]
    },
    {
      "mode": "managed",
      "type": "google_cloud_scheduler_job",
      "name": "review_publish_standoffs",
      "provider": "provider[\"registry.terraform.io/hashicorp/google\"]",
      "instances": [
        {
          "schema_version": 0,
          "attributes": {
            "app_engine_http_target": [],
            "attempt_deadline": "180s",
            "description": "Publishes reviews stuck in standoff after 14 days",
            "http_target": [
              {
                "body": "eyJzdGFuZG9mZl90aHJlc2hvbGRfZGF5cyI6MTR9",
                "headers": {
                  "Content-Type": "application/json"
                },
                "http_method": "POST",
                "oauth_token": [],
                "oidc_token": [
                  {
                    "audience": "https://hauslet-worker-staging-oamvq4ho4a-bq.a.run.app",
                    "service_account_email": "hauslet-worker-staging-sa@hauslet-486322.iam.gserviceaccount.com"
                  }
                ],
                "uri": "https://hauslet-worker-staging-oamvq4ho4a-bq.a.run.app/tasks/review/standoff/publish"
              }
            ],
            "id": "projects/hauslet-486322/locations/europe-west1/jobs/review-publish-standoffs-scheduler",
            "name": "review-publish-standoffs-scheduler",
            "paused": false,
            "project": "hauslet-486322",
            "pubsub_target": [],
            "region": "europe-west1",
            "retry_config": [
              {
                "max_backoff_duration": "60s",
                "max_doublings": 5,
                "max_retry_duration": "0s",
                "min_backoff_duration": "10s",
                "retry_count": 2
              }
            ],
            "schedule": "0 0 * * *",
            "state": "ENABLED",
            "time_zone": "UTC",
            "timeouts": null
          },
          "sensitive_attributes": [],
          "identity_schema_version": 0,
          "private": "eyJlMmJmYjczMC1lY2FhLTExZTYtOGY4OC0zNDM2M2JjN2M0YzAiOnsiY3JlYXRlIjoxMjAwMDAwMDAwMDAwLCJkZWxldGUiOjEyMDAwMDAwMDAwMDAsInVwZGF0ZSI6MTIwMDAwMDAwMDAwMH19",
          "dependencies": [
            "google_project_service.cloudscheduler"
          ]
        }
      ]
    },
    {
      "mode": "managed",
      "type": "google_cloud_scheduler_job",
      "name": "review_send_reminders",
      "provider": "provider[\"registry.terraform.io/hashicorp/google\"]",
      "instances": [
        {
          "schema_version": 0,
          "attributes": {
            "app_engine_http_target": [],
            "attempt_deadline": "180s",
            "description": "Sends review reminders to users approaching deadline",
            "http_target": [
              {
                "body": "eyJyZW1pbmRlcl90aHJlc2hvbGRfZGF5cyI6M30=",
                "headers": {
                  "Content-Type": "application/json"
                },
                "http_method": "POST",
                "oauth_token": [],
                "oidc_token": [
                  {
                    "audience": "https://hauslet-worker-staging-oamvq4ho4a-bq.a.run.app",
                    "service_account_email": "hauslet-worker-staging-sa@hauslet-486322.iam.gserviceaccount.com"
                  }
                ],
                "uri": "https://hauslet-worker-staging-oamvq4ho4a-bq.a.run.app/tasks/review/reminders"
              }
            ],
            "id": "projects/hauslet-486322/locations/europe-west1/jobs/review-send-reminders-scheduler",
            "name": "review-send-reminders-scheduler",
            "paused": false,
            "project": "hauslet-486322",
            "pubsub_target": [],
            "region": "europe-west1",
            "retry_config": [
              {
                "max_backoff_duration": "30s",
                "max_doublings": 5,
                "max_retry_duration": "0s",
                "min_backoff_duration": "5s",
                "retry_count": 2
              }
            ],
            "schedule": "0 10 * * *",
            "state": "ENABLED",
            "time_zone": "UTC",
            "timeouts": null
          },
          "sensitive_attributes": [],
          "identity_schema_version": 0,
          "private": "eyJlMmJmYjczMC1lY2FhLTExZTYtOGY4OC0zNDM2M2JjN2M0YzAiOnsiY3JlYXRlIjoxMjAwMDAwMDAwMDAwLCJkZWxldGUiOjEyMDAwMDAwMDAwMDAsInVwZGF0ZSI6MTIwMDAwMDAwMDAwMH19",
          "dependencies": [
            "google_project_service.cloudscheduler"
          ]
        }
      ]
    },
    {
      "mode": "managed",
      "type": "google_cloud_scheduler_job",
      "name": "subscription_billing",
      "provider": "provider[\"registry.terraform.io/hashicorp/google\"]",
      "instances": [
        {
          "schema_version": 0,
          "attributes": {
            "app_engine_http_target": [],
            "attempt_deadline": "180s",
            "description": "Processes billing for subscriptions due for renewal",
            "http_target": [
              {
                "body": "e30=",
                "headers": {
                  "Content-Type": "application/json"
                },
                "http_method": "POST",
                "oauth_token": [],
                "oidc_token": [
                  {
                    "audience": "https://hauslet-worker-staging-oamvq4ho4a-bq.a.run.app",
                    "service_account_email": "hauslet-worker-staging-sa@hauslet-486322.iam.gserviceaccount.com"
                  }
                ],
                "uri": "https://hauslet-worker-staging-oamvq4ho4a-bq.a.run.app/tasks/promotion/billing"
              }
            ],
            "id": "projects/hauslet-486322/locations/europe-west1/jobs/subscription-billing-scheduler",
            "name": "subscription-billing-scheduler",
            "paused": false,
            "project": "hauslet-486322",
            "pubsub_target": [],
            "region": "europe-west1",
            "retry_config": [
              {
                "max_backoff_duration": "300s",
                "max_doublings": 5,
                "max_retry_duration": "0s",
                "min_backoff_duration": "10s",
                "retry_count": 2
              }
            ],
            "schedule": "0 3 * * *",
            "state": "ENABLED",
            "time_zone": "UTC",
            "timeouts": null
          },
          "sensitive_attributes": [],
          "identity_schema_version": 0,
          "private": "eyJlMmJmYjczMC1lY2FhLTExZTYtOGY4OC0zNDM2M2JjN2M0YzAiOnsiY3JlYXRlIjoxMjAwMDAwMDAwMDAwLCJkZWxldGUiOjEyMDAwMDAwMDAwMDAsInVwZGF0ZSI6MTIwMDAwMDAwMDAwMH19",
          "dependencies": [
            "google_project_service.cloudscheduler"
          ]
        }
      ]
    },
    {
      "mode": "managed",
      "type": "google_cloud_scheduler_job",
      "name": "sync_destinations",
      "provider": "provider[\"registry.terraform.io/hashicorp/google\"]",
      "instances": [
        {
          "schema_version": 0,
          "attributes": {
            "app_engine_http_target": [],
            "attempt_deadline": "180s",
            "description": "Synchronizes unique destinations from properties to Redis every hour",
            "http_target": [
              {
                "body": "e30=",
                "headers": {
                  "Content-Type": "application/json"
                },
                "http_method": "POST",
                "oauth_token": [],
                "oidc_token": [
                  {
                    "audience": "https://hauslet-worker-staging-oamvq4ho4a-bq.a.run.app",
                    "service_account_email": "hauslet-worker-staging-sa@hauslet-486322.iam.gserviceaccount.com"
                  }
                ],
                "uri": "https://hauslet-worker-staging-oamvq4ho4a-bq.a.run.app/tasks/discovery/sync-destinations"
              }
            ],
            "id": "projects/hauslet-486322/locations/europe-west1/jobs/sync-destinations-scheduler",
            "name": "sync-destinations-scheduler",
            "paused": false,
            "project": "hauslet-486322",
            "pubsub_target": [],
            "region": "europe-west1",
            "retry_config": [
              {
                "max_backoff_duration": "300s",
                "max_doublings": 5,
                "max_retry_duration": "0s",
                "min_backoff_duration": "10s",
                "retry_count": 3
              }
            ],
            "schedule": "0 * * * *",
            "state": "ENABLED",
            "time_zone": "UTC",
            "timeouts": null
          },
          "sensitive_attributes": [],
          "identity_schema_version": 0,
          "private": "eyJlMmJmYjczMC1lY2FhLTExZTYtOGY4OC0zNDM2M2JjN2M0YzAiOnsiY3JlYXRlIjoxMjAwMDAwMDAwMDAwLCJkZWxldGUiOjEyMDAwMDAwMDAwMDAsInVwZGF0ZSI6MTIwMDAwMDAwMDAwMH19",
          "dependencies": [
            "google_project_service.cloudscheduler"
          ]
        }
      ]
    },
    {
      "mode": "managed",
      "type": "google_cloud_scheduler_job",
      "name": "verification_reconciliation",
      "provider": "provider[\"registry.terraform.io/hashicorp/google\"]",
      "instances": [
        {
          "schema_version": 0,
          "attributes": {
            "app_engine_http_target": [],
            "attempt_deadline": "180s",
            "description": "Reconciles verified sessions with profile module every 6 hours",
            "http_target": [
              {
                "body": "eyJiYXRjaF9zaXplIjoxMDAsInRpbWVzdGFtcCI6IiJ9",
                "headers": {
                  "Content-Type": "application/json"
                },
                "http_method": "POST",
                "oauth_token": [],
                "oidc_token": [
                  {
                    "audience": "https://hauslet-worker-staging-oamvq4ho4a-bq.a.run.app",
                    "service_account_email": "hauslet-worker-staging-sa@hauslet-486322.iam.gserviceaccount.com"
                  }
                ],
                "uri": "https://hauslet-worker-staging-oamvq4ho4a-bq.a.run.app/tasks/verification/reconciliation"
              }
            ],
            "id": "projects/hauslet-486322/locations/europe-west1/jobs/verification-reconciliation-scheduler",
            "name": "verification-reconciliation-scheduler",
            "paused": false,
            "project": "hauslet-486322",
            "pubsub_target": [],
            "region": "europe-west1",
            "retry_config": [
              {
                "max_backoff_duration": "120s",
                "max_doublings": 5,
                "max_retry_duration": "0s",
                "min_backoff_duration": "10s",
                "retry_count": 2
              }
            ],
            "schedule": "0 */6 * * *",
            "state": "ENABLED",
            "time_zone": "UTC",
            "timeouts": null
          },
          "sensitive_attributes": [],
          "identity_schema_version": 0,
          "private": "eyJlMmJmYjczMC1lY2FhLTExZTYtOGY4OC0zNDM2M2JjN2M0YzAiOnsiY3JlYXRlIjoxMjAwMDAwMDAwMDAwLCJkZWxldGUiOjEyMDAwMDAwMDAwMDAsInVwZGF0ZSI6MTIwMDAwMDAwMDAwMH19",
          "dependencies": [
            "google_project_service.cloudscheduler"
          ]
        }
      ]
    },
    {
      "mode": "managed",
      "type": "google_cloud_tasks_queue",
      "name": "ai_moderation",
      "provider": "provider[\"registry.terraform.io/hashicorp/google\"]",
      "instances": [
        {
          "schema_version": 0,
          "attributes": {
            "app_engine_routing_override": [],
            "desired_state": "RUNNING",
            "http_target": [],
            "id": "projects/hauslet-486322/locations/europe-west2/queues/ai-moderation-queue",
            "location": "europe-west2",
            "name": "ai-moderation-queue",
            "project": "hauslet-486322",
            "rate_limits": [
              {
                "max_burst_size": 10,
                "max_concurrent_dispatches": 3,
                "max_dispatches_per_second": 5
              }
            ],
            "retry_config": [
              {
                "max_attempts": 3,
                "max_backoff": "120s",
                "max_doublings": 3,
                "max_retry_duration": "600s",
                "min_backoff": "10s"
              }
            ],
            "stackdriver_logging_config": [],
            "state": "RUNNING",
            "timeouts": null
          },
          "sensitive_attributes": [],
          "identity_schema_version": 0,
          "private": "eyJlMmJmYjczMC1lY2FhLTExZTYtOGY4OC0zNDM2M2JjN2M0YzAiOnsiY3JlYXRlIjoxMjAwMDAwMDAwMDAwLCJkZWxldGUiOjEyMDAwMDAwMDAwMDAsInVwZGF0ZSI6MTIwMDAwMDAwMDAwMH19",
          "dependencies": [
            "google_project_service.cloudtasks"
          ]
        }
      ]
    },
    {
      "mode": "managed",
      "type": "google_cloud_tasks_queue",
      "name": "booking_checkin_out",
      "provider": "provider[\"registry.terraform.io/hashicorp/google\"]",
      "instances": [
        {
          "schema_version": 0,
          "attributes": {
            "app_engine_routing_override": [],
            "desired_state": "RUNNING",
            "http_target": [],
            "id": "projects/hauslet-486322/locations/europe-west2/queues/booking-checkin-out-queue",
            "location": "europe-west2",
            "name": "booking-checkin-out-queue",
            "project": "hauslet-486322",
            "rate_limits": [
              {
                "max_burst_size": 10,
                "max_concurrent_dispatches": 5,
                "max_dispatches_per_second": 10
              }
            ],
            "retry_config": [
              {
                "max_attempts": 3,
                "max_backoff": "60s",
                "max_doublings": 2,
                "max_retry_duration": "300s",
                "min_backoff": "5s"
              }
            ],
            "stackdriver_logging_config": [],
            "state": "RUNNING",
            "timeouts": null
          },
          "sensitive_attributes": [],
          "identity_schema_version": 0,
          "private": "eyJlMmJmYjczMC1lY2FhLTExZTYtOGY4OC0zNDM2M2JjN2M0YzAiOnsiY3JlYXRlIjoxMjAwMDAwMDAwMDAwLCJkZWxldGUiOjEyMDAwMDAwMDAwMDAsInVwZGF0ZSI6MTIwMDAwMDAwMDAwMH19",
          "dependencies": [
            "google_project_service.cloudtasks"
          ]
        }
      ]
    },
    {
      "mode": "managed",
      "type": "google_cloud_tasks_queue",
      "name": "booking_completion",
      "provider": "provider[\"registry.terraform.io/hashicorp/google\"]",
      "instances": [
        {
          "schema_version": 0,
          "attributes": {
            "app_engine_routing_override": [],
            "desired_state": "RUNNING",
            "http_target": [],
            "id": "projects/hauslet-486322/locations/europe-west2/queues/booking-completion-queue",
            "location": "europe-west2",
            "name": "booking-completion-queue",
            "project": "hauslet-486322",
            "rate_limits": [
              {
                "max_burst_size": 10,
                "max_concurrent_dispatches": 5,
                "max_dispatches_per_second": 10
              }
            ],
            "retry_config": [
              {
                "max_attempts": 3,
                "max_backoff": "60s",
                "max_doublings": 2,
                "max_retry_duration": "300s",
                "min_backoff": "5s"
              }
            ],
            "stackdriver_logging_config": [],
            "state": "RUNNING",
            "timeouts": null
          },
          "sensitive_attributes": [],
          "identity_schema_version": 0,
          "private": "eyJlMmJmYjczMC1lY2FhLTExZTYtOGY4OC0zNDM2M2JjN2M0YzAiOnsiY3JlYXRlIjoxMjAwMDAwMDAwMDAwLCJkZWxldGUiOjEyMDAwMDAwMDAwMDAsInVwZGF0ZSI6MTIwMDAwMDAwMDAwMH19",
          "dependencies": [
            "google_project_service.cloudtasks"
          ]
        }
      ]
    },
    {
      "mode": "managed",
      "type": "google_cloud_tasks_queue",
      "name": "booking_expiry",
      "provider": "provider[\"registry.terraform.io/hashicorp/google\"]",
      "instances": [
        {
          "schema_version": 0,
          "attributes": {
            "app_engine_routing_override": [],
            "desired_state": "RUNNING",
            "http_target": [],
            "id": "projects/hauslet-486322/locations/europe-west2/queues/booking-expiry-queue",
            "location": "europe-west2",
            "name": "booking-expiry-queue",
            "project": "hauslet-486322",
            "rate_limits": [
              {
                "max_burst_size": 10,
                "max_concurrent_dispatches": 5,
                "max_dispatches_per_second": 10
              }
            ],
            "retry_config": [
              {
                "max_attempts": 3,
                "max_backoff": "60s",
                "max_doublings": 2,
                "max_retry_duration": "300s",
                "min_backoff": "5s"
              }
            ],
            "stackdriver_logging_config": [],
            "state": "RUNNING",
            "timeouts": null
          },
          "sensitive_attributes": [],
          "identity_schema_version": 0,
          "private": "eyJlMmJmYjczMC1lY2FhLTExZTYtOGY4OC0zNDM2M2JjN2M0YzAiOnsiY3JlYXRlIjoxMjAwMDAwMDAwMDAwLCJkZWxldGUiOjEyMDAwMDAwMDAwMDAsInVwZGF0ZSI6MTIwMDAwMDAwMDAwMH19",
          "dependencies": [
            "google_project_service.cloudtasks"
          ]
        }
      ]
    },
    {
      "mode": "managed",
      "type": "google_cloud_tasks_queue",
      "name": "booking_refund",
      "provider": "provider[\"registry.terraform.io/hashicorp/google\"]",
      "instances": [
        {
          "schema_version": 0,
          "attributes": {
            "app_engine_routing_override": [],
            "desired_state": "RUNNING",
            "http_target": [],
            "id": "projects/hauslet-486322/locations/europe-west2/queues/booking-refund-queue",
            "location": "europe-west2",
            "name": "booking-refund-queue",
            "project": "hauslet-486322",
            "rate_limits": [
              {
                "max_burst_size": 10,
                "max_concurrent_dispatches": 3,
                "max_dispatches_per_second": 5
              }
            ],
            "retry_config": [
              {
                "max_attempts": 5,
                "max_backoff": "300s",
                "max_doublings": 4,
                "max_retry_duration": "3600s",
                "min_backoff": "10s"
              }
            ],
            "stackdriver_logging_config": [],
            "state": "RUNNING",
            "timeouts": null
          },
          "sensitive_attributes": [],
          "identity_schema_version": 0,
          "private": "eyJlMmJmYjczMC1lY2FhLTExZTYtOGY4OC0zNDM2M2JjN2M0YzAiOnsiY3JlYXRlIjoxMjAwMDAwMDAwMDAwLCJkZWxldGUiOjEyMDAwMDAwMDAwMDAsInVwZGF0ZSI6MTIwMDAwMDAwMDAwMH19",
          "dependencies": [
            "google_project_service.cloudtasks"
          ]
        }
      ]
    },
    {
      "mode": "managed",
      "type": "google_cloud_tasks_queue",
      "name": "calendar_open_house_reminders",
      "provider": "provider[\"registry.terraform.io/hashicorp/google\"]",
      "instances": [
        {
          "schema_version": 0,
          "attributes": {
            "app_engine_routing_override": [],
            "desired_state": "RUNNING",
            "http_target": [],
            "id": "projects/hauslet-486322/locations/europe-west2/queues/calendar-open-house-reminders-queue",
            "location": "europe-west2",
            "name": "calendar-open-house-reminders-queue",
            "project": "hauslet-486322",
            "rate_limits": [
              {
                "max_burst_size": 10,
                "max_concurrent_dispatches": 5,
                "max_dispatches_per_second": 10
              }
            ],
            "retry_config": [
              {
                "max_attempts": 3,
                "max_backoff": "60s",
                "max_doublings": 2,
                "max_retry_duration": "600s",
                "min_backoff": "5s"
              }
            ],
            "stackdriver_logging_config": [],
            "state": "RUNNING",
            "timeouts": null
          },
          "sensitive_attributes": [],
          "identity_schema_version": 0,
          "private": "eyJlMmJmYjczMC1lY2FhLTExZTYtOGY4OC0zNDM2M2JjN2M0YzAiOnsiY3JlYXRlIjoxMjAwMDAwMDAwMDAwLCJkZWxldGUiOjEyMDAwMDAwMDAwMDAsInVwZGF0ZSI6MTIwMDAwMDAwMDAwMH19",
          "dependencies": [
            "google_project_service.cloudtasks"
          ]
        }
      ]
    },
    {
      "mode": "managed",
      "type": "google_cloud_tasks_queue",
      "name": "calendar_showing_reminders",
      "provider": "provider[\"registry.terraform.io/hashicorp/google\"]",
      "instances": [
        {
          "schema_version": 0,
          "attributes": {
            "app_engine_routing_override": [],
            "desired_state": "RUNNING",
            "http_target": [],
            "id": "projects/hauslet-486322/locations/europe-west2/queues/calendar-showing-reminders-queue",
            "location": "europe-west2",
            "name": "calendar-showing-reminders-queue",
            "project": "hauslet-486322",
            "rate_limits": [
              {
                "max_burst_size": 10,
                "max_concurrent_dispatches": 5,
                "max_dispatches_per_second": 10
              }
            ],
            "retry_config": [
              {
                "max_attempts": 3,
                "max_backoff": "60s",
                "max_doublings": 2,
                "max_retry_duration": "600s",
                "min_backoff": "5s"
              }
            ],
            "stackdriver_logging_config": [],
            "state": "RUNNING",
            "timeouts": null
          },
          "sensitive_attributes": [],
          "identity_schema_version": 0,
          "private": "eyJlMmJmYjczMC1lY2FhLTExZTYtOGY4OC0zNDM2M2JjN2M0YzAiOnsiY3JlYXRlIjoxMjAwMDAwMDAwMDAwLCJkZWxldGUiOjEyMDAwMDAwMDAwMDAsInVwZGF0ZSI6MTIwMDAwMDAwMDAwMH19",
          "dependencies": [
            "google_project_service.cloudtasks"
          ]
        }
      ]
    },
    {
      "mode": "managed",
      "type": "google_cloud_tasks_queue",
      "name": "email",
      "provider": "provider[\"registry.terraform.io/hashicorp/google\"]",
      "instances": [
        {
          "schema_version": 0,
          "attributes": {
            "app_engine_routing_override": [],
            "desired_state": "RUNNING",
            "http_target": [],
            "id": "projects/hauslet-486322/locations/europe-west2/queues/email-queue",
            "location": "europe-west2",
            "name": "email-queue",
            "project": "hauslet-486322",
            "rate_limits": [
              {
                "max_burst_size": 10,
                "max_concurrent_dispatches": 5,
                "max_dispatches_per_second": 10
              }
            ],
            "retry_config": [
              {
                "max_attempts": 5,
                "max_backoff": "300s",
                "max_doublings": 5,
                "max_retry_duration": "3600s",
                "min_backoff": "5s"
              }
            ],
            "stackdriver_logging_config": [],
            "state": "RUNNING",
            "timeouts": null
          },
          "sensitive_attributes": [],
          "identity_schema_version": 0,
          "private": "eyJlMmJmYjczMC1lY2FhLTExZTYtOGY4OC0zNDM2M2JjN2M0YzAiOnsiY3JlYXRlIjoxMjAwMDAwMDAwMDAwLCJkZWxldGUiOjEyMDAwMDAwMDAwMDAsInVwZGF0ZSI6MTIwMDAwMDAwMDAwMH19",
          "dependencies": [
            "google_project_service.cloudtasks"
          ]
        }
      ]
    },
    {
      "mode": "managed",
      "type": "google_cloud_tasks_queue",
      "name": "media_cleanup",
      "provider": "provider[\"registry.terraform.io/hashicorp/google\"]",
      "instances": [
        {
          "schema_version": 0,
          "attributes": {
            "app_engine_routing_override": [],
            "desired_state": "RUNNING",
            "http_target": [],
            "id": "projects/hauslet-486322/locations/europe-west2/queues/media-cleanup-queue",
            "location": "europe-west2",
            "name": "media-cleanup-queue",
            "project": "hauslet-486322",
            "rate_limits": [
              {
                "max_burst_size": 10,
                "max_concurrent_dispatches": 5,
                "max_dispatches_per_second": 10
              }
            ],
            "retry_config": [
              {
                "max_attempts": 3,
                "max_backoff": "60s",
                "max_doublings": 2,
                "max_retry_duration": "300s",
                "min_backoff": "5s"
              }
            ],
            "stackdriver_logging_config": [],
            "state": "RUNNING",
            "timeouts": null
          },
          "sensitive_attributes": [],
          "identity_schema_version": 0,
          "private": "eyJlMmJmYjczMC1lY2FhLTExZTYtOGY4OC0zNDM2M2JjN2M0YzAiOnsiY3JlYXRlIjoxMjAwMDAwMDAwMDAwLCJkZWxldGUiOjEyMDAwMDAwMDAwMDAsInVwZGF0ZSI6MTIwMDAwMDAwMDAwMH19",
          "dependencies": [
            "google_project_service.cloudtasks"
          ]
        }
      ]
    },
    {
      "mode": "managed",
      "type": "google_cloud_tasks_queue",
      "name": "media_thumbnail",
      "provider": "provider[\"registry.terraform.io/hashicorp/google\"]",
      "instances": [
        {
          "schema_version": 0,
          "attributes": {
            "app_engine_routing_override": [],
            "desired_state": "RUNNING",
            "http_target": [],
            "id": "projects/hauslet-486322/locations/europe-west2/queues/media-thumbnail-queue",
            "location": "europe-west2",
            "name": "media-thumbnail-queue",
            "project": "hauslet-486322",
            "rate_limits": [
              {
                "max_burst_size": 10,
                "max_concurrent_dispatches": 10,
                "max_dispatches_per_second": 20
              }
            ],
            "retry_config": [
              {
                "max_attempts": 3,
                "max_backoff": "60s",
                "max_doublings": 3,
                "max_retry_duration": "600s",
                "min_backoff": "5s"
              }
            ],
            "stackdriver_logging_config": [],
            "state": "RUNNING",
            "timeouts": null
          },
          "sensitive_attributes": [],
          "identity_schema_version": 0,
          "private": "eyJlMmJmYjczMC1lY2FhLTExZTYtOGY4OC0zNDM2M2JjN2M0YzAiOnsiY3JlYXRlIjoxMjAwMDAwMDAwMDAwLCJkZWxldGUiOjEyMDAwMDAwMDAwMDAsInVwZGF0ZSI6MTIwMDAwMDAwMDAwMH19",
          "dependencies": [
            "google_project_service.cloudtasks"
          ]
        }
      ]
    },
    {
      "mode": "managed",
      "type": "google_cloud_tasks_queue",
      "name": "payment_webhook",
      "provider": "provider[\"registry.terraform.io/hashicorp/google\"]",
      "instances": [
        {
          "schema_version": 0,
          "attributes": {
            "app_engine_routing_override": [],
            "desired_state": "RUNNING",
            "http_target": [],
            "id": "projects/hauslet-486322/locations/europe-west2/queues/payment-webhook-queue",
            "location": "europe-west2",
            "name": "payment-webhook-queue",
            "project": "hauslet-486322",
            "rate_limits": [
              {
                "max_burst_size": 10,
                "max_concurrent_dispatches": 10,
                "max_dispatches_per_second": 20
              }
            ],
            "retry_config": [
              {
                "max_attempts": 5,
                "max_backoff": "300s",
                "max_doublings": 4,
                "max_retry_duration": "3600s",
                "min_backoff": "10s"
              }
            ],
            "stackdriver_logging_config": [],
            "state": "RUNNING",
            "timeouts": null
          },
          "sensitive_attributes": [],
          "identity_schema_version": 0,
          "private": "eyJlMmJmYjczMC1lY2FhLTExZTYtOGY4OC0zNDM2M2JjN2M0YzAiOnsiY3JlYXRlIjoxMjAwMDAwMDAwMDAwLCJkZWxldGUiOjEyMDAwMDAwMDAwMDAsInVwZGF0ZSI6MTIwMDAwMDAwMDAwMH19",
          "dependencies": [
            "google_project_service.cloudtasks"
          ]
        }
      ]
    },
    {
      "mode": "managed",
      "type": "google_cloud_tasks_queue",
      "name": "payout_process",
      "provider": "provider[\"registry.terraform.io/hashicorp/google\"]",
      "instances": [
        {
          "schema_version": 0,
          "attributes": {
            "app_engine_routing_override": [],
            "desired_state": "RUNNING",
            "http_target": [],
            "id": "projects/hauslet-486322/locations/europe-west2/queues/payout-process-queue",
            "location": "europe-west2",
            "name": "payout-process-queue",
            "project": "hauslet-486322",
            "rate_limits": [
              {
                "max_burst_size": 10,
                "max_concurrent_dispatches": 2,
                "max_dispatches_per_second": 5
              }
            ],
            "retry_config": [
              {
                "max_attempts": 3,
                "max_backoff": "600s",
                "max_doublings": 3,
                "max_retry_duration": "1800s",
                "min_backoff": "30s"
              }
            ],
            "stackdriver_logging_config": [],
            "state": "RUNNING",
            "timeouts": null
          },
          "sensitive_attributes": [],
          "identity_schema_version": 0,
          "private": "eyJlMmJmYjczMC1lY2FhLTExZTYtOGY4OC0zNDM2M2JjN2M0YzAiOnsiY3JlYXRlIjoxMjAwMDAwMDAwMDAwLCJkZWxldGUiOjEyMDAwMDAwMDAwMDAsInVwZGF0ZSI6MTIwMDAwMDAwMDAwMH19",
          "dependencies": [
            "google_project_service.cloudtasks"
          ]
        }
      ]
    },
    {
      "mode": "managed",
      "type": "google_cloud_tasks_queue",
      "name": "payout_retry",
      "provider": "provider[\"registry.terraform.io/hashicorp/google\"]",
      "instances": [
        {
          "schema_version": 0,
          "attributes": {
            "app_engine_routing_override": [],
            "desired_state": "RUNNING",
            "http_target": [],
            "id": "projects/hauslet-486322/locations/europe-west2/queues/payout-retry-queue",
            "location": "europe-west2",
            "name": "payout-retry-queue",
            "project": "hauslet-486322",
            "rate_limits": [
              {
                "max_burst_size": 10,
                "max_concurrent_dispatches": 2,
                "max_dispatches_per_second": 5
              }
            ],
            "retry_config": [
              {
                "max_attempts": 3,
                "max_backoff": "600s",
                "max_doublings": 3,
                "max_retry_duration": "1800s",
                "min_backoff": "30s"
              }
            ],
            "stackdriver_logging_config": [],
            "state": "RUNNING",
            "timeouts": null
          },
          "sensitive_attributes": [],
          "identity_schema_version": 0,
          "private": "eyJlMmJmYjczMC1lY2FhLTExZTYtOGY4OC0zNDM2M2JjN2M0YzAiOnsiY3JlYXRlIjoxMjAwMDAwMDAwMDAwLCJkZWxldGUiOjEyMDAwMDAwMDAwMDAsInVwZGF0ZSI6MTIwMDAwMDAwMDAwMH19",
          "dependencies": [
            "google_project_service.cloudtasks"
          ]
        }
      ]
    },
    {
      "mode": "managed",
      "type": "google_cloud_tasks_queue",
      "name": "penalty_debt_collection",
      "provider": "provider[\"registry.terraform.io/hashicorp/google\"]",
      "instances": [
        {
          "schema_version": 0,
          "attributes": {
            "app_engine_routing_override": [],
            "desired_state": "RUNNING",
            "http_target": [],
            "id": "projects/hauslet-486322/locations/europe-west2/queues/penalty-debt-collection-queue",
            "location": "europe-west2",
            "name": "penalty-debt-collection-queue",
            "project": "hauslet-486322",
            "rate_limits": [
              {
                "max_burst_size": 10,
                "max_concurrent_dispatches": 2,
                "max_dispatches_per_second": 5
              }
            ],
            "retry_config": [
              {
                "max_attempts": 3,
                "max_backoff": "300s",
                "max_doublings": 3,
                "max_retry_duration": "1800s",
                "min_backoff": "30s"
              }
            ],
            "stackdriver_logging_config": [],
            "state": "RUNNING",
            "timeouts": null
          },
          "sensitive_attributes": [],
          "identity_schema_version": 0,
          "private": "eyJlMmJmYjczMC1lY2FhLTExZTYtOGY4OC0zNDM2M2JjN2M0YzAiOnsiY3JlYXRlIjoxMjAwMDAwMDAwMDAwLCJkZWxldGUiOjEyMDAwMDAwMDAwMDAsInVwZGF0ZSI6MTIwMDAwMDAwMDAwMH19",
          "dependencies": [
            "google_project_service.cloudtasks"
          ]
        }
      ]
    },
    {
      "mode": "managed",
      "type": "google_cloud_tasks_queue",
      "name": "sync_destinations",
      "provider": "provider[\"registry.terraform.io/hashicorp/google\"]",
      "instances": [
        {
          "schema_version": 0,
          "attributes": {
            "app_engine_routing_override": [],
            "desired_state": "RUNNING",
            "http_target": [],
            "id": "projects/hauslet-486322/locations/europe-west2/queues/sync-destinations-queue",
            "location": "europe-west2",
            "name": "sync-destinations-queue",
            "project": "hauslet-486322",
            "rate_limits": [
              {
                "max_burst_size": 10,
                "max_concurrent_dispatches": 2,
                "max_dispatches_per_second": 5
              }
            ],
            "retry_config": [
              {
                "max_attempts": 3,
                "max_backoff": "120s",
                "max_doublings": 3,
                "max_retry_duration": "600s",
                "min_backoff": "10s"
              }
            ],
            "stackdriver_logging_config": [],
            "state": "RUNNING",
            "timeouts": null
          },
          "sensitive_attributes": [],
          "identity_schema_version": 0,
          "private": "eyJlMmJmYjczMC1lY2FhLTExZTYtOGY4OC0zNDM2M2JjN2M0YzAiOnsiY3JlYXRlIjoxMjAwMDAwMDAwMDAwLCJkZWxldGUiOjEyMDAwMDAwMDAwMDAsInVwZGF0ZSI6MTIwMDAwMDAwMDAwMH19",
          "dependencies": [
            "google_project_service.cloudtasks"
          ]
        }
      ]
    },
    {
      "mode": "managed",
      "type": "google_compute_backend_service",
      "name": "lb_backend",
      "provider": "provider[\"registry.terraform.io/hashicorp/google\"]",
      "instances": [
        {
          "schema_version": 1,
          "attributes": {
            "affinity_cookie_ttl_sec": 0,
            "backend": [
              {
                "balancing_mode": "UTILIZATION",
                "capacity_scaler": 1,
                "custom_metrics": [],
                "description": "",
                "group": "https://www.googleapis.com/compute/v1/projects/hauslet-486322/regions/africa-south1/networkEndpointGroups/hauslet-api-neg",
                "max_connections": 0,
                "max_connections_per_endpoint": 0,
                "max_connections_per_instance": 0,
                "max_rate": 0,
                "max_rate_per_endpoint": 0,
                "max_rate_per_instance": 0,
                "max_utilization": 0,
                "preference": ""
              }
            ],
            "cdn_policy": [],
            "circuit_breakers": [],
            "compression_mode": "",
            "connection_draining_timeout_sec": 300,
            "consistent_hash": [],
            "creation_timestamp": "2026-02-04T08:00:28.023-08:00",
            "custom_metrics": [],
            "custom_request_headers": [],
            "custom_response_headers": [],
            "description": "",
            "edge_security_policy": "",
            "enable_cdn": false,
            "external_managed_migration_state": "",
            "external_managed_migration_testing_percentage": 0,
            "fingerprint": "LmCUU9CS_Ts=",
            "generated_id": 3701110017960629236,
            "health_checks": [],
            "iap": [],
            "id": "projects/hauslet-486322/global/backendServices/hauslet-lb-backend",
            "ip_address_selection_policy": "",
            "load_balancing_scheme": "EXTERNAL",
            "locality_lb_policies": [],
            "locality_lb_policy": "",
            "log_config": [],
            "max_stream_duration": [],
            "name": "hauslet-lb-backend",
            "outlier_detection": [],
            "params": [],
            "port_name": "http",
            "project": "hauslet-486322",
            "protocol": "HTTPS",
            "security_policy": "",
            "security_settings": [],
            "self_link": "https://www.googleapis.com/compute/v1/projects/hauslet-486322/global/backendServices/hauslet-lb-backend",
            "service_lb_policy": "",
            "session_affinity": "NONE",
            "strong_session_affinity_cookie": [],
            "timeout_sec": 30,
            "timeouts": null,
            "tls_settings": []
          },
          "sensitive_attributes": [],
          "identity_schema_version": 0,
          "private": "eyJlMmJmYjczMC1lY2FhLTExZTYtOGY4OC0zNDM2M2JjN2M0YzAiOnsiY3JlYXRlIjoxMjAwMDAwMDAwMDAwLCJkZWxldGUiOjEyMDAwMDAwMDAwMDAsInVwZGF0ZSI6MTIwMDAwMDAwMDAwMH0sInNjaGVtYV92ZXJzaW9uIjoiMSJ9",
          "dependencies": [
            "google_compute_region_network_endpoint_group.api_neg"
          ]
        }
      ]
    },
    {
      "mode": "managed",
      "type": "google_compute_global_address",
      "name": "lb_ip",
      "provider": "provider[\"registry.terraform.io/hashicorp/google\"]",
      "instances": [
        {
          "schema_version": 0,
          "attributes": {
            "address": "136.110.176.204",
            "address_type": "EXTERNAL",
            "creation_timestamp": "2026-02-04T08:00:20.736-08:00",
            "description": "Global static IP for Hauslet Load Balancer",
            "effective_labels": {
              "goog-terraform-provisioned": "true"
            },
            "id": "projects/hauslet-486322/global/addresses/hauslet-lb-ip",
            "ip_version": "",
            "label_fingerprint": "vezUS-42LLM=",
            "labels": {},
            "name": "hauslet-lb-ip",
            "network": "",
            "prefix_length": 0,
            "project": "hauslet-486322",
            "purpose": "",
            "self_link": "https://www.googleapis.com/compute/v1/projects/hauslet-486322/global/addresses/hauslet-lb-ip",
            "terraform_labels": {
              "goog-terraform-provisioned": "true"
            },
            "timeouts": null
          },
          "sensitive_attributes": [],
          "identity_schema_version": 0,
          "private": "eyJlMmJmYjczMC1lY2FhLTExZTYtOGY4OC0zNDM2M2JjN2M0YzAiOnsiY3JlYXRlIjoxMjAwMDAwMDAwMDAwLCJkZWxldGUiOjEyMDAwMDAwMDAwMDAsInVwZGF0ZSI6MTIwMDAwMDAwMDAwMH19"
        }
      ]
    },
    {
      "mode": "managed",
      "type": "google_compute_global_forwarding_rule",
      "name": "lb_forwarding_rule",
      "provider": "provider[\"registry.terraform.io/hashicorp/google\"]",
      "instances": [
        {
          "schema_version": 0,
          "attributes": {
            "base_forwarding_rule": "",
            "description": "",
            "effective_labels": {},
            "external_managed_backend_bucket_migration_state": "",
            "external_managed_backend_bucket_migration_testing_percentage": 0,
            "forwarding_rule_id": 153358987267331002,
            "id": "projects/hauslet-486322/global/forwardingRules/hauslet-lb-forwarding-rule",
            "ip_address": "136.110.176.204",
            "ip_protocol": "TCP",
            "ip_version": "",
            "label_fingerprint": "42WmSpB8rSM=",
            "labels": {},
            "load_balancing_scheme": "EXTERNAL",
            "metadata_filters": [],
            "name": "hauslet-lb-forwarding-rule",
            "network": "",
            "network_tier": "PREMIUM",
            "no_automate_dns_zone": null,
            "port_range": "443-443",
            "project": "hauslet-486322",
            "psc_connection_id": "",
            "psc_connection_status": "",
            "self_link": "https://www.googleapis.com/compute/v1/projects/hauslet-486322/global/forwardingRules/hauslet-lb-forwarding-rule",
            "service_directory_registrations": [],
            "source_ip_ranges": [],
            "subnetwork": "",
            "target": "https://www.googleapis.com/compute/v1/projects/hauslet-486322/global/targetHttpsProxies/hauslet-lb-proxy",
            "terraform_labels": {},
            "timeouts": null
          },
          "sensitive_attributes": [],
          "identity_schema_version": 0,
          "private": "eyJlMmJmYjczMC1lY2FhLTExZTYtOGY4OC0zNDM2M2JjN2M0YzAiOnsiY3JlYXRlIjoxMjAwMDAwMDAwMDAwLCJkZWxldGUiOjEyMDAwMDAwMDAwMDAsInVwZGF0ZSI6MTIwMDAwMDAwMDAwMH19",
          "dependencies": [
            "google_compute_backend_service.lb_backend",
            "google_compute_global_address.lb_ip",
            "google_compute_managed_ssl_certificate.lb_cert",
            "google_compute_region_network_endpoint_group.api_neg",
            "google_compute_target_https_proxy.lb_proxy",
            "google_compute_url_map.lb_url_map"
          ]
        }
      ]
    },
    {
      "mode": "managed",
      "type": "google_compute_managed_ssl_certificate",
      "name": "lb_cert",
      "provider": "provider[\"registry.terraform.io/hashicorp/google\"]",
      "instances": [
        {
          "schema_version": 0,
          "attributes": {
            "certificate_id": 8667899774892954619,
            "creation_timestamp": "2026-02-04T08:00:20.689-08:00",
            "description": "",
            "expire_time": "2026-05-05T09:39:15.000-07:00",
            "id": "projects/hauslet-486322/global/sslCertificates/hauslet-lb-cert",
            "managed": [
              {
                "domains": [
                  "dev-api.hauslet.com"
                ]
              }
            ],
            "name": "hauslet-lb-cert",
            "project": "hauslet-486322",
            "self_link": "https://www.googleapis.com/compute/v1/projects/hauslet-486322/global/sslCertificates/hauslet-lb-cert",
            "subject_alternative_names": [
              "dev-api.hauslet.com"
            ],
            "timeouts": null,
            "type": "MANAGED"
          },
          "sensitive_attributes": [],
          "identity_schema_version": 0,
          "private": "eyJlMmJmYjczMC1lY2FhLTExZTYtOGY4OC0zNDM2M2JjN2M0YzAiOnsiY3JlYXRlIjoxODAwMDAwMDAwMDAwLCJkZWxldGUiOjE4MDAwMDAwMDAwMDB9fQ=="
        }
      ]
    },
    {
      "mode": "managed",
      "type": "google_compute_region_network_endpoint_group",
      "name": "api_neg",
      "provider": "provider[\"registry.terraform.io/hashicorp/google\"]",
      "instances": [
        {
          "schema_version": 0,
          "attributes": {
            "app_engine": [],
            "cloud_function": [],
            "cloud_run": [
              {
                "service": "hauslet-api-staging",
                "tag": "",
                "url_mask": ""
              }
            ],
            "description": "",
            "id": "projects/hauslet-486322/regions/africa-south1/networkEndpointGroups/hauslet-api-neg",
            "name": "hauslet-api-neg",
            "network": "",
            "network_endpoint_type": "SERVERLESS",
            "project": "hauslet-486322",
            "psc_data": [],
            "psc_target_service": "",
            "region": "https://www.googleapis.com/compute/v1/projects/hauslet-486322/regions/africa-south1",
            "self_link": "https://www.googleapis.com/compute/v1/projects/hauslet-486322/regions/africa-south1/networkEndpointGroups/hauslet-api-neg",
            "subnetwork": "",
            "timeouts": null
          },
          "sensitive_attributes": [],
          "identity_schema_version": 0,
          "private": "eyJlMmJmYjczMC1lY2FhLTExZTYtOGY4OC0zNDM2M2JjN2M0YzAiOnsiY3JlYXRlIjoxMjAwMDAwMDAwMDAwLCJkZWxldGUiOjEyMDAwMDAwMDAwMDB9fQ=="
        }
      ]
    },
    {
      "mode": "managed",
      "type": "google_compute_target_https_proxy",
      "name": "lb_proxy",
      "provider": "provider[\"registry.terraform.io/hashicorp/google\"]",
      "instances": [
        {
          "schema_version": 0,
          "attributes": {
            "certificate_manager_certificates": [],
            "certificate_map": "",
            "creation_timestamp": "2026-02-04T08:01:13.283-08:00",
            "description": "",
            "fingerprint": "K2N5vRMvSTU=",
            "http_keep_alive_timeout_sec": 0,
            "id": "projects/hauslet-486322/global/targetHttpsProxies/hauslet-lb-proxy",
            "name": "hauslet-lb-proxy",
            "project": "hauslet-486322",
            "proxy_bind": false,
            "proxy_id": 2315255776713560998,
            "quic_override": "NONE",
            "self_link": "https://www.googleapis.com/compute/v1/projects/hauslet-486322/global/targetHttpsProxies/hauslet-lb-proxy",
            "server_tls_policy": "",
            "ssl_certificates": [
              "https://www.googleapis.com/compute/v1/projects/hauslet-486322/global/sslCertificates/hauslet-lb-cert"
            ],
            "ssl_policy": "",
            "timeouts": null,
            "tls_early_data": "DISABLED",
            "url_map": "https://www.googleapis.com/compute/v1/projects/hauslet-486322/global/urlMaps/hauslet-lb-url-map"
          },
          "sensitive_attributes": [],
          "identity_schema_version": 0,
          "private": "eyJlMmJmYjczMC1lY2FhLTExZTYtOGY4OC0zNDM2M2JjN2M0YzAiOnsiY3JlYXRlIjoxMjAwMDAwMDAwMDAwLCJkZWxldGUiOjEyMDAwMDAwMDAwMDAsInVwZGF0ZSI6MTIwMDAwMDAwMDAwMH19",
          "dependencies": [
            "google_compute_backend_service.lb_backend",
            "google_compute_managed_ssl_certificate.lb_cert",
            "google_compute_region_network_endpoint_group.api_neg",
            "google_compute_url_map.lb_url_map"
          ]
        }
      ]
    },
    {
      "mode": "managed",
      "type": "google_compute_url_map",
      "name": "lb_url_map",
      "provider": "provider[\"registry.terraform.io/hashicorp/google\"]",
      "instances": [
        {
          "schema_version": 0,
          "attributes": {
            "creation_timestamp": "2026-02-04T08:01:00.967-08:00",
            "default_custom_error_response_policy": [],
            "default_route_action": [],
            "default_service": "https://www.googleapis.com/compute/v1/projects/hauslet-486322/global/backendServices/hauslet-lb-backend",
            "default_url_redirect": [],
            "description": "",
            "fingerprint": "wZksWDenSvU=",
            "header_action": [],
            "host_rule": [],
            "id": "projects/hauslet-486322/global/urlMaps/hauslet-lb-url-map",
            "map_id": 2838350456557589459,
            "name": "hauslet-lb-url-map",
            "path_matcher": [],
            "project": "hauslet-486322",
            "self_link": "https://www.googleapis.com/compute/v1/projects/hauslet-486322/global/urlMaps/hauslet-lb-url-map",
            "test": [],
            "timeouts": null
          },
          "sensitive_attributes": [],
          "identity_schema_version": 0,
          "private": "eyJlMmJmYjczMC1lY2FhLTExZTYtOGY4OC0zNDM2M2JjN2M0YzAiOnsiY3JlYXRlIjoxMjAwMDAwMDAwMDAwLCJkZWxldGUiOjEyMDAwMDAwMDAwMDAsInVwZGF0ZSI6MTIwMDAwMDAwMDAwMH19",
          "dependencies": [
            "google_compute_backend_service.lb_backend",
            "google_compute_region_network_endpoint_group.api_neg"
          ]
        }
      ]
    },
    {
      "mode": "managed",
      "type": "google_project_iam_member",
      "name": "api_cloudsql",
      "provider": "provider[\"registry.terraform.io/hashicorp/google\"]",
      "instances": [
        {
          "schema_version": 0,
          "attributes": {
            "condition": [],
            "etag": "BwZKL2Y3ELc=",
            "id": "hauslet-486322/roles/cloudsql.client/serviceAccount:hauslet-api-sa@hauslet-486322.iam.gserviceaccount.com",
            "member": "serviceAccount:hauslet-api-sa@hauslet-486322.iam.gserviceaccount.com",
            "project": "hauslet-486322",
            "role": "roles/cloudsql.client"
          },
          "sensitive_attributes": [],
          "identity_schema_version": 0,
          "private": "bnVsbA==",
          "dependencies": [
            "google_service_account.api"
          ]
        }
      ]
    },
    {
      "mode": "managed",
      "type": "google_project_iam_member",
      "name": "api_cloudtasks",
      "provider": "provider[\"registry.terraform.io/hashicorp/google\"]",
      "instances": [
        {
          "schema_version": 0,
          "attributes": {
            "condition": [],
            "etag": "BwZKL2Y3ELc=",
            "id": "hauslet-486322/roles/cloudtasks.enqueuer/serviceAccount:hauslet-api-sa@hauslet-486322.iam.gserviceaccount.com",
            "member": "serviceAccount:hauslet-api-sa@hauslet-486322.iam.gserviceaccount.com",
            "project": "hauslet-486322",
            "role": "roles/cloudtasks.enqueuer"
          },
          "sensitive_attributes": [],
          "identity_schema_version": 0,
          "private": "bnVsbA==",
          "dependencies": [
            "google_service_account.api"
          ]
        }
      ]
    },
    {
      "mode": "managed",
      "type": "google_project_iam_member",
      "name": "api_secretmanager",
      "provider": "provider[\"registry.terraform.io/hashicorp/google\"]",
      "instances": [
        {
          "schema_version": 0,
          "attributes": {
            "condition": [],
            "etag": "BwZKL2Y3ELc=",
            "id": "hauslet-486322/roles/secretmanager.secretAccessor/serviceAccount:hauslet-api-sa@hauslet-486322.iam.gserviceaccount.com",
            "member": "serviceAccount:hauslet-api-sa@hauslet-486322.iam.gserviceaccount.com",
            "project": "hauslet-486322",
            "role": "roles/secretmanager.secretAccessor"
          },
          "sensitive_attributes": [],
          "identity_schema_version": 0,
          "private": "bnVsbA==",
          "dependencies": [
            "google_service_account.api"
          ]
        }
      ]
    },
    {
      "mode": "managed",
      "type": "google_project_iam_member",
      "name": "api_staging_cloudtasks",
      "provider": "provider[\"registry.terraform.io/hashicorp/google\"]",
      "instances": [
        {
          "schema_version": 0,
          "attributes": {
            "condition": [],
            "etag": "BwZKL2Y3ELc=",
            "id": "hauslet-486322/roles/cloudtasks.enqueuer/serviceAccount:hauslet-api-staging-sa@hauslet-486322.iam.gserviceaccount.com",
            "member": "serviceAccount:hauslet-api-staging-sa@hauslet-486322.iam.gserviceaccount.com",
            "project": "hauslet-486322",
            "role": "roles/cloudtasks.enqueuer"
          },
          "sensitive_attributes": [],
          "identity_schema_version": 0,
          "private": "bnVsbA==",
          "dependencies": [
            "google_service_account.api_staging"
          ]
        }
      ]
    },
    {
      "mode": "managed",
      "type": "google_project_iam_member",
      "name": "api_storage",
      "provider": "provider[\"registry.terraform.io/hashicorp/google\"]",
      "instances": [
        {
          "schema_version": 0,
          "attributes": {
            "condition": [],
            "etag": "BwZKL2Y3ELc=",
            "id": "hauslet-486322/roles/storage.objectAdmin/serviceAccount:hauslet-api-sa@hauslet-486322.iam.gserviceaccount.com",
            "member": "serviceAccount:hauslet-api-sa@hauslet-486322.iam.gserviceaccount.com",
            "project": "hauslet-486322",
            "role": "roles/storage.objectAdmin"
          },
          "sensitive_attributes": [],
          "identity_schema_version": 0,
          "private": "bnVsbA==",
          "dependencies": [
            "google_service_account.api"
          ]
        }
      ]
    },
    {
      "mode": "managed",
      "type": "google_project_iam_member",
      "name": "cloudbuild_run_admin",
      "provider": "provider[\"registry.terraform.io/hashicorp/google\"]",
      "instances": [
        {
          "schema_version": 0,
          "attributes": {
            "condition": [],
            "etag": "BwZKL2Y3ELc=",
            "id": "hauslet-486322/roles/run.admin/serviceAccount:119839697225@cloudbuild.gserviceaccount.com",
            "member": "serviceAccount:119839697225@cloudbuild.gserviceaccount.com",
            "project": "hauslet-486322",
            "role": "roles/run.admin"
          },
          "sensitive_attributes": [],
          "identity_schema_version": 0,
          "private": "bnVsbA==",
          "dependencies": [
            "data.google_project.project"
          ]
        }
      ]
    },
    {
      "mode": "managed",
      "type": "google_project_iam_member",
      "name": "worker_cloudsql",
      "provider": "provider[\"registry.terraform.io/hashicorp/google\"]",
      "instances": [
        {
          "schema_version": 0,
          "attributes": {
            "condition": [],
            "etag": "BwZKL2Y3ELc=",
            "id": "hauslet-486322/roles/cloudsql.client/serviceAccount:hauslet-worker-sa@hauslet-486322.iam.gserviceaccount.com",
            "member": "serviceAccount:hauslet-worker-sa@hauslet-486322.iam.gserviceaccount.com",
            "project": "hauslet-486322",
            "role": "roles/cloudsql.client"
          },
          "sensitive_attributes": [],
          "identity_schema_version": 0,
          "private": "bnVsbA==",
          "dependencies": [
            "google_service_account.worker"
          ]
        }
      ]
    },
    {
      "mode": "managed",
      "type": "google_project_iam_member",
      "name": "worker_secretmanager",
      "provider": "provider[\"registry.terraform.io/hashicorp/google\"]",
      "instances": [
        {
          "schema_version": 0,
          "attributes": {
            "condition": [],
            "etag": "BwZKL2Y3ELc=",
            "id": "hauslet-486322/roles/secretmanager.secretAccessor/serviceAccount:hauslet-worker-sa@hauslet-486322.iam.gserviceaccount.com",
            "member": "serviceAccount:hauslet-worker-sa@hauslet-486322.iam.gserviceaccount.com",
            "project": "hauslet-486322",
            "role": "roles/secretmanager.secretAccessor"
          },
          "sensitive_attributes": [],
          "identity_schema_version": 0,
          "private": "bnVsbA==",
          "dependencies": [
            "google_service_account.worker"
          ]
        }
      ]
    },
    {
      "mode": "managed",
      "type": "google_project_iam_member",
      "name": "worker_staging_cloudtasks",
      "provider": "provider[\"registry.terraform.io/hashicorp/google\"]",
      "instances": [
        {
          "schema_version": 0,
          "attributes": {
            "condition": [],
            "etag": "BwZKL2Y3ELc=",
            "id": "hauslet-486322/roles/cloudtasks.enqueuer/serviceAccount:hauslet-worker-staging-sa@hauslet-486322.iam.gserviceaccount.com",
            "member": "serviceAccount:hauslet-worker-staging-sa@hauslet-486322.iam.gserviceaccount.com",
            "project": "hauslet-486322",
            "role": "roles/cloudtasks.enqueuer"
          },
          "sensitive_attributes": [],
          "identity_schema_version": 0,
          "private": "bnVsbA==",
          "dependencies": [
            "google_service_account.worker_staging"
          ]
        }
      ]
    },
    {
      "mode": "managed",
      "type": "google_project_iam_member",
      "name": "worker_storage",
      "provider": "provider[\"registry.terraform.io/hashicorp/google\"]",
      "instances": [
        {
          "schema_version": 0,
          "attributes": {
            "condition": [],
            "etag": "BwZKL2Y3ELc=",
            "id": "hauslet-486322/roles/storage.objectAdmin/serviceAccount:hauslet-worker-sa@hauslet-486322.iam.gserviceaccount.com",
            "member": "serviceAccount:hauslet-worker-sa@hauslet-486322.iam.gserviceaccount.com",
            "project": "hauslet-486322",
            "role": "roles/storage.objectAdmin"
          },
          "sensitive_attributes": [],
          "identity_schema_version": 0,
          "private": "bnVsbA==",
          "dependencies": [
            "google_service_account.worker"
          ]
        }
      ]
    },
    {
      "mode": "managed",
      "type": "google_project_service",
      "name": "artifactregistry",
      "provider": "provider[\"registry.terraform.io/hashicorp/google\"]",
      "instances": [
        {
          "schema_version": 0,
          "attributes": {
            "disable_dependent_services": null,
            "disable_on_destroy": false,
            "id": "hauslet-486322/artifactregistry.googleapis.com",
            "project": "hauslet-486322",
            "service": "artifactregistry.googleapis.com",
            "timeouts": null
          },
          "sensitive_attributes": [],
          "identity_schema_version": 0,
          "private": "eyJlMmJmYjczMC1lY2FhLTExZTYtOGY4OC0zNDM2M2JjN2M0YzAiOnsiY3JlYXRlIjoxMjAwMDAwMDAwMDAwLCJkZWxldGUiOjEyMDAwMDAwMDAwMDAsInJlYWQiOjYwMDAwMDAwMDAwMCwidXBkYXRlIjoxMjAwMDAwMDAwMDAwfX0="
        }
      ]
    },
    {
      "mode": "managed",
      "type": "google_project_service",
      "name": "cloudbuild",
      "provider": "provider[\"registry.terraform.io/hashicorp/google\"]",
      "instances": [
        {
          "schema_version": 0,
          "attributes": {
            "disable_dependent_services": null,
            "disable_on_destroy": false,
            "id": "hauslet-486322/cloudbuild.googleapis.com",
            "project": "hauslet-486322",
            "service": "cloudbuild.googleapis.com",
            "timeouts": null
          },
          "sensitive_attributes": [],
          "identity_schema_version": 0,
          "private": "eyJlMmJmYjczMC1lY2FhLTExZTYtOGY4OC0zNDM2M2JjN2M0YzAiOnsiY3JlYXRlIjoxMjAwMDAwMDAwMDAwLCJkZWxldGUiOjEyMDAwMDAwMDAwMDAsInJlYWQiOjYwMDAwMDAwMDAwMCwidXBkYXRlIjoxMjAwMDAwMDAwMDAwfX0="
        }
      ]
    },
    {
      "mode": "managed",
      "type": "google_project_service",
      "name": "cloudscheduler",
      "provider": "provider[\"registry.terraform.io/hashicorp/google\"]",
      "instances": [
        {
          "schema_version": 0,
          "attributes": {
            "disable_dependent_services": null,
            "disable_on_destroy": false,
            "id": "hauslet-486322/cloudscheduler.googleapis.com",
            "project": "hauslet-486322",
            "service": "cloudscheduler.googleapis.com",
            "timeouts": null
          },
          "sensitive_attributes": [],
          "identity_schema_version": 0,
          "private": "eyJlMmJmYjczMC1lY2FhLTExZTYtOGY4OC0zNDM2M2JjN2M0YzAiOnsiY3JlYXRlIjoxMjAwMDAwMDAwMDAwLCJkZWxldGUiOjEyMDAwMDAwMDAwMDAsInJlYWQiOjYwMDAwMDAwMDAwMCwidXBkYXRlIjoxMjAwMDAwMDAwMDAwfX0="
        }
      ]
    },
    {
      "mode": "managed",
      "type": "google_project_service",
      "name": "cloudtasks",
      "provider": "provider[\"registry.terraform.io/hashicorp/google\"]",
      "instances": [
        {
          "schema_version": 0,
          "attributes": {
            "disable_dependent_services": null,
            "disable_on_destroy": false,
            "id": "hauslet-486322/cloudtasks.googleapis.com",
            "project": "hauslet-486322",
            "service": "cloudtasks.googleapis.com",
            "timeouts": null
          },
          "sensitive_attributes": [],
          "identity_schema_version": 0,
          "private": "eyJlMmJmYjczMC1lY2FhLTExZTYtOGY4OC0zNDM2M2JjN2M0YzAiOnsiY3JlYXRlIjoxMjAwMDAwMDAwMDAwLCJkZWxldGUiOjEyMDAwMDAwMDAwMDAsInJlYWQiOjYwMDAwMDAwMDAwMCwidXBkYXRlIjoxMjAwMDAwMDAwMDAwfX0="
        }
      ]
    },
    {
      "mode": "managed",
      "type": "google_project_service",
      "name": "run",
      "provider": "provider[\"registry.terraform.io/hashicorp/google\"]",
      "instances": [
        {
          "schema_version": 0,
          "attributes": {
            "disable_dependent_services": null,
            "disable_on_destroy": false,
            "id": "hauslet-486322/run.googleapis.com",
            "project": "hauslet-486322",
            "service": "run.googleapis.com",
            "timeouts": null
          },
          "sensitive_attributes": [],
          "identity_schema_version": 0,
          "private": "eyJlMmJmYjczMC1lY2FhLTExZTYtOGY4OC0zNDM2M2JjN2M0YzAiOnsiY3JlYXRlIjoxMjAwMDAwMDAwMDAwLCJkZWxldGUiOjEyMDAwMDAwMDAwMDAsInJlYWQiOjYwMDAwMDAwMDAwMCwidXBkYXRlIjoxMjAwMDAwMDAwMDAwfX0="
        }
      ]
    },
    {
      "mode": "managed",
      "type": "google_service_account",
      "name": "api",
      "provider": "provider[\"registry.terraform.io/hashicorp/google\"]",
      "instances": [
        {
          "schema_version": 0,
          "attributes": {
            "account_id": "hauslet-api-sa",
            "create_ignore_already_exists": null,
            "description": "Service account for Hauslet API Cloud Run service",
            "disabled": false,
            "display_name": "Hauslet API Service Account",
            "email": "hauslet-api-sa@hauslet-486322.iam.gserviceaccount.com",
            "id": "projects/hauslet-486322/serviceAccounts/hauslet-api-sa@hauslet-486322.iam.gserviceaccount.com",
            "member": "serviceAccount:hauslet-api-sa@hauslet-486322.iam.gserviceaccount.com",
            "name": "projects/hauslet-486322/serviceAccounts/hauslet-api-sa@hauslet-486322.iam.gserviceaccount.com",
            "project": "hauslet-486322",
            "timeouts": null,
            "unique_id": "113339393102204848766"
          },
          "sensitive_attributes": [],
          "identity_schema_version": 0,
          "private": "eyJlMmJmYjczMC1lY2FhLTExZTYtOGY4OC0zNDM2M2JjN2M0YzAiOnsiY3JlYXRlIjozMDAwMDAwMDAwMDB9fQ=="
        }
      ]
    },
    {
      "mode": "managed",
      "type": "google_service_account",
      "name": "api_staging",
      "provider": "provider[\"registry.terraform.io/hashicorp/google\"]",
      "instances": [
        {
          "schema_version": 0,
          "attributes": {
            "account_id": "hauslet-api-staging-sa",
            "create_ignore_already_exists": null,
            "description": "Service account for Hauslet API staging environment",
            "disabled": false,
            "display_name": "Hauslet API Staging Service Account",
            "email": "hauslet-api-staging-sa@hauslet-486322.iam.gserviceaccount.com",
            "id": "projects/hauslet-486322/serviceAccounts/hauslet-api-staging-sa@hauslet-486322.iam.gserviceaccount.com",
            "member": "serviceAccount:hauslet-api-staging-sa@hauslet-486322.iam.gserviceaccount.com",
            "name": "projects/hauslet-486322/serviceAccounts/hauslet-api-staging-sa@hauslet-486322.iam.gserviceaccount.com",
            "project": "hauslet-486322",
            "timeouts": null,
            "unique_id": "111959130227632677509"
          },
          "sensitive_attributes": [],
          "identity_schema_version": 0,
          "private": "eyJlMmJmYjczMC1lY2FhLTExZTYtOGY4OC0zNDM2M2JjN2M0YzAiOnsiY3JlYXRlIjozMDAwMDAwMDAwMDB9fQ=="
        }
      ]
    },
    {
      "mode": "managed",
      "type": "google_service_account",
      "name": "worker",
      "provider": "provider[\"registry.terraform.io/hashicorp/google\"]",
      "instances": [
        {
          "schema_version": 0,
          "attributes": {
            "account_id": "hauslet-worker-sa",
            "create_ignore_already_exists": null,
            "description": "Service account for Hauslet Worker Cloud Run service",
            "disabled": false,
            "display_name": "Hauslet Worker Service Account",
            "email": "hauslet-worker-sa@hauslet-486322.iam.gserviceaccount.com",
            "id": "projects/hauslet-486322/serviceAccounts/hauslet-worker-sa@hauslet-486322.iam.gserviceaccount.com",
            "member": "serviceAccount:hauslet-worker-sa@hauslet-486322.iam.gserviceaccount.com",
            "name": "projects/hauslet-486322/serviceAccounts/hauslet-worker-sa@hauslet-486322.iam.gserviceaccount.com",
            "project": "hauslet-486322",
            "timeouts": null,
            "unique_id": "100576496995566803571"
          },
          "sensitive_attributes": [],
          "identity_schema_version": 0,
          "private": "eyJlMmJmYjczMC1lY2FhLTExZTYtOGY4OC0zNDM2M2JjN2M0YzAiOnsiY3JlYXRlIjozMDAwMDAwMDAwMDB9fQ=="
        }
      ]
    },
    {
      "mode": "managed",
      "type": "google_service_account",
      "name": "worker_staging",
      "provider": "provider[\"registry.terraform.io/hashicorp/google\"]",
      "instances": [
        {
          "schema_version": 0,
          "attributes": {
            "account_id": "hauslet-worker-staging-sa",
            "create_ignore_already_exists": null,
            "description": "Service account for Hauslet Worker staging environment",
            "disabled": false,
            "display_name": "Hauslet Worker Staging Service Account",
            "email": "hauslet-worker-staging-sa@hauslet-486322.iam.gserviceaccount.com",
            "id": "projects/hauslet-486322/serviceAccounts/hauslet-worker-staging-sa@hauslet-486322.iam.gserviceaccount.com",
            "member": "serviceAccount:hauslet-worker-staging-sa@hauslet-486322.iam.gserviceaccount.com",
            "name": "projects/hauslet-486322/serviceAccounts/hauslet-worker-staging-sa@hauslet-486322.iam.gserviceaccount.com",
            "project": "hauslet-486322",
            "timeouts": null,
            "unique_id": "118375914508819974721"
          },
          "sensitive_attributes": [],
          "identity_schema_version": 0,
          "private": "eyJlMmJmYjczMC1lY2FhLTExZTYtOGY4OC0zNDM2M2JjN2M0YzAiOnsiY3JlYXRlIjozMDAwMDAwMDAwMDB9fQ=="
        }
      ]
    },
    {
      "mode": "managed",
      "type": "google_service_account_iam_member",
      "name": "api_staging_act_as_worker",
      "provider": "provider[\"registry.terraform.io/hashicorp/google\"]",
      "instances": [
        {
          "schema_version": 0,
          "attributes": {
            "condition": [],
            "etag": "BwZKL2ZvyUI=",
            "id": "projects/hauslet-486322/serviceAccounts/hauslet-worker-staging-sa@hauslet-486322.iam.gserviceaccount.com/roles/iam.serviceAccountUser/serviceAccount:hauslet-api-staging-sa@hauslet-486322.iam.gserviceaccount.com",
            "member": "serviceAccount:hauslet-api-staging-sa@hauslet-486322.iam.gserviceaccount.com",
            "role": "roles/iam.serviceAccountUser",
            "service_account_id": "projects/hauslet-486322/serviceAccounts/hauslet-worker-staging-sa@hauslet-486322.iam.gserviceaccount.com"
          },
          "sensitive_attributes": [],
          "identity_schema_version": 0,
          "private": "bnVsbA==",
          "dependencies": [
            "google_service_account.api_staging",
            "google_service_account.worker_staging"
          ]
        }
      ]
    },
    {
      "mode": "managed",
      "type": "google_service_account_iam_member",
      "name": "cloudbuild_api_sa",
      "provider": "provider[\"registry.terraform.io/hashicorp/google\"]",
      "instances": [
        {
          "schema_version": 0,
          "attributes": {
            "condition": [],
            "etag": "BwZJ/BDfSwo=",
            "id": "projects/hauslet-486322/serviceAccounts/hauslet-api-sa@hauslet-486322.iam.gserviceaccount.com/roles/iam.serviceAccountUser/serviceAccount:119839697225@cloudbuild.gserviceaccount.com",
            "member": "serviceAccount:119839697225@cloudbuild.gserviceaccount.com",
            "role": "roles/iam.serviceAccountUser",
            "service_account_id": "projects/hauslet-486322/serviceAccounts/hauslet-api-sa@hauslet-486322.iam.gserviceaccount.com"
          },
          "sensitive_attributes": [],
          "identity_schema_version": 0,
          "private": "bnVsbA==",
          "dependencies": [
            "data.google_project.project",
            "google_service_account.api"
          ]
        }
      ]
    },
    {
      "mode": "managed",
      "type": "google_service_account_iam_member",
      "name": "cloudbuild_worker_sa",
      "provider": "provider[\"registry.terraform.io/hashicorp/google\"]",
      "instances": [
        {
          "schema_version": 0,
          "attributes": {
            "condition": [],
            "etag": "BwZJ/BCFN70=",
            "id": "projects/hauslet-486322/serviceAccounts/hauslet-worker-sa@hauslet-486322.iam.gserviceaccount.com/roles/iam.serviceAccountUser/serviceAccount:119839697225@cloudbuild.gserviceaccount.com",
            "member": "serviceAccount:119839697225@cloudbuild.gserviceaccount.com",
            "role": "roles/iam.serviceAccountUser",
            "service_account_id": "projects/hauslet-486322/serviceAccounts/hauslet-worker-sa@hauslet-486322.iam.gserviceaccount.com"
          },
          "sensitive_attributes": [],
          "identity_schema_version": 0,
          "private": "bnVsbA==",
          "dependencies": [
            "data.google_project.project",
            "google_service_account.worker"
          ]
        }
      ]
    },
    {
      "mode": "managed",
      "type": "google_service_account_iam_member",
      "name": "worker_staging_act_as_self",
      "provider": "provider[\"registry.terraform.io/hashicorp/google\"]",
      "instances": [
        {
          "schema_version": 0,
          "attributes": {
            "condition": [],
            "etag": "BwZKL2ZvyUI=",
            "id": "projects/hauslet-486322/serviceAccounts/hauslet-worker-staging-sa@hauslet-486322.iam.gserviceaccount.com/roles/iam.serviceAccountUser/serviceAccount:hauslet-worker-staging-sa@hauslet-486322.iam.gserviceaccount.com",
            "member": "serviceAccount:hauslet-worker-staging-sa@hauslet-486322.iam.gserviceaccount.com",
            "role": "roles/iam.serviceAccountUser",
            "service_account_id": "projects/hauslet-486322/serviceAccounts/hauslet-worker-staging-sa@hauslet-486322.iam.gserviceaccount.com"
          },
          "sensitive_attributes": [],
          "identity_schema_version": 0,
          "private": "bnVsbA==",
          "dependencies": [
            "google_service_account.worker_staging"
          ]
        }
      ]
    },
    {
      "mode": "managed",
      "type": "google_storage_bucket",
      "name": "build_artifacts",
      "provider": "provider[\"registry.terraform.io/hashicorp/google\"]",
      "instances": [
        {
          "schema_version": 4,
          "attributes": {
            "autoclass": [],
            "cors": [],
            "custom_placement_config": [],
            "default_event_based_hold": false,
            "effective_labels": {
              "goog-terraform-provisioned": "true"
            },
            "enable_object_retention": false,
            "encryption": [],
            "force_destroy": false,
            "hierarchical_namespace": [
              {
                "enabled": false
              }
            ],
            "id": "hauslet-486322-build-artifacts",
            "ip_filter": [],
            "labels": {},
            "lifecycle_rule": [
              {
                "action": [
                  {
                    "storage_class": "",
                    "type": "Delete"
                  }
                ],
                "condition": [
                  {
                    "age": 90,
                    "created_before": "",
                    "custom_time_before": "",
                    "days_since_custom_time": 0,
                    "days_since_noncurrent_time": 0,
                    "matches_prefix": [],
                    "matches_storage_class": [],
                    "matches_suffix": [],
                    "noncurrent_time_before": "",
                    "num_newer_versions": 0,
                    "send_age_if_zero": false,
                    "send_days_since_custom_time_if_zero": false,
                    "send_days_since_noncurrent_time_if_zero": false,
                    "send_num_newer_versions_if_zero": false,
                    "with_state": "ANY"
                  }
                ]
              }
            ],
            "location": "AFRICA-SOUTH1",
            "logging": [],
            "name": "hauslet-486322-build-artifacts",
            "project": "hauslet-486322",
            "project_number": 119839697225,
            "public_access_prevention": "inherited",
            "requester_pays": false,
            "retention_policy": [],
            "rpo": null,
            "self_link": "https://www.googleapis.com/storage/v1/b/hauslet-486322-build-artifacts",
            "soft_delete_policy": [
              {
                "effective_time": "2026-02-04T09:20:01.590Z",
                "retention_duration_seconds": 604800
              }
            ],
            "storage_class": "STANDARD",
            "terraform_labels": {
              "goog-terraform-provisioned": "true"
            },
            "time_created": "2026-02-04T09:20:01.590Z",
            "timeouts": null,
            "uniform_bucket_level_access": true,
            "updated": "2026-02-04T09:20:01.590Z",
            "url": "gs://hauslet-486322-build-artifacts",
            "versioning": [
              {
                "enabled": false
              }
            ],
            "website": []
          },
          "sensitive_attributes": [],
          "identity_schema_version": 0,
          "private": "eyJlMmJmYjczMC1lY2FhLTExZTYtOGY4OC0zNDM2M2JjN2M0YzAiOnsiY3JlYXRlIjo2MDAwMDAwMDAwMDAsInJlYWQiOjI0MDAwMDAwMDAwMCwidXBkYXRlIjoyNDAwMDAwMDAwMDB9LCJzY2hlbWFfdmVyc2lvbiI6IjQifQ=="
        }
      ]
    }
  ],
  "check_results": null
}
