{
  "version": 4,
  "terraform_version": "1.14.3",
  "serial": 3,
  "lineage": "fef57420-2982-4f4a-4b69-cf4bc7378629",
  "outputs": {
    "api_service_account_email": {
      "value": null,
      "type": "string"
    },
    "artifact_registry_url": {
      "value": "africa-south1-docker.pkg.dev/hauslet-486322/hauslet",
      "type": "string"
    },
    "build_artifacts_bucket": {
      "value": null,
      "type": "string"
    },
    "scheduler_jobs": {
      "value": {
        "booking_completion": {
          "endpoint": null,
          "name": null,
          "schedule": null
        },
        "booking_expiry": {
          "endpoint": null,
          "name": null,
          "schedule": null
        },
        "disbursement_retry": {
          "endpoint": null,
          "name": null,
          "schedule": null
        },
        "finance_reconciliation": {
          "endpoint": null,
          "name": null,
          "schedule": null
        },
        "media_cleanup": {
          "endpoint": null,
          "name": null,
          "schedule": null
        },
        "payout_process": {
          "endpoint": null,
          "name": null,
          "schedule": null
        },
        "review_publish_standoffs": {
          "endpoint": null,
          "name": null,
          "schedule": null
        },
        "review_send_reminders": {
          "endpoint": null,
          "name": null,
          "schedule": null
        }
      },
      "type": [
        "object",
        {
          "booking_completion": [
            "object",
            {
              "endpoint": "string",
              "name": "string",
              "schedule": "string"
            }
          ],
          "booking_expiry": [
            "object",
            {
              "endpoint": "string",
              "name": "string",
              "schedule": "string"
            }
          ],
          "disbursement_retry": [
            "object",
            {
              "endpoint": "string",
              "name": "string",
              "schedule": "string"
            }
          ],
          "finance_reconciliation": [
            "object",
            {
              "endpoint": "string",
              "name": "string",
              "schedule": "string"
            }
          ],
          "media_cleanup": [
            "object",
            {
              "endpoint": "string",
              "name": "string",
              "schedule": "string"
            }
          ],
          "payout_process": [
            "object",
            {
              "endpoint": "string",
              "name": "string",
              "schedule": "string"
            }
          ],
          "review_publish_standoffs": [
            "object",
            {
              "endpoint": "string",
              "name": "string",
              "schedule": "string"
            }
          ],
          "review_send_reminders": [
            "object",
            {
              "endpoint": "string",
              "name": "string",
              "schedule": "string"
            }
          ]
        }
      ]
    },
    "worker_service_account_email": {
      "value": null,
      "type": "string"
    }
  },
  "resources": [
    {
      "mode": "data",
      "type": "google_project",
      "name": "project",
      "provider": "provider[\"registry.terraform.io/hashicorp/google\"]",
      "instances": [
        {
          "schema_version": 0,
          "attributes": {
            "auto_create_network": null,
            "billing_account": "01A657-219036-08B4CA",
            "deletion_policy": "PREVENT",
            "effective_labels": {},
            "folder_id": "",
            "id": "projects/hauslet-486322",
            "labels": {},
            "name": "Hauslet",
            "number": "119839697225",
            "org_id": "158239303484",
            "project_id": "hauslet-486322",
            "tags": null,
            "terraform_labels": {}
          },
          "sensitive_attributes": [],
          "identity_schema_version": 0
        }
      ]
    },
    {
      "mode": "managed",
      "type": "google_artifact_registry_repository",
      "name": "hauslet",
      "provider": "provider[\"registry.terraform.io/hashicorp/google\"]",
      "instances": [
        {
          "schema_version": 0,
          "attributes": {
            "cleanup_policies": [],
            "cleanup_policy_dry_run": false,
            "create_time": "2026-02-03T23:38:37.096116Z",
            "description": "Hauslet Container Registry",
            "docker_config": [],
            "effective_labels": {},
            "format": "DOCKER",
            "id": "projects/hauslet-486322/locations/africa-south1/repositories/hauslet",
            "kms_key_name": "",
            "labels": {},
            "location": "africa-south1",
            "maven_config": [],
            "mode": "STANDARD_REPOSITORY",
            "name": "hauslet",
            "project": "hauslet-486322",
            "registry_uri": "africa-south1-docker.pkg.dev/hauslet-486322/hauslet",
            "remote_repository_config": [],
            "repository_id": "hauslet",
            "terraform_labels": {},
            "timeouts": null,
            "update_time": "2026-02-04T09:00:49.174049Z",
            "virtual_repository_config": [],
            "vulnerability_scanning_config": [
              {
                "enablement_config": "",
                "enablement_state": "SCANNING_DISABLED",
                "enablement_state_reason": "API containerscanning.googleapis.com is not enabled."
              }
            ]
          },
          "sensitive_attributes": [],
          "identity_schema_version": 0,
          "private": "eyJlMmJmYjczMC1lY2FhLTExZTYtOGY4OC0zNDM2M2JjN2M0YzAiOnsiY3JlYXRlIjoxMjAwMDAwMDAwMDAwLCJkZWxldGUiOjEyMDAwMDAwMDAwMDAsInVwZGF0ZSI6MTIwMDAwMDAwMDAwMH0sInNjaGVtYV92ZXJzaW9uIjoiMCJ9"
        }
      ]
    },
    {
      "mode": "managed",
      "type": "google_service_account",
      "name": "api_staging",
      "provider": "provider[\"registry.terraform.io/hashicorp/google\"]",
      "instances": [
        {
          "schema_version": 0,
          "attributes": {
            "account_id": "hauslet-api-staging-sa",
            "create_ignore_already_exists": null,
            "description": "",
            "disabled": false,
            "display_name": "Hauslet API Staging Service Account",
            "email": "hauslet-api-staging-sa@hauslet-486322.iam.gserviceaccount.com",
            "id": "projects/hauslet-486322/serviceAccounts/hauslet-api-staging-sa@hauslet-486322.iam.gserviceaccount.com",
            "member": "serviceAccount:hauslet-api-staging-sa@hauslet-486322.iam.gserviceaccount.com",
            "name": "projects/hauslet-486322/serviceAccounts/hauslet-api-staging-sa@hauslet-486322.iam.gserviceaccount.com",
            "project": "hauslet-486322",
            "timeouts": null,
            "unique_id": "111959130227632677509"
          },
          "sensitive_attributes": [],
          "identity_schema_version": 0,
          "private": "eyJlMmJmYjczMC1lY2FhLTExZTYtOGY4OC0zNDM2M2JjN2M0YzAiOnsiY3JlYXRlIjozMDAwMDAwMDAwMDB9LCJzY2hlbWFfdmVyc2lvbiI6IjAifQ=="
        }
      ]
    },
    {
      "mode": "managed",
      "type": "google_service_account",
      "name": "worker_staging",
      "provider": "provider[\"registry.terraform.io/hashicorp/google\"]",
      "instances": [
        {
          "schema_version": 0,
          "attributes": {
            "account_id": "hauslet-worker-staging-sa",
            "create_ignore_already_exists": null,
            "description": "",
            "disabled": false,
            "display_name": "Hauslet Worker Staging Service Account",
            "email": "hauslet-worker-staging-sa@hauslet-486322.iam.gserviceaccount.com",
            "id": "projects/hauslet-486322/serviceAccounts/hauslet-worker-staging-sa@hauslet-486322.iam.gserviceaccount.com",
            "member": "serviceAccount:hauslet-worker-staging-sa@hauslet-486322.iam.gserviceaccount.com",
            "name": "projects/hauslet-486322/serviceAccounts/hauslet-worker-staging-sa@hauslet-486322.iam.gserviceaccount.com",
            "project": "hauslet-486322",
            "timeouts": null,
            "unique_id": "118375914508819974721"
          },
          "sensitive_attributes": [],
          "identity_schema_version": 0,
          "private": "eyJlMmJmYjczMC1lY2FhLTExZTYtOGY4OC0zNDM2M2JjN2M0YzAiOnsiY3JlYXRlIjozMDAwMDAwMDAwMDB9LCJzY2hlbWFfdmVyc2lvbiI6IjAifQ=="
        }
      ]
    }
  ],
  "check_results": null
}
