{
  "version": 4,
  "terraform_version": "1.14.3",
  "serial": 45,
  "lineage": "0a3a755e-a10e-f735-ae43-1c7fc5400f35",
  "outputs": {
    "api_service_account_email": {
      "value": "hauslet-api-sa@gen-lang-client-0265949535.iam.gserviceaccount.com",
      "type": "string"
    },
    "artifact_registry_url": {
      "value": "europe-north1-docker.pkg.dev/gen-lang-client-0265949535/hauslet",
      "type": "string"
    },
    "build_artifacts_bucket": {
      "value": "gen-lang-client-0265949535-build-artifacts",
      "type": "string"
    },
    "scheduler_jobs": {
      "value": {
        "booking_expiry": {
          "endpoint": "https://hauslet-worker-staging-rj3e6yzvha-lz.a.run.app/tasks/booking/expiry",
          "name": "booking-expiry-scheduler",
          "schedule": "*/2 * * * *"
        },
        "disbursement_retry": {
          "endpoint": "https://hauslet-worker-staging-rj3e6yzvha-lz.a.run.app/tasks/finance/payout/retry",
          "name": "disbursement-retry-scheduler",
          "schedule": "*/15 * * * *"
        },
        "media_cleanup": {
          "endpoint": "https://hauslet-worker-staging-rj3e6yzvha-lz.a.run.app/tasks/media/cleanup",
          "name": "media-cleanup-scheduler",
          "schedule": "*/15 * * * *"
        },
        "payout_process": {
          "endpoint": "https://hauslet-worker-staging-rj3e6yzvha-lz.a.run.app/tasks/finance/payout/process",
          "name": "payout-process-scheduler",
          "schedule": "0 * * * *"
        }
      },
      "type": [
        "object",
        {
          "booking_expiry": [
            "object",
            {
              "endpoint": "string",
              "name": "string",
              "schedule": "string"
            }
          ],
          "disbursement_retry": [
            "object",
            {
              "endpoint": "string",
              "name": "string",
              "schedule": "string"
            }
          ],
          "media_cleanup": [
            "object",
            {
              "endpoint": "string",
              "name": "string",
              "schedule": "string"
            }
          ],
          "payout_process": [
            "object",
            {
              "endpoint": "string",
              "name": "string",
              "schedule": "string"
            }
          ]
        }
      ]
    },
    "worker_service_account_email": {
      "value": "hauslet-worker-sa@gen-lang-client-0265949535.iam.gserviceaccount.com",
      "type": "string"
    }
  },
  "resources": [
    {
      "mode": "data",
      "type": "google_project",
      "name": "project",
      "provider": "provider[\"registry.terraform.io/hashicorp/google\"]",
      "instances": [
        {
          "schema_version": 0,
          "attributes": {
            "auto_create_network": null,
            "billing_account": "011E11-E1E1EA-1C34AD",
            "deletion_policy": "PREVENT",
            "effective_labels": {},
            "folder_id": null,
            "id": "projects/gen-lang-client-0265949535",
            "labels": {},
            "name": "Hauslet",
            "number": "697692991732",
            "org_id": null,
            "project_id": "gen-lang-client-0265949535",
            "tags": null,
            "terraform_labels": {}
          },
          "sensitive_attributes": [],
          "identity_schema_version": 0
        }
      ]
    },
    {
      "mode": "managed",
      "type": "google_cloud_run_service_iam_member",
      "name": "scheduler_invoker",
      "provider": "provider[\"registry.terraform.io/hashicorp/google\"]",
      "instances": [
        {
          "schema_version": 0,
          "attributes": {
            "condition": [],
            "etag": "BwZHAXTNEj0=",
            "id": "v1/projects/gen-lang-client-0265949535/locations/europe-north1/services/hauslet-worker-staging/roles/run.invoker/serviceAccount:hauslet-worker-staging-sa@gen-lang-client-0265949535.iam.gserviceaccount.com",
            "location": "europe-north1",
            "member": "serviceAccount:hauslet-worker-staging-sa@gen-lang-client-0265949535.iam.gserviceaccount.com",
            "project": "gen-lang-client-0265949535",
            "role": "roles/run.invoker",
            "service": "v1/projects/gen-lang-client-0265949535/locations/europe-north1/services/hauslet-worker-staging"
          },
          "sensitive_attributes": [],
          "identity_schema_version": 0,
          "private": "bnVsbA=="
        }
      ]
    },
    {
      "mode": "managed",
      "type": "google_cloud_scheduler_job",
      "name": "booking_expiry",
      "provider": "provider[\"registry.terraform.io/hashicorp/google\"]",
      "instances": [
        {
          "schema_version": 0,
          "attributes": {
            "app_engine_http_target": [],
            "attempt_deadline": "180s",
            "description": "Checks for expired bookings every 2 minutes",
            "http_target": [
              {
                "body": "e30=",
                "headers": {
                  "Content-Type": "application/json"
                },
                "http_method": "POST",
                "oauth_token": [],
                "oidc_token": [
                  {
                    "audience": "https://hauslet-worker-staging-rj3e6yzvha-lz.a.run.app",
                    "service_account_email": "hauslet-worker-staging-sa@gen-lang-client-0265949535.iam.gserviceaccount.com"
                  }
                ],
                "uri": "https://hauslet-worker-staging-rj3e6yzvha-lz.a.run.app/tasks/booking/expiry"
              }
            ],
            "id": "projects/gen-lang-client-0265949535/locations/europe-west1/jobs/booking-expiry-scheduler",
            "name": "booking-expiry-scheduler",
            "paused": false,
            "project": "gen-lang-client-0265949535",
            "pubsub_target": [],
            "region": "europe-west1",
            "retry_config": [
              {
                "max_backoff_duration": "60s",
                "max_doublings": 5,
                "max_retry_duration": "0s",
                "min_backoff_duration": "5s",
                "retry_count": 3
              }
            ],
            "schedule": "*/2 * * * *",
            "state": "ENABLED",
            "time_zone": "UTC",
            "timeouts": null
          },
          "sensitive_attributes": [],
          "identity_schema_version": 0,
          "private": "eyJlMmJmYjczMC1lY2FhLTExZTYtOGY4OC0zNDM2M2JjN2M0YzAiOnsiY3JlYXRlIjoxMjAwMDAwMDAwMDAwLCJkZWxldGUiOjEyMDAwMDAwMDAwMDAsInVwZGF0ZSI6MTIwMDAwMDAwMDAwMH19",
          "dependencies": [
            "google_project_service.cloudscheduler"
          ]
        }
      ]
    },
    {
      "mode": "managed",
      "type": "google_cloud_scheduler_job",
      "name": "disbursement_retry",
      "provider": "provider[\"registry.terraform.io/hashicorp/google\"]",
      "instances": [
        {
          "schema_version": 0,
          "attributes": {
            "app_engine_http_target": [],
            "attempt_deadline": "180s",
            "description": "Retries failed disbursements every 15 minutes",
            "http_target": [
              {
                "body": "e30=",
                "headers": {
                  "Content-Type": "application/json"
                },
                "http_method": "POST",
                "oauth_token": [],
                "oidc_token": [
                  {
                    "audience": "https://hauslet-worker-staging-rj3e6yzvha-lz.a.run.app",
                    "service_account_email": "hauslet-worker-staging-sa@gen-lang-client-0265949535.iam.gserviceaccount.com"
                  }
                ],
                "uri": "https://hauslet-worker-staging-rj3e6yzvha-lz.a.run.app/tasks/finance/payout/retry"
              }
            ],
            "id": "projects/gen-lang-client-0265949535/locations/europe-west1/jobs/disbursement-retry-scheduler",
            "name": "disbursement-retry-scheduler",
            "paused": false,
            "project": "gen-lang-client-0265949535",
            "pubsub_target": [],
            "region": "europe-west1",
            "retry_config": [
              {
                "max_backoff_duration": "300s",
                "max_doublings": 5,
                "max_retry_duration": "0s",
                "min_backoff_duration": "10s",
                "retry_count": 2
              }
            ],
            "schedule": "*/15 * * * *",
            "state": "ENABLED",
            "time_zone": "UTC",
            "timeouts": null
          },
          "sensitive_attributes": [],
          "identity_schema_version": 0,
          "private": "eyJlMmJmYjczMC1lY2FhLTExZTYtOGY4OC0zNDM2M2JjN2M0YzAiOnsiY3JlYXRlIjoxMjAwMDAwMDAwMDAwLCJkZWxldGUiOjEyMDAwMDAwMDAwMDAsInVwZGF0ZSI6MTIwMDAwMDAwMDAwMH19",
          "dependencies": [
            "google_project_service.cloudscheduler"
          ]
        }
      ]
    },
    {
      "mode": "managed",
      "type": "google_cloud_scheduler_job",
      "name": "media_cleanup",
      "provider": "provider[\"registry.terraform.io/hashicorp/google\"]",
      "instances": [
        {
          "schema_version": 0,
          "attributes": {
            "app_engine_http_target": [],
            "attempt_deadline": "180s",
            "description": "Triggers media cleanup job every 15 minutes",
            "http_target": [
              {
                "body": "eyJsaW1pdCI6MjAwLCJvbGRlcl90aGFuX21pbnV0ZXMiOjEyMH0=",
                "headers": {
                  "Content-Type": "application/json"
                },
                "http_method": "POST",
                "oauth_token": [],
                "oidc_token": [
                  {
                    "audience": "https://hauslet-worker-staging-rj3e6yzvha-lz.a.run.app",
                    "service_account_email": "hauslet-worker-staging-sa@gen-lang-client-0265949535.iam.gserviceaccount.com"
                  }
                ],
                "uri": "https://hauslet-worker-staging-rj3e6yzvha-lz.a.run.app/tasks/media/cleanup"
              }
            ],
            "id": "projects/gen-lang-client-0265949535/locations/europe-west1/jobs/media-cleanup-scheduler",
            "name": "media-cleanup-scheduler",
            "paused": false,
            "project": "gen-lang-client-0265949535",
            "pubsub_target": [],
            "region": "europe-west1",
            "retry_config": [
              {
                "max_backoff_duration": "60s",
                "max_doublings": 5,
                "max_retry_duration": "0s",
                "min_backoff_duration": "5s",
                "retry_count": 3
              }
            ],
            "schedule": "*/15 * * * *",
            "state": "ENABLED",
            "time_zone": "UTC",
            "timeouts": null
          },
          "sensitive_attributes": [],
          "identity_schema_version": 0,
          "private": "eyJlMmJmYjczMC1lY2FhLTExZTYtOGY4OC0zNDM2M2JjN2M0YzAiOnsiY3JlYXRlIjoxMjAwMDAwMDAwMDAwLCJkZWxldGUiOjEyMDAwMDAwMDAwMDAsInVwZGF0ZSI6MTIwMDAwMDAwMDAwMH19",
          "dependencies": [
            "google_project_service.cloudscheduler"
          ]
        }
      ]
    },
    {
      "mode": "managed",
      "type": "google_cloud_scheduler_job",
      "name": "payout_process",
      "provider": "provider[\"registry.terraform.io/hashicorp/google\"]",
      "instances": [
        {
          "schema_version": 0,
          "attributes": {
            "app_engine_http_target": [],
            "attempt_deadline": "180s",
            "description": "Processes pending payouts every hour",
            "http_target": [
              {
                "body": "e30=",
                "headers": {
                  "Content-Type": "application/json"
                },
                "http_method": "POST",
                "oauth_token": [],
                "oidc_token": [
                  {
                    "audience": "https://hauslet-worker-staging-rj3e6yzvha-lz.a.run.app",
                    "service_account_email": "hauslet-worker-staging-sa@gen-lang-client-0265949535.iam.gserviceaccount.com"
                  }
                ],
                "uri": "https://hauslet-worker-staging-rj3e6yzvha-lz.a.run.app/tasks/finance/payout/process"
              }
            ],
            "id": "projects/gen-lang-client-0265949535/locations/europe-west1/jobs/payout-process-scheduler",
            "name": "payout-process-scheduler",
            "paused": false,
            "project": "gen-lang-client-0265949535",
            "pubsub_target": [],
            "region": "europe-west1",
            "retry_config": [
              {
                "max_backoff_duration": "300s",
                "max_doublings": 5,
                "max_retry_duration": "0s",
                "min_backoff_duration": "10s",
                "retry_count": 2
              }
            ],
            "schedule": "0 * * * *",
            "state": "ENABLED",
            "time_zone": "UTC",
            "timeouts": null
          },
          "sensitive_attributes": [],
          "identity_schema_version": 0,
          "private": "eyJlMmJmYjczMC1lY2FhLTExZTYtOGY4OC0zNDM2M2JjN2M0YzAiOnsiY3JlYXRlIjoxMjAwMDAwMDAwMDAwLCJkZWxldGUiOjEyMDAwMDAwMDAwMDAsInVwZGF0ZSI6MTIwMDAwMDAwMDAwMH19",
          "dependencies": [
            "google_project_service.cloudscheduler"
          ]
        }
      ]
    },
    {
      "mode": "managed",
      "type": "google_project_iam_member",
      "name": "cloudbuild_run_admin",
      "provider": "provider[\"registry.terraform.io/hashicorp/google\"]",
      "instances": [
        {
          "schema_version": 0,
          "attributes": {
            "condition": [],
            "etag": "BwZHAXUVNEI=",
            "id": "gen-lang-client-0265949535/roles/run.admin/serviceAccount:697692991732@cloudbuild.gserviceaccount.com",
            "member": "serviceAccount:697692991732@cloudbuild.gserviceaccount.com",
            "project": "gen-lang-client-0265949535",
            "role": "roles/run.admin"
          },
          "sensitive_attributes": [],
          "identity_schema_version": 0,
          "private": "bnVsbA==",
          "dependencies": [
            "data.google_project.project"
          ]
        }
      ]
    },
    {
      "mode": "managed",
      "type": "google_project_service",
      "name": "artifactregistry",
      "provider": "provider[\"registry.terraform.io/hashicorp/google\"]",
      "instances": [
        {
          "schema_version": 0,
          "attributes": {
            "disable_dependent_services": null,
            "disable_on_destroy": false,
            "id": "gen-lang-client-0265949535/artifactregistry.googleapis.com",
            "project": "gen-lang-client-0265949535",
            "service": "artifactregistry.googleapis.com",
            "timeouts": null
          },
          "sensitive_attributes": [],
          "identity_schema_version": 0,
          "private": "eyJlMmJmYjczMC1lY2FhLTExZTYtOGY4OC0zNDM2M2JjN2M0YzAiOnsiY3JlYXRlIjoxMjAwMDAwMDAwMDAwLCJkZWxldGUiOjEyMDAwMDAwMDAwMDAsInJlYWQiOjYwMDAwMDAwMDAwMCwidXBkYXRlIjoxMjAwMDAwMDAwMDAwfX0="
        }
      ]
    },
    {
      "mode": "managed",
      "type": "google_project_service",
      "name": "cloudbuild",
      "provider": "provider[\"registry.terraform.io/hashicorp/google\"]",
      "instances": [
        {
          "schema_version": 0,
          "attributes": {
            "disable_dependent_services": null,
            "disable_on_destroy": false,
            "id": "gen-lang-client-0265949535/cloudbuild.googleapis.com",
            "project": "gen-lang-client-0265949535",
            "service": "cloudbuild.googleapis.com",
            "timeouts": null
          },
          "sensitive_attributes": [],
          "identity_schema_version": 0,
          "private": "eyJlMmJmYjczMC1lY2FhLTExZTYtOGY4OC0zNDM2M2JjN2M0YzAiOnsiY3JlYXRlIjoxMjAwMDAwMDAwMDAwLCJkZWxldGUiOjEyMDAwMDAwMDAwMDAsInJlYWQiOjYwMDAwMDAwMDAwMCwidXBkYXRlIjoxMjAwMDAwMDAwMDAwfX0="
        }
      ]
    },
    {
      "mode": "managed",
      "type": "google_project_service",
      "name": "cloudscheduler",
      "provider": "provider[\"registry.terraform.io/hashicorp/google\"]",
      "instances": [
        {
          "schema_version": 0,
          "attributes": {
            "disable_dependent_services": null,
            "disable_on_destroy": false,
            "id": "gen-lang-client-0265949535/cloudscheduler.googleapis.com",
            "project": "gen-lang-client-0265949535",
            "service": "cloudscheduler.googleapis.com",
            "timeouts": null
          },
          "sensitive_attributes": [],
          "identity_schema_version": 0,
          "private": "eyJlMmJmYjczMC1lY2FhLTExZTYtOGY4OC0zNDM2M2JjN2M0YzAiOnsiY3JlYXRlIjoxMjAwMDAwMDAwMDAwLCJkZWxldGUiOjEyMDAwMDAwMDAwMDAsInJlYWQiOjYwMDAwMDAwMDAwMCwidXBkYXRlIjoxMjAwMDAwMDAwMDAwfX0="
        }
      ]
    },
    {
      "mode": "managed",
      "type": "google_project_service",
      "name": "run",
      "provider": "provider[\"registry.terraform.io/hashicorp/google\"]",
      "instances": [
        {
          "schema_version": 0,
          "attributes": {
            "disable_dependent_services": null,
            "disable_on_destroy": false,
            "id": "gen-lang-client-0265949535/run.googleapis.com",
            "project": "gen-lang-client-0265949535",
            "service": "run.googleapis.com",
            "timeouts": null
          },
          "sensitive_attributes": [],
          "identity_schema_version": 0,
          "private": "eyJlMmJmYjczMC1lY2FhLTExZTYtOGY4OC0zNDM2M2JjN2M0YzAiOnsiY3JlYXRlIjoxMjAwMDAwMDAwMDAwLCJkZWxldGUiOjEyMDAwMDAwMDAwMDAsInJlYWQiOjYwMDAwMDAwMDAwMCwidXBkYXRlIjoxMjAwMDAwMDAwMDAwfX0="
        }
      ]
    },
    {
      "mode": "managed",
      "type": "google_storage_bucket",
      "name": "build_artifacts",
      "provider": "provider[\"registry.terraform.io/hashicorp/google\"]",
      "instances": [
        {
          "schema_version": 4,
          "attributes": {
            "autoclass": [],
            "cors": [],
            "custom_placement_config": [],
            "default_event_based_hold": false,
            "effective_labels": {
              "goog-terraform-provisioned": "true"
            },
            "enable_object_retention": false,
            "encryption": [],
            "force_destroy": false,
            "hierarchical_namespace": [
              {
                "enabled": false
              }
            ],
            "id": "gen-lang-client-0265949535-build-artifacts",
            "ip_filter": [],
            "labels": {},
            "lifecycle_rule": [
              {
                "action": [
                  {
                    "storage_class": "",
                    "type": "Delete"
                  }
                ],
                "condition": [
                  {
                    "age": 90,
                    "created_before": "",
                    "custom_time_before": "",
                    "days_since_custom_time": 0,
                    "days_since_noncurrent_time": 0,
                    "matches_prefix": [],
                    "matches_storage_class": [],
                    "matches_suffix": [],
                    "noncurrent_time_before": "",
                    "num_newer_versions": 0,
                    "send_age_if_zero": false,
                    "send_days_since_custom_time_if_zero": false,
                    "send_days_since_noncurrent_time_if_zero": false,
                    "send_num_newer_versions_if_zero": false,
                    "with_state": "ANY"
                  }
                ]
              }
            ],
            "location": "EUROPE-NORTH1",
            "logging": [],
            "name": "gen-lang-client-0265949535-build-artifacts",
            "project": "gen-lang-client-0265949535",
            "project_number": 697692991732,
            "public_access_prevention": "inherited",
            "requester_pays": false,
            "retention_policy": [],
            "rpo": null,
            "self_link": "https://www.googleapis.com/storage/v1/b/gen-lang-client-0265949535-build-artifacts",
            "soft_delete_policy": [
              {
                "effective_time": "2025-12-28T11:30:40.371Z",
                "retention_duration_seconds": 604800
              }
            ],
            "storage_class": "STANDARD",
            "terraform_labels": {
              "goog-terraform-provisioned": "true"
            },
            "time_created": "2025-12-28T11:30:40.371Z",
            "timeouts": null,
            "uniform_bucket_level_access": true,
            "updated": "2025-12-28T11:30:40.371Z",
            "url": "gs://gen-lang-client-0265949535-build-artifacts",
            "versioning": [
              {
                "enabled": false
              }
            ],
            "website": []
          },
          "sensitive_attributes": [],
          "identity_schema_version": 0,
          "private": "eyJlMmJmYjczMC1lY2FhLTExZTYtOGY4OC0zNDM2M2JjN2M0YzAiOnsiY3JlYXRlIjo2MDAwMDAwMDAwMDAsInJlYWQiOjI0MDAwMDAwMDAwMCwidXBkYXRlIjoyNDAwMDAwMDAwMDB9LCJzY2hlbWFfdmVyc2lvbiI6IjQifQ=="
        }
      ]
    }
  ],
  "check_results": null
}
