{
  "version": 4,
  "terraform_version": "1.14.3",
  "serial": 98,
  "lineage": "0a3a755e-a10e-f735-ae43-1c7fc5400f35",
  "outputs": {
    "api_service_account_email": {
      "value": "hauslet-api-sa@gen-lang-client-0265949535.iam.gserviceaccount.com",
      "type": "string"
    },
    "artifact_registry_url": {
      "value": "europe-north1-docker.pkg.dev/gen-lang-client-0265949535/hauslet",
      "type": "string"
    },
    "build_artifacts_bucket": {
      "value": "gen-lang-client-0265949535-build-artifacts",
      "type": "string"
    },
    "scheduler_jobs": {
      "value": {
        "booking_completion": {
          "endpoint": "https://hauslet-worker-staging-rj3e6yzvha-lz.a.run.app/tasks/booking/completion",
          "name": "booking-completion-scheduler",
          "schedule": "0 * * * *"
        },
        "booking_expiry": {
          "endpoint": "https://hauslet-worker-staging-rj3e6yzvha-lz.a.run.app/tasks/booking/expiry",
          "name": "booking-expiry-scheduler",
          "schedule": "*/2 * * * *"
        },
        "disbursement_retry": {
          "endpoint": "https://hauslet-worker-staging-rj3e6yzvha-lz.a.run.app/tasks/finance/payout/retry",
          "name": "disbursement-retry-scheduler",
          "schedule": "*/15 * * * *"
        },
        "finance_reconciliation": {
          "endpoint": "https://hauslet-worker-staging-rj3e6yzvha-lz.a.run.app/tasks/finance/reconciliation",
          "name": "finance-reconciliation-scheduler",
          "schedule": "0 2 * * *"
        },
        "media_cleanup": {
          "endpoint": "https://hauslet-worker-staging-rj3e6yzvha-lz.a.run.app/tasks/media/cleanup",
          "name": "media-cleanup-scheduler",
          "schedule": "*/15 * * * *"
        },
        "payout_process": {
          "endpoint": "https://hauslet-worker-staging-rj3e6yzvha-lz.a.run.app/tasks/finance/payout/process",
          "name": "payout-process-scheduler",
          "schedule": "0 * * * *"
        },
        "review_publish_standoffs": {
          "endpoint": "https://hauslet-worker-staging-rj3e6yzvha-lz.a.run.app/tasks/review/standoff/publish",
          "name": "review-publish-standoffs-scheduler",
          "schedule": "0 0 * * *"
        },
        "review_send_reminders": {
          "endpoint": "https://hauslet-worker-staging-rj3e6yzvha-lz.a.run.app/tasks/review/reminders",
          "name": "review-send-reminders-scheduler",
          "schedule": "0 10 * * *"
        }
      },
      "type": [
        "object",
        {
          "booking_completion": [
            "object",
            {
              "endpoint": "string",
              "name": "string",
              "schedule": "string"
            }
          ],
          "booking_expiry": [
            "object",
            {
              "endpoint": "string",
              "name": "string",
              "schedule": "string"
            }
          ],
          "disbursement_retry": [
            "object",
            {
              "endpoint": "string",
              "name": "string",
              "schedule": "string"
            }
          ],
          "finance_reconciliation": [
            "object",
            {
              "endpoint": "string",
              "name": "string",
              "schedule": "string"
            }
          ],
          "media_cleanup": [
            "object",
            {
              "endpoint": "string",
              "name": "string",
              "schedule": "string"
            }
          ],
          "payout_process": [
            "object",
            {
              "endpoint": "string",
              "name": "string",
              "schedule": "string"
            }
          ],
          "review_publish_standoffs": [
            "object",
            {
              "endpoint": "string",
              "name": "string",
              "schedule": "string"
            }
          ],
          "review_send_reminders": [
            "object",
            {
              "endpoint": "string",
              "name": "string",
              "schedule": "string"
            }
          ]
        }
      ]
    },
    "worker_service_account_email": {
      "value": "hauslet-worker-sa@gen-lang-client-0265949535.iam.gserviceaccount.com",
      "type": "string"
    }
  },
  "resources": [
    {
      "mode": "data",
      "type": "google_project",
      "name": "project",
      "provider": "provider[\"registry.terraform.io/hashicorp/google\"]",
      "instances": [
        {
          "schema_version": 0,
          "attributes": {
            "auto_create_network": null,
            "billing_account": "011E11-E1E1EA-1C34AD",
            "deletion_policy": "PREVENT",
            "effective_labels": {},
            "folder_id": null,
            "id": "projects/gen-lang-client-0265949535",
            "labels": {},
            "name": "Hauslet",
            "number": "697692991732",
            "org_id": null,
            "project_id": "gen-lang-client-0265949535",
            "tags": null,
            "terraform_labels": {}
          },
          "sensitive_attributes": [],
          "identity_schema_version": 0
        }
      ]
    },
    {
      "mode": "managed",
      "type": "google_artifact_registry_repository",
      "name": "hauslet",
      "provider": "provider[\"registry.terraform.io/hashicorp/google\"]",
      "instances": [
        {
          "schema_version": 0,
          "attributes": {
            "cleanup_policies": [
              {
                "action": "DELETE",
                "condition": [
                  {
                    "newer_than": "",
                    "older_than": "2592000s",
                    "package_name_prefixes": [],
                    "tag_prefixes": [],
                    "tag_state": "UNTAGGED",
                    "version_name_prefixes": []
                  }
                ],
                "id": "keep-recent-20",
                "most_recent_versions": []
              },
              {
                "action": "KEEP",
                "condition": [],
                "id": "keep-tagged-90-days",
                "most_recent_versions": [
                  {
                    "keep_count": 20,
                    "package_name_prefixes": []
                  }
                ]
              }
            ],
            "cleanup_policy_dry_run": false,
            "create_time": "2025-12-27T12:12:44.088632Z",
            "description": "Hauslet Docker images for API and Worker services",
            "docker_config": [],
            "effective_labels": {},
            "format": "DOCKER",
            "id": "projects/gen-lang-client-0265949535/locations/europe-north1/repositories/hauslet",
            "kms_key_name": "",
            "labels": {},
            "location": "europe-north1",
            "maven_config": [],
            "mode": "STANDARD_REPOSITORY",
            "name": "hauslet",
            "project": "gen-lang-client-0265949535",
            "registry_uri": "europe-north1-docker.pkg.dev/gen-lang-client-0265949535/hauslet",
            "remote_repository_config": [],
            "repository_id": "hauslet",
            "terraform_labels": {},
            "timeouts": null,
            "update_time": "2025-12-31T23:45:39.956121Z",
            "virtual_repository_config": [],
            "vulnerability_scanning_config": [
              {
                "enablement_config": "",
                "enablement_state": "SCANNING_ACTIVE",
                "enablement_state_reason": ""
              }
            ]
          },
          "sensitive_attributes": [],
          "identity_schema_version": 0,
          "private": "eyJlMmJmYjczMC1lY2FhLTExZTYtOGY4OC0zNDM2M2JjN2M0YzAiOnsiY3JlYXRlIjoxMjAwMDAwMDAwMDAwLCJkZWxldGUiOjEyMDAwMDAwMDAwMDAsInVwZGF0ZSI6MTIwMDAwMDAwMDAwMH19",
          "dependencies": [
            "google_project_service.artifactregistry"
          ]
        }
      ]
    },
    {
      "mode": "managed",
      "type": "google_artifact_registry_repository_iam_member",
      "name": "cloudbuild_writer",
      "provider": "provider[\"registry.terraform.io/hashicorp/google\"]",
      "instances": [
        {
          "schema_version": 0,
          "attributes": {
            "condition": [],
            "etag": "BwZHKkKTWRo=",
            "id": "projects/gen-lang-client-0265949535/locations/europe-north1/repositories/hauslet/roles/artifactregistry.writer/serviceAccount:697692991732@cloudbuild.gserviceaccount.com",
            "location": "europe-north1",
            "member": "serviceAccount:697692991732@cloudbuild.gserviceaccount.com",
            "project": "gen-lang-client-0265949535",
            "repository": "projects/gen-lang-client-0265949535/locations/europe-north1/repositories/hauslet",
            "role": "roles/artifactregistry.writer"
          },
          "sensitive_attributes": [],
          "identity_schema_version": 0,
          "private": "bnVsbA==",
          "dependencies": [
            "data.google_project.project",
            "google_artifact_registry_repository.hauslet",
            "google_project_service.artifactregistry"
          ]
        }
      ]
    },
    {
      "mode": "managed",
      "type": "google_cloud_run_service_iam_member",
      "name": "scheduler_invoker",
      "provider": "provider[\"registry.terraform.io/hashicorp/google\"]",
      "instances": [
        {
          "schema_version": 0,
          "attributes": {
            "condition": [],
            "etag": "BwZHKeIUkYI=",
            "id": "v1/projects/gen-lang-client-0265949535/locations/europe-north1/services/hauslet-worker-staging/roles/run.invoker/serviceAccount:hauslet-worker-staging-sa@gen-lang-client-0265949535.iam.gserviceaccount.com",
            "location": "europe-north1",
            "member": "serviceAccount:hauslet-worker-staging-sa@gen-lang-client-0265949535.iam.gserviceaccount.com",
            "project": "gen-lang-client-0265949535",
            "role": "roles/run.invoker",
            "service": "v1/projects/gen-lang-client-0265949535/locations/europe-north1/services/hauslet-worker-staging"
          },
          "sensitive_attributes": [],
          "identity_schema_version": 0,
          "private": "bnVsbA=="
        }
      ]
    },
    {
      "mode": "managed",
      "type": "google_cloud_run_service_iam_member",
      "name": "worker_invoker",
      "provider": "provider[\"registry.terraform.io/hashicorp/google\"]",
      "instances": [
        {
          "schema_version": 0,
          "attributes": {
            "condition": [],
            "etag": "BwZHKeIUkYI=",
            "id": "v1/projects/gen-lang-client-0265949535/locations/europe-north1/services/hauslet-worker-staging/roles/run.invoker/serviceAccount:hauslet-worker-sa@gen-lang-client-0265949535.iam.gserviceaccount.com",
            "location": "europe-north1",
            "member": "serviceAccount:hauslet-worker-sa@gen-lang-client-0265949535.iam.gserviceaccount.com",
            "project": "gen-lang-client-0265949535",
            "role": "roles/run.invoker",
            "service": "v1/projects/gen-lang-client-0265949535/locations/europe-north1/services/hauslet-worker-staging"
          },
          "sensitive_attributes": [],
          "identity_schema_version": 0,
          "private": "bnVsbA==",
          "dependencies": [
            "google_service_account.worker"
          ]
        }
      ]
    },
    {
      "mode": "managed",
      "type": "google_cloud_scheduler_job",
      "name": "booking_checkin_out",
      "provider": "provider[\"registry.terraform.io/hashicorp/google\"]",
      "instances": [
        {
          "schema_version": 0,
          "attributes": {
            "app_engine_http_target": [],
            "attempt_deadline": "180s",
            "description": "Auto-populates booking check-in/out timestamps every hour",
            "http_target": [
              {
                "body": "e30=",
                "headers": {
                  "Content-Type": "application/json"
                },
                "http_method": "POST",
                "oauth_token": [],
                "oidc_token": [
                  {
                    "audience": "https://hauslet-worker-staging-rj3e6yzvha-lz.a.run.app",
                    "service_account_email": "hauslet-worker-staging-sa@gen-lang-client-0265949535.iam.gserviceaccount.com"
                  }
                ],
                "uri": "https://hauslet-worker-staging-rj3e6yzvha-lz.a.run.app/tasks/booking/checkin-out"
              }
            ],
            "id": "projects/gen-lang-client-0265949535/locations/europe-west1/jobs/booking-checkin-out-scheduler",
            "name": "booking-checkin-out-scheduler",
            "paused": false,
            "project": "gen-lang-client-0265949535",
            "pubsub_target": [],
            "region": "europe-west1",
            "retry_config": [
              {
                "max_backoff_duration": "60s",
                "max_doublings": 5,
                "max_retry_duration": "0s",
                "min_backoff_duration": "5s",
                "retry_count": 3
              }
            ],
            "schedule": "0 * * * *",
            "state": "ENABLED",
            "time_zone": "UTC",
            "timeouts": null
          },
          "sensitive_attributes": [],
          "identity_schema_version": 0,
          "private": "eyJlMmJmYjczMC1lY2FhLTExZTYtOGY4OC0zNDM2M2JjN2M0YzAiOnsiY3JlYXRlIjoxMjAwMDAwMDAwMDAwLCJkZWxldGUiOjEyMDAwMDAwMDAwMDAsInVwZGF0ZSI6MTIwMDAwMDAwMDAwMH19",
          "dependencies": [
            "google_project_service.cloudscheduler"
          ]
        }
      ]
    },
    {
      "mode": "managed",
      "type": "google_cloud_scheduler_job",
      "name": "booking_completion",
      "provider": "provider[\"registry.terraform.io/hashicorp/google\"]",
      "instances": [
        {
          "schema_version": 0,
          "attributes": {
            "app_engine_http_target": [],
            "attempt_deadline": "180s",
            "description": "Marks eligible bookings as completed every hour",
            "http_target": [
              {
                "body": "e30=",
                "headers": {
                  "Content-Type": "application/json"
                },
                "http_method": "POST",
                "oauth_token": [],
                "oidc_token": [
                  {
                    "audience": "https://hauslet-worker-staging-rj3e6yzvha-lz.a.run.app",
                    "service_account_email": "hauslet-worker-staging-sa@gen-lang-client-0265949535.iam.gserviceaccount.com"
                  }
                ],
                "uri": "https://hauslet-worker-staging-rj3e6yzvha-lz.a.run.app/tasks/booking/completion"
              }
            ],
            "id": "projects/gen-lang-client-0265949535/locations/europe-west1/jobs/booking-completion-scheduler",
            "name": "booking-completion-scheduler",
            "paused": false,
            "project": "gen-lang-client-0265949535",
            "pubsub_target": [],
            "region": "europe-west1",
            "retry_config": [
              {
                "max_backoff_duration": "60s",
                "max_doublings": 5,
                "max_retry_duration": "0s",
                "min_backoff_duration": "5s",
                "retry_count": 3
              }
            ],
            "schedule": "0 * * * *",
            "state": "ENABLED",
            "time_zone": "UTC",
            "timeouts": null
          },
          "sensitive_attributes": [],
          "identity_schema_version": 0,
          "private": "eyJlMmJmYjczMC1lY2FhLTExZTYtOGY4OC0zNDM2M2JjN2M0YzAiOnsiY3JlYXRlIjoxMjAwMDAwMDAwMDAwLCJkZWxldGUiOjEyMDAwMDAwMDAwMDAsInVwZGF0ZSI6MTIwMDAwMDAwMDAwMH19",
          "dependencies": [
            "google_project_service.cloudscheduler"
          ]
        }
      ]
    },
    {
      "mode": "managed",
      "type": "google_cloud_scheduler_job",
      "name": "booking_expiry",
      "provider": "provider[\"registry.terraform.io/hashicorp/google\"]",
      "instances": [
        {
          "schema_version": 0,
          "attributes": {
            "app_engine_http_target": [],
            "attempt_deadline": "180s",
            "description": "Checks for expired bookings every 2 minutes",
            "http_target": [
              {
                "body": "e30=",
                "headers": {
                  "Content-Type": "application/json"
                },
                "http_method": "POST",
                "oauth_token": [],
                "oidc_token": [
                  {
                    "audience": "https://hauslet-worker-staging-rj3e6yzvha-lz.a.run.app",
                    "service_account_email": "hauslet-worker-staging-sa@gen-lang-client-0265949535.iam.gserviceaccount.com"
                  }
                ],
                "uri": "https://hauslet-worker-staging-rj3e6yzvha-lz.a.run.app/tasks/booking/expiry"
              }
            ],
            "id": "projects/gen-lang-client-0265949535/locations/europe-west1/jobs/booking-expiry-scheduler",
            "name": "booking-expiry-scheduler",
            "paused": false,
            "project": "gen-lang-client-0265949535",
            "pubsub_target": [],
            "region": "europe-west1",
            "retry_config": [
              {
                "max_backoff_duration": "60s",
                "max_doublings": 5,
                "max_retry_duration": "0s",
                "min_backoff_duration": "5s",
                "retry_count": 3
              }
            ],
            "schedule": "*/2 * * * *",
            "state": "ENABLED",
            "time_zone": "UTC",
            "timeouts": null
          },
          "sensitive_attributes": [],
          "identity_schema_version": 0,
          "private": "eyJlMmJmYjczMC1lY2FhLTExZTYtOGY4OC0zNDM2M2JjN2M0YzAiOnsiY3JlYXRlIjoxMjAwMDAwMDAwMDAwLCJkZWxldGUiOjEyMDAwMDAwMDAwMDAsInVwZGF0ZSI6MTIwMDAwMDAwMDAwMH19",
          "dependencies": [
            "google_project_service.cloudscheduler"
          ]
        }
      ]
    },
    {
      "mode": "managed",
      "type": "google_cloud_scheduler_job",
      "name": "disbursement_retry",
      "provider": "provider[\"registry.terraform.io/hashicorp/google\"]",
      "instances": [
        {
          "schema_version": 0,
          "attributes": {
            "app_engine_http_target": [],
            "attempt_deadline": "180s",
            "description": "Retries failed disbursements every 15 minutes",
            "http_target": [
              {
                "body": "e30=",
                "headers": {
                  "Content-Type": "application/json"
                },
                "http_method": "POST",
                "oauth_token": [],
                "oidc_token": [
                  {
                    "audience": "https://hauslet-worker-staging-rj3e6yzvha-lz.a.run.app",
                    "service_account_email": "hauslet-worker-staging-sa@gen-lang-client-0265949535.iam.gserviceaccount.com"
                  }
                ],
                "uri": "https://hauslet-worker-staging-rj3e6yzvha-lz.a.run.app/tasks/finance/payout/retry"
              }
            ],
            "id": "projects/gen-lang-client-0265949535/locations/europe-west1/jobs/disbursement-retry-scheduler",
            "name": "disbursement-retry-scheduler",
            "paused": false,
            "project": "gen-lang-client-0265949535",
            "pubsub_target": [],
            "region": "europe-west1",
            "retry_config": [
              {
                "max_backoff_duration": "300s",
                "max_doublings": 5,
                "max_retry_duration": "0s",
                "min_backoff_duration": "10s",
                "retry_count": 2
              }
            ],
            "schedule": "*/15 * * * *",
            "state": "ENABLED",
            "time_zone": "UTC",
            "timeouts": null
          },
          "sensitive_attributes": [],
          "identity_schema_version": 0,
          "private": "eyJlMmJmYjczMC1lY2FhLTExZTYtOGY4OC0zNDM2M2JjN2M0YzAiOnsiY3JlYXRlIjoxMjAwMDAwMDAwMDAwLCJkZWxldGUiOjEyMDAwMDAwMDAwMDAsInVwZGF0ZSI6MTIwMDAwMDAwMDAwMH19",
          "dependencies": [
            "google_project_service.cloudscheduler"
          ]
        }
      ]
    },
    {
      "mode": "managed",
      "type": "google_cloud_scheduler_job",
      "name": "finance_reconciliation",
      "provider": "provider[\"registry.terraform.io/hashicorp/google\"]",
      "instances": [
        {
          "schema_version": 0,
          "attributes": {
            "app_engine_http_target": [],
            "attempt_deadline": "180s",
            "description": "Runs daily financial reconciliation at 2 AM UTC",
            "http_target": [
              {
                "body": "e30=",
                "headers": {
                  "Content-Type": "application/json"
                },
                "http_method": "POST",
                "oauth_token": [],
                "oidc_token": [
                  {
                    "audience": "https://hauslet-worker-staging-rj3e6yzvha-lz.a.run.app",
                    "service_account_email": "hauslet-worker-staging-sa@gen-lang-client-0265949535.iam.gserviceaccount.com"
                  }
                ],
                "uri": "https://hauslet-worker-staging-rj3e6yzvha-lz.a.run.app/tasks/finance/reconciliation"
              }
            ],
            "id": "projects/gen-lang-client-0265949535/locations/europe-west1/jobs/finance-reconciliation-scheduler",
            "name": "finance-reconciliation-scheduler",
            "paused": false,
            "project": "gen-lang-client-0265949535",
            "pubsub_target": [],
            "region": "europe-west1",
            "retry_config": [
              {
                "max_backoff_duration": "300s",
                "max_doublings": 5,
                "max_retry_duration": "0s",
                "min_backoff_duration": "30s",
                "retry_count": 1
              }
            ],
            "schedule": "0 2 * * *",
            "state": "ENABLED",
            "time_zone": "UTC",
            "timeouts": null
          },
          "sensitive_attributes": [],
          "identity_schema_version": 0,
          "private": "eyJlMmJmYjczMC1lY2FhLTExZTYtOGY4OC0zNDM2M2JjN2M0YzAiOnsiY3JlYXRlIjoxMjAwMDAwMDAwMDAwLCJkZWxldGUiOjEyMDAwMDAwMDAwMDAsInVwZGF0ZSI6MTIwMDAwMDAwMDAwMH19",
          "dependencies": [
            "google_project_service.cloudscheduler"
          ]
        }
      ]
    },
    {
      "mode": "managed",
      "type": "google_cloud_scheduler_job",
      "name": "media_cleanup",
      "provider": "provider[\"registry.terraform.io/hashicorp/google\"]",
      "instances": [
        {
          "schema_version": 0,
          "attributes": {
            "app_engine_http_target": [],
            "attempt_deadline": "180s",
            "description": "Triggers media cleanup job every 15 minutes",
            "http_target": [
              {
                "body": "eyJsaW1pdCI6MjAwLCJvbGRlcl90aGFuX21pbnV0ZXMiOjEyMH0=",
                "headers": {
                  "Content-Type": "application/json"
                },
                "http_method": "POST",
                "oauth_token": [],
                "oidc_token": [
                  {
                    "audience": "https://hauslet-worker-staging-rj3e6yzvha-lz.a.run.app",
                    "service_account_email": "hauslet-worker-staging-sa@gen-lang-client-0265949535.iam.gserviceaccount.com"
                  }
                ],
                "uri": "https://hauslet-worker-staging-rj3e6yzvha-lz.a.run.app/tasks/media/cleanup"
              }
            ],
            "id": "projects/gen-lang-client-0265949535/locations/europe-west1/jobs/media-cleanup-scheduler",
            "name": "media-cleanup-scheduler",
            "paused": false,
            "project": "gen-lang-client-0265949535",
            "pubsub_target": [],
            "region": "europe-west1",
            "retry_config": [
              {
                "max_backoff_duration": "60s",
                "max_doublings": 5,
                "max_retry_duration": "0s",
                "min_backoff_duration": "5s",
                "retry_count": 3
              }
            ],
            "schedule": "*/15 * * * *",
            "state": "ENABLED",
            "time_zone": "UTC",
            "timeouts": null
          },
          "sensitive_attributes": [],
          "identity_schema_version": 0,
          "private": "eyJlMmJmYjczMC1lY2FhLTExZTYtOGY4OC0zNDM2M2JjN2M0YzAiOnsiY3JlYXRlIjoxMjAwMDAwMDAwMDAwLCJkZWxldGUiOjEyMDAwMDAwMDAwMDAsInVwZGF0ZSI6MTIwMDAwMDAwMDAwMH19",
          "dependencies": [
            "google_project_service.cloudscheduler"
          ]
        }
      ]
    },
    {
      "mode": "managed",
      "type": "google_cloud_scheduler_job",
      "name": "payout_process",
      "provider": "provider[\"registry.terraform.io/hashicorp/google\"]",
      "instances": [
        {
          "schema_version": 0,
          "attributes": {
            "app_engine_http_target": [],
            "attempt_deadline": "180s",
            "description": "Processes pending payouts every hour",
            "http_target": [
              {
                "body": "e30=",
                "headers": {
                  "Content-Type": "application/json"
                },
                "http_method": "POST",
                "oauth_token": [],
                "oidc_token": [
                  {
                    "audience": "https://hauslet-worker-staging-rj3e6yzvha-lz.a.run.app",
                    "service_account_email": "hauslet-worker-staging-sa@gen-lang-client-0265949535.iam.gserviceaccount.com"
                  }
                ],
                "uri": "https://hauslet-worker-staging-rj3e6yzvha-lz.a.run.app/tasks/finance/payout/process"
              }
            ],
            "id": "projects/gen-lang-client-0265949535/locations/europe-west1/jobs/payout-process-scheduler",
            "name": "payout-process-scheduler",
            "paused": false,
            "project": "gen-lang-client-0265949535",
            "pubsub_target": [],
            "region": "europe-west1",
            "retry_config": [
              {
                "max_backoff_duration": "300s",
                "max_doublings": 5,
                "max_retry_duration": "0s",
                "min_backoff_duration": "10s",
                "retry_count": 2
              }
            ],
            "schedule": "0 * * * *",
            "state": "ENABLED",
            "time_zone": "UTC",
            "timeouts": null
          },
          "sensitive_attributes": [],
          "identity_schema_version": 0,
          "private": "eyJlMmJmYjczMC1lY2FhLTExZTYtOGY4OC0zNDM2M2JjN2M0YzAiOnsiY3JlYXRlIjoxMjAwMDAwMDAwMDAwLCJkZWxldGUiOjEyMDAwMDAwMDAwMDAsInVwZGF0ZSI6MTIwMDAwMDAwMDAwMH19",
          "dependencies": [
            "google_project_service.cloudscheduler"
          ]
        }
      ]
    },
    {
      "mode": "managed",
      "type": "google_cloud_scheduler_job",
      "name": "review_publish_standoffs",
      "provider": "provider[\"registry.terraform.io/hashicorp/google\"]",
      "instances": [
        {
          "schema_version": 0,
          "attributes": {
            "app_engine_http_target": [],
            "attempt_deadline": "180s",
            "description": "Publishes reviews stuck in standoff after 14 days",
            "http_target": [
              {
                "body": "eyJzdGFuZG9mZl90aHJlc2hvbGRfZGF5cyI6MTR9",
                "headers": {
                  "Content-Type": "application/json"
                },
                "http_method": "POST",
                "oauth_token": [],
                "oidc_token": [
                  {
                    "audience": "https://hauslet-worker-staging-rj3e6yzvha-lz.a.run.app",
                    "service_account_email": "hauslet-worker-staging-sa@gen-lang-client-0265949535.iam.gserviceaccount.com"
                  }
                ],
                "uri": "https://hauslet-worker-staging-rj3e6yzvha-lz.a.run.app/tasks/review/standoff/publish"
              }
            ],
            "id": "projects/gen-lang-client-0265949535/locations/europe-west1/jobs/review-publish-standoffs-scheduler",
            "name": "review-publish-standoffs-scheduler",
            "paused": false,
            "project": "gen-lang-client-0265949535",
            "pubsub_target": [],
            "region": "europe-west1",
            "retry_config": [
              {
                "max_backoff_duration": "60s",
                "max_doublings": 5,
                "max_retry_duration": "0s",
                "min_backoff_duration": "10s",
                "retry_count": 2
              }
            ],
            "schedule": "0 0 * * *",
            "state": "ENABLED",
            "time_zone": "UTC",
            "timeouts": null
          },
          "sensitive_attributes": [],
          "identity_schema_version": 0,
          "private": "eyJlMmJmYjczMC1lY2FhLTExZTYtOGY4OC0zNDM2M2JjN2M0YzAiOnsiY3JlYXRlIjoxMjAwMDAwMDAwMDAwLCJkZWxldGUiOjEyMDAwMDAwMDAwMDAsInVwZGF0ZSI6MTIwMDAwMDAwMDAwMH19",
          "dependencies": [
            "google_project_service.cloudscheduler"
          ]
        }
      ]
    },
    {
      "mode": "managed",
      "type": "google_cloud_scheduler_job",
      "name": "review_send_reminders",
      "provider": "provider[\"registry.terraform.io/hashicorp/google\"]",
      "instances": [
        {
          "schema_version": 0,
          "attributes": {
            "app_engine_http_target": [],
            "attempt_deadline": "180s",
            "description": "Sends review reminders to users approaching deadline",
            "http_target": [
              {
                "body": "eyJyZW1pbmRlcl90aHJlc2hvbGRfZGF5cyI6M30=",
                "headers": {
                  "Content-Type": "application/json"
                },
                "http_method": "POST",
                "oauth_token": [],
                "oidc_token": [
                  {
                    "audience": "https://hauslet-worker-staging-rj3e6yzvha-lz.a.run.app",
                    "service_account_email": "hauslet-worker-staging-sa@gen-lang-client-0265949535.iam.gserviceaccount.com"
                  }
                ],
                "uri": "https://hauslet-worker-staging-rj3e6yzvha-lz.a.run.app/tasks/review/reminders"
              }
            ],
            "id": "projects/gen-lang-client-0265949535/locations/europe-west1/jobs/review-send-reminders-scheduler",
            "name": "review-send-reminders-scheduler",
            "paused": false,
            "project": "gen-lang-client-0265949535",
            "pubsub_target": [],
            "region": "europe-west1",
            "retry_config": [
              {
                "max_backoff_duration": "30s",
                "max_doublings": 5,
                "max_retry_duration": "0s",
                "min_backoff_duration": "5s",
                "retry_count": 2
              }
            ],
            "schedule": "0 10 * * *",
            "state": "ENABLED",
            "time_zone": "UTC",
            "timeouts": null
          },
          "sensitive_attributes": [],
          "identity_schema_version": 0,
          "private": "eyJlMmJmYjczMC1lY2FhLTExZTYtOGY4OC0zNDM2M2JjN2M0YzAiOnsiY3JlYXRlIjoxMjAwMDAwMDAwMDAwLCJkZWxldGUiOjEyMDAwMDAwMDAwMDAsInVwZGF0ZSI6MTIwMDAwMDAwMDAwMH19",
          "dependencies": [
            "google_project_service.cloudscheduler"
          ]
        }
      ]
    },
    {
      "mode": "managed",
      "type": "google_cloud_tasks_queue",
      "name": "ai_moderation",
      "provider": "provider[\"registry.terraform.io/hashicorp/google\"]",
      "instances": [
        {
          "schema_version": 0,
          "attributes": {
            "app_engine_routing_override": [],
            "desired_state": "RUNNING",
            "http_target": [],
            "id": "projects/gen-lang-client-0265949535/locations/europe-west2/queues/ai-moderation-queue",
            "location": "europe-west2",
            "name": "ai-moderation-queue",
            "project": "gen-lang-client-0265949535",
            "rate_limits": [
              {
                "max_burst_size": 10,
                "max_concurrent_dispatches": 3,
                "max_dispatches_per_second": 5
              }
            ],
            "retry_config": [
              {
                "max_attempts": 3,
                "max_backoff": "120s",
                "max_doublings": 3,
                "max_retry_duration": "600s",
                "min_backoff": "10s"
              }
            ],
            "stackdriver_logging_config": [],
            "state": "RUNNING",
            "timeouts": null
          },
          "sensitive_attributes": [],
          "identity_schema_version": 0,
          "private": "eyJlMmJmYjczMC1lY2FhLTExZTYtOGY4OC0zNDM2M2JjN2M0YzAiOnsiY3JlYXRlIjoxMjAwMDAwMDAwMDAwLCJkZWxldGUiOjEyMDAwMDAwMDAwMDAsInVwZGF0ZSI6MTIwMDAwMDAwMDAwMH19",
          "dependencies": [
            "google_project_service.cloudtasks"
          ]
        }
      ]
    },
    {
      "mode": "managed",
      "type": "google_cloud_tasks_queue",
      "name": "booking_checkin_out",
      "provider": "provider[\"registry.terraform.io/hashicorp/google\"]",
      "instances": [
        {
          "schema_version": 0,
          "attributes": {
            "app_engine_routing_override": [],
            "desired_state": "RUNNING",
            "http_target": [],
            "id": "projects/gen-lang-client-0265949535/locations/europe-west2/queues/booking-checkin-out-queue",
            "location": "europe-west2",
            "name": "booking-checkin-out-queue",
            "project": "gen-lang-client-0265949535",
            "rate_limits": [
              {
                "max_burst_size": 10,
                "max_concurrent_dispatches": 5,
                "max_dispatches_per_second": 10
              }
            ],
            "retry_config": [
              {
                "max_attempts": 3,
                "max_backoff": "60s",
                "max_doublings": 2,
                "max_retry_duration": "300s",
                "min_backoff": "5s"
              }
            ],
            "stackdriver_logging_config": [],
            "state": "RUNNING",
            "timeouts": null
          },
          "sensitive_attributes": [],
          "identity_schema_version": 0,
          "private": "eyJlMmJmYjczMC1lY2FhLTExZTYtOGY4OC0zNDM2M2JjN2M0YzAiOnsiY3JlYXRlIjoxMjAwMDAwMDAwMDAwLCJkZWxldGUiOjEyMDAwMDAwMDAwMDAsInVwZGF0ZSI6MTIwMDAwMDAwMDAwMH19",
          "dependencies": [
            "google_project_service.cloudtasks"
          ]
        }
      ]
    },
    {
      "mode": "managed",
      "type": "google_cloud_tasks_queue",
      "name": "booking_completion",
      "provider": "provider[\"registry.terraform.io/hashicorp/google\"]",
      "instances": [
        {
          "schema_version": 0,
          "attributes": {
            "app_engine_routing_override": [],
            "desired_state": "RUNNING",
            "http_target": [],
            "id": "projects/gen-lang-client-0265949535/locations/europe-west2/queues/booking-completion-queue",
            "location": "europe-west2",
            "name": "booking-completion-queue",
            "project": "gen-lang-client-0265949535",
            "rate_limits": [
              {
                "max_burst_size": 10,
                "max_concurrent_dispatches": 5,
                "max_dispatches_per_second": 10
              }
            ],
            "retry_config": [
              {
                "max_attempts": 3,
                "max_backoff": "60s",
                "max_doublings": 2,
                "max_retry_duration": "300s",
                "min_backoff": "5s"
              }
            ],
            "stackdriver_logging_config": [],
            "state": "RUNNING",
            "timeouts": null
          },
          "sensitive_attributes": [],
          "identity_schema_version": 0,
          "private": "eyJlMmJmYjczMC1lY2FhLTExZTYtOGY4OC0zNDM2M2JjN2M0YzAiOnsiY3JlYXRlIjoxMjAwMDAwMDAwMDAwLCJkZWxldGUiOjEyMDAwMDAwMDAwMDAsInVwZGF0ZSI6MTIwMDAwMDAwMDAwMH19",
          "dependencies": [
            "google_project_service.cloudtasks"
          ]
        }
      ]
    },
    {
      "mode": "managed",
      "type": "google_cloud_tasks_queue",
      "name": "booking_expiry",
      "provider": "provider[\"registry.terraform.io/hashicorp/google\"]",
      "instances": [
        {
          "schema_version": 0,
          "attributes": {
            "app_engine_routing_override": [],
            "desired_state": "RUNNING",
            "http_target": [],
            "id": "projects/gen-lang-client-0265949535/locations/europe-west2/queues/booking-expiry-queue",
            "location": "europe-west2",
            "name": "booking-expiry-queue",
            "project": "gen-lang-client-0265949535",
            "rate_limits": [
              {
                "max_burst_size": 10,
                "max_concurrent_dispatches": 5,
                "max_dispatches_per_second": 10
              }
            ],
            "retry_config": [
              {
                "max_attempts": 3,
                "max_backoff": "60s",
                "max_doublings": 2,
                "max_retry_duration": "300s",
                "min_backoff": "5s"
              }
            ],
            "stackdriver_logging_config": [],
            "state": "RUNNING",
            "timeouts": null
          },
          "sensitive_attributes": [],
          "identity_schema_version": 0,
          "private": "eyJlMmJmYjczMC1lY2FhLTExZTYtOGY4OC0zNDM2M2JjN2M0YzAiOnsiY3JlYXRlIjoxMjAwMDAwMDAwMDAwLCJkZWxldGUiOjEyMDAwMDAwMDAwMDAsInVwZGF0ZSI6MTIwMDAwMDAwMDAwMH19",
          "dependencies": [
            "google_project_service.cloudtasks"
          ]
        }
      ]
    },
    {
      "mode": "managed",
      "type": "google_cloud_tasks_queue",
      "name": "booking_refund",
      "provider": "provider[\"registry.terraform.io/hashicorp/google\"]",
      "instances": [
        {
          "schema_version": 0,
          "attributes": {
            "app_engine_routing_override": [],
            "desired_state": "RUNNING",
            "http_target": [],
            "id": "projects/gen-lang-client-0265949535/locations/europe-west2/queues/booking-refund-queue",
            "location": "europe-west2",
            "name": "booking-refund-queue",
            "project": "gen-lang-client-0265949535",
            "rate_limits": [
              {
                "max_burst_size": 10,
                "max_concurrent_dispatches": 3,
                "max_dispatches_per_second": 5
              }
            ],
            "retry_config": [
              {
                "max_attempts": 5,
                "max_backoff": "300s",
                "max_doublings": 4,
                "max_retry_duration": "3600s",
                "min_backoff": "10s"
              }
            ],
            "stackdriver_logging_config": [],
            "state": "RUNNING",
            "timeouts": null
          },
          "sensitive_attributes": [],
          "identity_schema_version": 0,
          "private": "eyJlMmJmYjczMC1lY2FhLTExZTYtOGY4OC0zNDM2M2JjN2M0YzAiOnsiY3JlYXRlIjoxMjAwMDAwMDAwMDAwLCJkZWxldGUiOjEyMDAwMDAwMDAwMDAsInVwZGF0ZSI6MTIwMDAwMDAwMDAwMH19",
          "dependencies": [
            "google_project_service.cloudtasks"
          ]
        }
      ]
    },
    {
      "mode": "managed",
      "type": "google_cloud_tasks_queue",
      "name": "email",
      "provider": "provider[\"registry.terraform.io/hashicorp/google\"]",
      "instances": [
        {
          "schema_version": 0,
          "attributes": {
            "app_engine_routing_override": [],
            "desired_state": "RUNNING",
            "http_target": [],
            "id": "projects/gen-lang-client-0265949535/locations/europe-west2/queues/email-queue",
            "location": "europe-west2",
            "name": "email-queue",
            "project": "gen-lang-client-0265949535",
            "rate_limits": [
              {
                "max_burst_size": 10,
                "max_concurrent_dispatches": 5,
                "max_dispatches_per_second": 10
              }
            ],
            "retry_config": [
              {
                "max_attempts": 5,
                "max_backoff": "300s",
                "max_doublings": 5,
                "max_retry_duration": "3600s",
                "min_backoff": "5s"
              }
            ],
            "stackdriver_logging_config": [],
            "state": "RUNNING",
            "timeouts": null
          },
          "sensitive_attributes": [],
          "identity_schema_version": 0,
          "private": "eyJlMmJmYjczMC1lY2FhLTExZTYtOGY4OC0zNDM2M2JjN2M0YzAiOnsiY3JlYXRlIjoxMjAwMDAwMDAwMDAwLCJkZWxldGUiOjEyMDAwMDAwMDAwMDAsInVwZGF0ZSI6MTIwMDAwMDAwMDAwMH19",
          "dependencies": [
            "google_project_service.cloudtasks"
          ]
        }
      ]
    },
    {
      "mode": "managed",
      "type": "google_cloud_tasks_queue",
      "name": "media_cleanup",
      "provider": "provider[\"registry.terraform.io/hashicorp/google\"]",
      "instances": [
        {
          "schema_version": 0,
          "attributes": {
            "app_engine_routing_override": [],
            "desired_state": "RUNNING",
            "http_target": [],
            "id": "projects/gen-lang-client-0265949535/locations/europe-west2/queues/media-cleanup-queue",
            "location": "europe-west2",
            "name": "media-cleanup-queue",
            "project": "gen-lang-client-0265949535",
            "rate_limits": [
              {
                "max_burst_size": 10,
                "max_concurrent_dispatches": 5,
                "max_dispatches_per_second": 10
              }
            ],
            "retry_config": [
              {
                "max_attempts": 3,
                "max_backoff": "60s",
                "max_doublings": 2,
                "max_retry_duration": "300s",
                "min_backoff": "5s"
              }
            ],
            "stackdriver_logging_config": [],
            "state": "RUNNING",
            "timeouts": null
          },
          "sensitive_attributes": [],
          "identity_schema_version": 0,
          "private": "eyJlMmJmYjczMC1lY2FhLTExZTYtOGY4OC0zNDM2M2JjN2M0YzAiOnsiY3JlYXRlIjoxMjAwMDAwMDAwMDAwLCJkZWxldGUiOjEyMDAwMDAwMDAwMDAsInVwZGF0ZSI6MTIwMDAwMDAwMDAwMH19",
          "dependencies": [
            "google_project_service.cloudtasks"
          ]
        }
      ]
    },
    {
      "mode": "managed",
      "type": "google_cloud_tasks_queue",
      "name": "media_thumbnail",
      "provider": "provider[\"registry.terraform.io/hashicorp/google\"]",
      "instances": [
        {
          "schema_version": 0,
          "attributes": {
            "app_engine_routing_override": [],
            "desired_state": "RUNNING",
            "http_target": [],
            "id": "projects/gen-lang-client-0265949535/locations/europe-west2/queues/media-thumbnail-queue",
            "location": "europe-west2",
            "name": "media-thumbnail-queue",
            "project": "gen-lang-client-0265949535",
            "rate_limits": [
              {
                "max_burst_size": 10,
                "max_concurrent_dispatches": 10,
                "max_dispatches_per_second": 20
              }
            ],
            "retry_config": [
              {
                "max_attempts": 3,
                "max_backoff": "60s",
                "max_doublings": 3,
                "max_retry_duration": "600s",
                "min_backoff": "5s"
              }
            ],
            "stackdriver_logging_config": [],
            "state": "RUNNING",
            "timeouts": null
          },
          "sensitive_attributes": [],
          "identity_schema_version": 0,
          "private": "eyJlMmJmYjczMC1lY2FhLTExZTYtOGY4OC0zNDM2M2JjN2M0YzAiOnsiY3JlYXRlIjoxMjAwMDAwMDAwMDAwLCJkZWxldGUiOjEyMDAwMDAwMDAwMDAsInVwZGF0ZSI6MTIwMDAwMDAwMDAwMH19",
          "dependencies": [
            "google_project_service.cloudtasks"
          ]
        }
      ]
    },
    {
      "mode": "managed",
      "type": "google_cloud_tasks_queue",
      "name": "payment_webhook",
      "provider": "provider[\"registry.terraform.io/hashicorp/google\"]",
      "instances": [
        {
          "schema_version": 0,
          "attributes": {
            "app_engine_routing_override": [],
            "desired_state": "RUNNING",
            "http_target": [],
            "id": "projects/gen-lang-client-0265949535/locations/europe-west2/queues/payment-webhook-queue",
            "location": "europe-west2",
            "name": "payment-webhook-queue",
            "project": "gen-lang-client-0265949535",
            "rate_limits": [
              {
                "max_burst_size": 10,
                "max_concurrent_dispatches": 10,
                "max_dispatches_per_second": 20
              }
            ],
            "retry_config": [
              {
                "max_attempts": 5,
                "max_backoff": "300s",
                "max_doublings": 4,
                "max_retry_duration": "3600s",
                "min_backoff": "10s"
              }
            ],
            "stackdriver_logging_config": [],
            "state": "RUNNING",
            "timeouts": null
          },
          "sensitive_attributes": [],
          "identity_schema_version": 0,
          "private": "eyJlMmJmYjczMC1lY2FhLTExZTYtOGY4OC0zNDM2M2JjN2M0YzAiOnsiY3JlYXRlIjoxMjAwMDAwMDAwMDAwLCJkZWxldGUiOjEyMDAwMDAwMDAwMDAsInVwZGF0ZSI6MTIwMDAwMDAwMDAwMH19",
          "dependencies": [
            "google_project_service.cloudtasks"
          ]
        }
      ]
    },
    {
      "mode": "managed",
      "type": "google_cloud_tasks_queue",
      "name": "payout_process",
      "provider": "provider[\"registry.terraform.io/hashicorp/google\"]",
      "instances": [
        {
          "schema_version": 0,
          "attributes": {
            "app_engine_routing_override": [],
            "desired_state": "RUNNING",
            "http_target": [],
            "id": "projects/gen-lang-client-0265949535/locations/europe-west2/queues/payout-process-queue",
            "location": "europe-west2",
            "name": "payout-process-queue",
            "project": "gen-lang-client-0265949535",
            "rate_limits": [
              {
                "max_burst_size": 10,
                "max_concurrent_dispatches": 2,
                "max_dispatches_per_second": 5
              }
            ],
            "retry_config": [
              {
                "max_attempts": 3,
                "max_backoff": "600s",
                "max_doublings": 3,
                "max_retry_duration": "1800s",
                "min_backoff": "30s"
              }
            ],
            "stackdriver_logging_config": [],
            "state": "RUNNING",
            "timeouts": null
          },
          "sensitive_attributes": [],
          "identity_schema_version": 0,
          "private": "eyJlMmJmYjczMC1lY2FhLTExZTYtOGY4OC0zNDM2M2JjN2M0YzAiOnsiY3JlYXRlIjoxMjAwMDAwMDAwMDAwLCJkZWxldGUiOjEyMDAwMDAwMDAwMDAsInVwZGF0ZSI6MTIwMDAwMDAwMDAwMH19",
          "dependencies": [
            "google_project_service.cloudtasks"
          ]
        }
      ]
    },
    {
      "mode": "managed",
      "type": "google_cloud_tasks_queue",
      "name": "payout_retry",
      "provider": "provider[\"registry.terraform.io/hashicorp/google\"]",
      "instances": [
        {
          "schema_version": 0,
          "attributes": {
            "app_engine_routing_override": [],
            "desired_state": "RUNNING",
            "http_target": [],
            "id": "projects/gen-lang-client-0265949535/locations/europe-west2/queues/payout-retry-queue",
            "location": "europe-west2",
            "name": "payout-retry-queue",
            "project": "gen-lang-client-0265949535",
            "rate_limits": [
              {
                "max_burst_size": 10,
                "max_concurrent_dispatches": 2,
                "max_dispatches_per_second": 5
              }
            ],
            "retry_config": [
              {
                "max_attempts": 3,
                "max_backoff": "600s",
                "max_doublings": 3,
                "max_retry_duration": "1800s",
                "min_backoff": "30s"
              }
            ],
            "stackdriver_logging_config": [],
            "state": "RUNNING",
            "timeouts": null
          },
          "sensitive_attributes": [],
          "identity_schema_version": 0,
          "private": "eyJlMmJmYjczMC1lY2FhLTExZTYtOGY4OC0zNDM2M2JjN2M0YzAiOnsiY3JlYXRlIjoxMjAwMDAwMDAwMDAwLCJkZWxldGUiOjEyMDAwMDAwMDAwMDAsInVwZGF0ZSI6MTIwMDAwMDAwMDAwMH19",
          "dependencies": [
            "google_project_service.cloudtasks"
          ]
        }
      ]
    },
    {
      "mode": "managed",
      "type": "google_project_iam_member",
      "name": "api_cloudsql",
      "provider": "provider[\"registry.terraform.io/hashicorp/google\"]",
      "instances": [
        {
          "schema_version": 0,
          "attributes": {
            "condition": [],
            "etag": "BwZHKwgOycA=",
            "id": "gen-lang-client-0265949535/roles/cloudsql.client/serviceAccount:hauslet-api-sa@gen-lang-client-0265949535.iam.gserviceaccount.com",
            "member": "serviceAccount:hauslet-api-sa@gen-lang-client-0265949535.iam.gserviceaccount.com",
            "project": "gen-lang-client-0265949535",
            "role": "roles/cloudsql.client"
          },
          "sensitive_attributes": [],
          "identity_schema_version": 0,
          "private": "bnVsbA==",
          "dependencies": [
            "google_service_account.api"
          ]
        }
      ]
    },
    {
      "mode": "managed",
      "type": "google_project_iam_member",
      "name": "api_cloudtasks",
      "provider": "provider[\"registry.terraform.io/hashicorp/google\"]",
      "instances": [
        {
          "schema_version": 0,
          "attributes": {
            "condition": [],
            "etag": "BwZHKwgOycA=",
            "id": "gen-lang-client-0265949535/roles/cloudtasks.enqueuer/serviceAccount:hauslet-api-sa@gen-lang-client-0265949535.iam.gserviceaccount.com",
            "member": "serviceAccount:hauslet-api-sa@gen-lang-client-0265949535.iam.gserviceaccount.com",
            "project": "gen-lang-client-0265949535",
            "role": "roles/cloudtasks.enqueuer"
          },
          "sensitive_attributes": [],
          "identity_schema_version": 0,
          "private": "bnVsbA==",
          "dependencies": [
            "google_service_account.api"
          ]
        }
      ]
    },
    {
      "mode": "managed",
      "type": "google_project_iam_member",
      "name": "api_secretmanager",
      "provider": "provider[\"registry.terraform.io/hashicorp/google\"]",
      "instances": [
        {
          "schema_version": 0,
          "attributes": {
            "condition": [],
            "etag": "BwZHKwgOycA=",
            "id": "gen-lang-client-0265949535/roles/secretmanager.secretAccessor/serviceAccount:hauslet-api-sa@gen-lang-client-0265949535.iam.gserviceaccount.com",
            "member": "serviceAccount:hauslet-api-sa@gen-lang-client-0265949535.iam.gserviceaccount.com",
            "project": "gen-lang-client-0265949535",
            "role": "roles/secretmanager.secretAccessor"
          },
          "sensitive_attributes": [],
          "identity_schema_version": 0,
          "private": "bnVsbA==",
          "dependencies": [
            "google_service_account.api"
          ]
        }
      ]
    },
    {
      "mode": "managed",
      "type": "google_project_iam_member",
      "name": "api_storage",
      "provider": "provider[\"registry.terraform.io/hashicorp/google\"]",
      "instances": [
        {
          "schema_version": 0,
          "attributes": {
            "condition": [],
            "etag": "BwZHKwgOycA=",
            "id": "gen-lang-client-0265949535/roles/storage.objectAdmin/serviceAccount:hauslet-api-sa@gen-lang-client-0265949535.iam.gserviceaccount.com",
            "member": "serviceAccount:hauslet-api-sa@gen-lang-client-0265949535.iam.gserviceaccount.com",
            "project": "gen-lang-client-0265949535",
            "role": "roles/storage.objectAdmin"
          },
          "sensitive_attributes": [],
          "identity_schema_version": 0,
          "private": "bnVsbA==",
          "dependencies": [
            "google_service_account.api"
          ]
        }
      ]
    },
    {
      "mode": "managed",
      "type": "google_project_iam_member",
      "name": "cloudbuild_run_admin",
      "provider": "provider[\"registry.terraform.io/hashicorp/google\"]",
      "instances": [
        {
          "schema_version": 0,
          "attributes": {
            "condition": [],
            "etag": "BwZHKwgOycA=",
            "id": "gen-lang-client-0265949535/roles/run.admin/serviceAccount:697692991732@cloudbuild.gserviceaccount.com",
            "member": "serviceAccount:697692991732@cloudbuild.gserviceaccount.com",
            "project": "gen-lang-client-0265949535",
            "role": "roles/run.admin"
          },
          "sensitive_attributes": [],
          "identity_schema_version": 0,
          "private": "bnVsbA==",
          "dependencies": [
            "data.google_project.project"
          ]
        }
      ]
    },
    {
      "mode": "managed",
      "type": "google_project_iam_member",
      "name": "worker_cloudsql",
      "provider": "provider[\"registry.terraform.io/hashicorp/google\"]",
      "instances": [
        {
          "schema_version": 0,
          "attributes": {
            "condition": [],
            "etag": "BwZHKwgOycA=",
            "id": "gen-lang-client-0265949535/roles/cloudsql.client/serviceAccount:hauslet-worker-sa@gen-lang-client-0265949535.iam.gserviceaccount.com",
            "member": "serviceAccount:hauslet-worker-sa@gen-lang-client-0265949535.iam.gserviceaccount.com",
            "project": "gen-lang-client-0265949535",
            "role": "roles/cloudsql.client"
          },
          "sensitive_attributes": [],
          "identity_schema_version": 0,
          "private": "bnVsbA==",
          "dependencies": [
            "google_service_account.worker"
          ]
        }
      ]
    },
    {
      "mode": "managed",
      "type": "google_project_iam_member",
      "name": "worker_secretmanager",
      "provider": "provider[\"registry.terraform.io/hashicorp/google\"]",
      "instances": [
        {
          "schema_version": 0,
          "attributes": {
            "condition": [],
            "etag": "BwZHKwgOycA=",
            "id": "gen-lang-client-0265949535/roles/secretmanager.secretAccessor/serviceAccount:hauslet-worker-sa@gen-lang-client-0265949535.iam.gserviceaccount.com",
            "member": "serviceAccount:hauslet-worker-sa@gen-lang-client-0265949535.iam.gserviceaccount.com",
            "project": "gen-lang-client-0265949535",
            "role": "roles/secretmanager.secretAccessor"
          },
          "sensitive_attributes": [],
          "identity_schema_version": 0,
          "private": "bnVsbA==",
          "dependencies": [
            "google_service_account.worker"
          ]
        }
      ]
    },
    {
      "mode": "managed",
      "type": "google_project_iam_member",
      "name": "worker_storage",
      "provider": "provider[\"registry.terraform.io/hashicorp/google\"]",
      "instances": [
        {
          "schema_version": 0,
          "attributes": {
            "condition": [],
            "etag": "BwZHKwgOycA=",
            "id": "gen-lang-client-0265949535/roles/storage.objectAdmin/serviceAccount:hauslet-worker-sa@gen-lang-client-0265949535.iam.gserviceaccount.com",
            "member": "serviceAccount:hauslet-worker-sa@gen-lang-client-0265949535.iam.gserviceaccount.com",
            "project": "gen-lang-client-0265949535",
            "role": "roles/storage.objectAdmin"
          },
          "sensitive_attributes": [],
          "identity_schema_version": 0,
          "private": "bnVsbA==",
          "dependencies": [
            "google_service_account.worker"
          ]
        }
      ]
    },
    {
      "mode": "managed",
      "type": "google_project_service",
      "name": "artifactregistry",
      "provider": "provider[\"registry.terraform.io/hashicorp/google\"]",
      "instances": [
        {
          "schema_version": 0,
          "attributes": {
            "disable_dependent_services": null,
            "disable_on_destroy": false,
            "id": "gen-lang-client-0265949535/artifactregistry.googleapis.com",
            "project": "gen-lang-client-0265949535",
            "service": "artifactregistry.googleapis.com",
            "timeouts": null
          },
          "sensitive_attributes": [],
          "identity_schema_version": 0,
          "private": "eyJlMmJmYjczMC1lY2FhLTExZTYtOGY4OC0zNDM2M2JjN2M0YzAiOnsiY3JlYXRlIjoxMjAwMDAwMDAwMDAwLCJkZWxldGUiOjEyMDAwMDAwMDAwMDAsInJlYWQiOjYwMDAwMDAwMDAwMCwidXBkYXRlIjoxMjAwMDAwMDAwMDAwfX0="
        }
      ]
    },
    {
      "mode": "managed",
      "type": "google_project_service",
      "name": "cloudbuild",
      "provider": "provider[\"registry.terraform.io/hashicorp/google\"]",
      "instances": [
        {
          "schema_version": 0,
          "attributes": {
            "disable_dependent_services": null,
            "disable_on_destroy": false,
            "id": "gen-lang-client-0265949535/cloudbuild.googleapis.com",
            "project": "gen-lang-client-0265949535",
            "service": "cloudbuild.googleapis.com",
            "timeouts": null
          },
          "sensitive_attributes": [],
          "identity_schema_version": 0,
          "private": "eyJlMmJmYjczMC1lY2FhLTExZTYtOGY4OC0zNDM2M2JjN2M0YzAiOnsiY3JlYXRlIjoxMjAwMDAwMDAwMDAwLCJkZWxldGUiOjEyMDAwMDAwMDAwMDAsInJlYWQiOjYwMDAwMDAwMDAwMCwidXBkYXRlIjoxMjAwMDAwMDAwMDAwfX0="
        }
      ]
    },
    {
      "mode": "managed",
      "type": "google_project_service",
      "name": "cloudscheduler",
      "provider": "provider[\"registry.terraform.io/hashicorp/google\"]",
      "instances": [
        {
          "schema_version": 0,
          "attributes": {
            "disable_dependent_services": null,
            "disable_on_destroy": false,
            "id": "gen-lang-client-0265949535/cloudscheduler.googleapis.com",
            "project": "gen-lang-client-0265949535",
            "service": "cloudscheduler.googleapis.com",
            "timeouts": null
          },
          "sensitive_attributes": [],
          "identity_schema_version": 0,
          "private": "eyJlMmJmYjczMC1lY2FhLTExZTYtOGY4OC0zNDM2M2JjN2M0YzAiOnsiY3JlYXRlIjoxMjAwMDAwMDAwMDAwLCJkZWxldGUiOjEyMDAwMDAwMDAwMDAsInJlYWQiOjYwMDAwMDAwMDAwMCwidXBkYXRlIjoxMjAwMDAwMDAwMDAwfX0="
        }
      ]
    },
    {
      "mode": "managed",
      "type": "google_project_service",
      "name": "cloudtasks",
      "provider": "provider[\"registry.terraform.io/hashicorp/google\"]",
      "instances": [
        {
          "schema_version": 0,
          "attributes": {
            "disable_dependent_services": null,
            "disable_on_destroy": false,
            "id": "gen-lang-client-0265949535/cloudtasks.googleapis.com",
            "project": "gen-lang-client-0265949535",
            "service": "cloudtasks.googleapis.com",
            "timeouts": null
          },
          "sensitive_attributes": [],
          "identity_schema_version": 0,
          "private": "eyJlMmJmYjczMC1lY2FhLTExZTYtOGY4OC0zNDM2M2JjN2M0YzAiOnsiY3JlYXRlIjoxMjAwMDAwMDAwMDAwLCJkZWxldGUiOjEyMDAwMDAwMDAwMDAsInJlYWQiOjYwMDAwMDAwMDAwMCwidXBkYXRlIjoxMjAwMDAwMDAwMDAwfX0="
        }
      ]
    },
    {
      "mode": "managed",
      "type": "google_project_service",
      "name": "run",
      "provider": "provider[\"registry.terraform.io/hashicorp/google\"]",
      "instances": [
        {
          "schema_version": 0,
          "attributes": {
            "disable_dependent_services": null,
            "disable_on_destroy": false,
            "id": "gen-lang-client-0265949535/run.googleapis.com",
            "project": "gen-lang-client-0265949535",
            "service": "run.googleapis.com",
            "timeouts": null
          },
          "sensitive_attributes": [],
          "identity_schema_version": 0,
          "private": "eyJlMmJmYjczMC1lY2FhLTExZTYtOGY4OC0zNDM2M2JjN2M0YzAiOnsiY3JlYXRlIjoxMjAwMDAwMDAwMDAwLCJkZWxldGUiOjEyMDAwMDAwMDAwMDAsInJlYWQiOjYwMDAwMDAwMDAwMCwidXBkYXRlIjoxMjAwMDAwMDAwMDAwfX0="
        }
      ]
    },
    {
      "mode": "managed",
      "type": "google_service_account",
      "name": "api",
      "provider": "provider[\"registry.terraform.io/hashicorp/google\"]",
      "instances": [
        {
          "schema_version": 0,
          "attributes": {
            "account_id": "hauslet-api-sa",
            "create_ignore_already_exists": null,
            "description": "Service account for Hauslet API Cloud Run service",
            "disabled": false,
            "display_name": "Hauslet API Service Account",
            "email": "hauslet-api-sa@gen-lang-client-0265949535.iam.gserviceaccount.com",
            "id": "projects/gen-lang-client-0265949535/serviceAccounts/hauslet-api-sa@gen-lang-client-0265949535.iam.gserviceaccount.com",
            "member": "serviceAccount:hauslet-api-sa@gen-lang-client-0265949535.iam.gserviceaccount.com",
            "name": "projects/gen-lang-client-0265949535/serviceAccounts/hauslet-api-sa@gen-lang-client-0265949535.iam.gserviceaccount.com",
            "project": "gen-lang-client-0265949535",
            "timeouts": null,
            "unique_id": "107011107894297172629"
          },
          "sensitive_attributes": [],
          "identity_schema_version": 0,
          "private": "eyJlMmJmYjczMC1lY2FhLTExZTYtOGY4OC0zNDM2M2JjN2M0YzAiOnsiY3JlYXRlIjozMDAwMDAwMDAwMDB9LCJzY2hlbWFfdmVyc2lvbiI6IjAifQ=="
        }
      ]
    },
    {
      "mode": "managed",
      "type": "google_service_account",
      "name": "api_staging",
      "provider": "provider[\"registry.terraform.io/hashicorp/google\"]",
      "instances": [
        {
          "schema_version": 0,
          "attributes": {
            "account_id": "hauslet-api-staging-sa",
            "create_ignore_already_exists": null,
            "description": "Service account for Hauslet API staging environment",
            "disabled": false,
            "display_name": "Hauslet API Staging Service Account",
            "email": "hauslet-api-staging-sa@gen-lang-client-0265949535.iam.gserviceaccount.com",
            "id": "projects/gen-lang-client-0265949535/serviceAccounts/hauslet-api-staging-sa@gen-lang-client-0265949535.iam.gserviceaccount.com",
            "member": "serviceAccount:hauslet-api-staging-sa@gen-lang-client-0265949535.iam.gserviceaccount.com",
            "name": "projects/gen-lang-client-0265949535/serviceAccounts/hauslet-api-staging-sa@gen-lang-client-0265949535.iam.gserviceaccount.com",
            "project": "gen-lang-client-0265949535",
            "timeouts": null,
            "unique_id": "103046041749281477838"
          },
          "sensitive_attributes": [],
          "identity_schema_version": 0,
          "private": "eyJlMmJmYjczMC1lY2FhLTExZTYtOGY4OC0zNDM2M2JjN2M0YzAiOnsiY3JlYXRlIjozMDAwMDAwMDAwMDB9fQ=="
        }
      ]
    },
    {
      "mode": "managed",
      "type": "google_service_account",
      "name": "worker",
      "provider": "provider[\"registry.terraform.io/hashicorp/google\"]",
      "instances": [
        {
          "schema_version": 0,
          "attributes": {
            "account_id": "hauslet-worker-sa",
            "create_ignore_already_exists": null,
            "description": "Service account for Hauslet Worker Cloud Run service",
            "disabled": false,
            "display_name": "Hauslet Worker Service Account",
            "email": "hauslet-worker-sa@gen-lang-client-0265949535.iam.gserviceaccount.com",
            "id": "projects/gen-lang-client-0265949535/serviceAccounts/hauslet-worker-sa@gen-lang-client-0265949535.iam.gserviceaccount.com",
            "member": "serviceAccount:hauslet-worker-sa@gen-lang-client-0265949535.iam.gserviceaccount.com",
            "name": "projects/gen-lang-client-0265949535/serviceAccounts/hauslet-worker-sa@gen-lang-client-0265949535.iam.gserviceaccount.com",
            "project": "gen-lang-client-0265949535",
            "timeouts": null,
            "unique_id": "101214392756406509265"
          },
          "sensitive_attributes": [],
          "identity_schema_version": 0,
          "private": "eyJlMmJmYjczMC1lY2FhLTExZTYtOGY4OC0zNDM2M2JjN2M0YzAiOnsiY3JlYXRlIjozMDAwMDAwMDAwMDB9LCJzY2hlbWFfdmVyc2lvbiI6IjAifQ=="
        }
      ]
    },
    {
      "mode": "managed",
      "type": "google_service_account",
      "name": "worker_staging",
      "provider": "provider[\"registry.terraform.io/hashicorp/google\"]",
      "instances": [
        {
          "schema_version": 0,
          "attributes": {
            "account_id": "hauslet-worker-staging-sa",
            "create_ignore_already_exists": null,
            "description": "Service account for Hauslet Worker staging environment",
            "disabled": false,
            "display_name": "Hauslet Worker Staging Service Account",
            "email": "hauslet-worker-staging-sa@gen-lang-client-0265949535.iam.gserviceaccount.com",
            "id": "projects/gen-lang-client-0265949535/serviceAccounts/hauslet-worker-staging-sa@gen-lang-client-0265949535.iam.gserviceaccount.com",
            "member": "serviceAccount:hauslet-worker-staging-sa@gen-lang-client-0265949535.iam.gserviceaccount.com",
            "name": "projects/gen-lang-client-0265949535/serviceAccounts/hauslet-worker-staging-sa@gen-lang-client-0265949535.iam.gserviceaccount.com",
            "project": "gen-lang-client-0265949535",
            "timeouts": null,
            "unique_id": "113162063327020784180"
          },
          "sensitive_attributes": [],
          "identity_schema_version": 0,
          "private": "eyJlMmJmYjczMC1lY2FhLTExZTYtOGY4OC0zNDM2M2JjN2M0YzAiOnsiY3JlYXRlIjozMDAwMDAwMDAwMDB9fQ=="
        }
      ]
    },
    {
      "mode": "managed",
      "type": "google_service_account_iam_member",
      "name": "cloudbuild_api_sa",
      "provider": "provider[\"registry.terraform.io/hashicorp/google\"]",
      "instances": [
        {
          "schema_version": 0,
          "attributes": {
            "condition": [],
            "etag": "BwZHKeHKQIc=",
            "id": "projects/gen-lang-client-0265949535/serviceAccounts/hauslet-api-sa@gen-lang-client-0265949535.iam.gserviceaccount.com/roles/iam.serviceAccountUser/serviceAccount:697692991732@cloudbuild.gserviceaccount.com",
            "member": "serviceAccount:697692991732@cloudbuild.gserviceaccount.com",
            "role": "roles/iam.serviceAccountUser",
            "service_account_id": "projects/gen-lang-client-0265949535/serviceAccounts/hauslet-api-sa@gen-lang-client-0265949535.iam.gserviceaccount.com"
          },
          "sensitive_attributes": [],
          "identity_schema_version": 0,
          "private": "bnVsbA==",
          "dependencies": [
            "data.google_project.project",
            "google_service_account.api"
          ]
        }
      ]
    },
    {
      "mode": "managed",
      "type": "google_service_account_iam_member",
      "name": "cloudbuild_worker_sa",
      "provider": "provider[\"registry.terraform.io/hashicorp/google\"]",
      "instances": [
        {
          "schema_version": 0,
          "attributes": {
            "condition": [],
            "etag": "BwZHKeHLl2U=",
            "id": "projects/gen-lang-client-0265949535/serviceAccounts/hauslet-worker-sa@gen-lang-client-0265949535.iam.gserviceaccount.com/roles/iam.serviceAccountUser/serviceAccount:697692991732@cloudbuild.gserviceaccount.com",
            "member": "serviceAccount:697692991732@cloudbuild.gserviceaccount.com",
            "role": "roles/iam.serviceAccountUser",
            "service_account_id": "projects/gen-lang-client-0265949535/serviceAccounts/hauslet-worker-sa@gen-lang-client-0265949535.iam.gserviceaccount.com"
          },
          "sensitive_attributes": [],
          "identity_schema_version": 0,
          "private": "bnVsbA==",
          "dependencies": [
            "data.google_project.project",
            "google_service_account.worker"
          ]
        }
      ]
    },
    {
      "mode": "managed",
      "type": "google_storage_bucket",
      "name": "build_artifacts",
      "provider": "provider[\"registry.terraform.io/hashicorp/google\"]",
      "instances": [
        {
          "schema_version": 4,
          "attributes": {
            "autoclass": [],
            "cors": [],
            "custom_placement_config": [],
            "default_event_based_hold": false,
            "effective_labels": {
              "goog-terraform-provisioned": "true"
            },
            "enable_object_retention": false,
            "encryption": [],
            "force_destroy": false,
            "hierarchical_namespace": [
              {
                "enabled": false
              }
            ],
            "id": "gen-lang-client-0265949535-build-artifacts",
            "ip_filter": [],
            "labels": {},
            "lifecycle_rule": [
              {
                "action": [
                  {
                    "storage_class": "",
                    "type": "Delete"
                  }
                ],
                "condition": [
                  {
                    "age": 90,
                    "created_before": "",
                    "custom_time_before": "",
                    "days_since_custom_time": 0,
                    "days_since_noncurrent_time": 0,
                    "matches_prefix": [],
                    "matches_storage_class": [],
                    "matches_suffix": [],
                    "noncurrent_time_before": "",
                    "num_newer_versions": 0,
                    "send_age_if_zero": false,
                    "send_days_since_custom_time_if_zero": false,
                    "send_days_since_noncurrent_time_if_zero": false,
                    "send_num_newer_versions_if_zero": false,
                    "with_state": "ANY"
                  }
                ]
              }
            ],
            "location": "EUROPE-NORTH1",
            "logging": [],
            "name": "gen-lang-client-0265949535-build-artifacts",
            "project": "gen-lang-client-0265949535",
            "project_number": 697692991732,
            "public_access_prevention": "inherited",
            "requester_pays": false,
            "retention_policy": [],
            "rpo": null,
            "self_link": "https://www.googleapis.com/storage/v1/b/gen-lang-client-0265949535-build-artifacts",
            "soft_delete_policy": [
              {
                "effective_time": "2025-12-28T11:30:40.371Z",
                "retention_duration_seconds": 604800
              }
            ],
            "storage_class": "STANDARD",
            "terraform_labels": {
              "goog-terraform-provisioned": "true"
            },
            "time_created": "2025-12-28T11:30:40.371Z",
            "timeouts": null,
            "uniform_bucket_level_access": true,
            "updated": "2025-12-28T11:30:40.371Z",
            "url": "gs://gen-lang-client-0265949535-build-artifacts",
            "versioning": [
              {
                "enabled": false
              }
            ],
            "website": []
          },
          "sensitive_attributes": [],
          "identity_schema_version": 0,
          "private": "eyJlMmJmYjczMC1lY2FhLTExZTYtOGY4OC0zNDM2M2JjN2M0YzAiOnsiY3JlYXRlIjo2MDAwMDAwMDAwMDAsInJlYWQiOjI0MDAwMDAwMDAwMCwidXBkYXRlIjoyNDAwMDAwMDAwMDB9LCJzY2hlbWFfdmVyc2lvbiI6IjQifQ=="
        }
      ]
    }
  ],
  "check_results": null
}
